{
  "version": 4,
  "terraform_version": "1.0.10",
  "serial": 1569,
  "lineage": "ca58efb8-bfb2-bcb4-0cc0-fbadae096c2f",
  "outputs": {
    "alb_hostname": {
      "value": "vb-poc-gateway-609834297.us-east-1.elb.amazonaws.com",
      "type": "string"
    },
    "bastion_public_ip": {
      "value": "54.226.9.31",
      "type": "string"
    }
  },
  "resources": [
    {
      "mode": "data",
      "type": "archive_file",
      "name": "backend_cert_lambda_zip",
      "provider": "provider[\"registry.terraform.io/hashicorp/archive\"]",
      "instances": [
        {
          "schema_version": 0,
          "attributes": {
            "excludes": null,
            "id": "0b86f8f324efb710ce747a85b1da6c7e8651b4f1",
            "output_base64sha256": "YwtSk5zSyu5cijRIoVYDHA0xallol7eFWim3ZkfF3rk=",
            "output_file_mode": null,
            "output_md5": "5ae81a46e71ea7efb121634692a251e4",
            "output_path": "lambda.zip",
            "output_sha": "0b86f8f324efb710ce747a85b1da6c7e8651b4f1",
            "output_size": 707,
            "source": [],
            "source_content": null,
            "source_content_filename": null,
            "source_dir": null,
            "source_file": "lambda.py",
            "type": "zip"
          },
          "sensitive_attributes": []
        }
      ]
    },
    {
      "mode": "data",
      "type": "archive_file",
      "name": "frontend_cert_lambda_zip",
      "provider": "provider[\"registry.terraform.io/hashicorp/archive\"]",
      "instances": [
        {
          "schema_version": 0,
          "attributes": {
            "excludes": null,
            "id": "0b86f8f324efb710ce747a85b1da6c7e8651b4f1",
            "output_base64sha256": "YwtSk5zSyu5cijRIoVYDHA0xallol7eFWim3ZkfF3rk=",
            "output_file_mode": null,
            "output_md5": "5ae81a46e71ea7efb121634692a251e4",
            "output_path": "lambda.zip",
            "output_sha": "0b86f8f324efb710ce747a85b1da6c7e8651b4f1",
            "output_size": 707,
            "source": [],
            "source_content": null,
            "source_content_filename": null,
            "source_dir": null,
            "source_file": "lambda.py",
            "type": "zip"
          },
          "sensitive_attributes": []
        }
      ]
    },
    {
      "mode": "data",
      "type": "archive_file",
      "name": "gateway_cert_lambda_zip",
      "provider": "provider[\"registry.terraform.io/hashicorp/archive\"]",
      "instances": [
        {
          "schema_version": 0,
          "attributes": {
            "excludes": null,
            "id": "0b86f8f324efb710ce747a85b1da6c7e8651b4f1",
            "output_base64sha256": "YwtSk5zSyu5cijRIoVYDHA0xallol7eFWim3ZkfF3rk=",
            "output_file_mode": null,
            "output_md5": "5ae81a46e71ea7efb121634692a251e4",
            "output_path": "lambda.zip",
            "output_sha": "0b86f8f324efb710ce747a85b1da6c7e8651b4f1",
            "output_size": 707,
            "source": [],
            "source_content": null,
            "source_content_filename": null,
            "source_dir": null,
            "source_file": "lambda.py",
            "type": "zip"
          },
          "sensitive_attributes": []
        }
      ]
    },
    {
      "mode": "data",
      "type": "aws_availability_zones",
      "name": "available",
      "provider": "provider[\"registry.terraform.io/hashicorp/aws\"]",
      "instances": [
        {
          "schema_version": 0,
          "attributes": {
            "all_availability_zones": null,
            "exclude_names": null,
            "exclude_zone_ids": null,
            "filter": null,
            "group_names": [
              "us-east-1"
            ],
            "id": "us-east-1",
            "names": [
              "us-east-1a",
              "us-east-1b",
              "us-east-1c",
              "us-east-1d",
              "us-east-1e",
              "us-east-1f"
            ],
            "state": null,
            "zone_ids": [
              "use1-az4",
              "use1-az6",
              "use1-az1",
              "use1-az2",
              "use1-az3",
              "use1-az5"
            ]
          },
          "sensitive_attributes": []
        }
      ]
    },
    {
      "mode": "data",
      "type": "aws_iam_policy_document",
      "name": "backend_task_execution_role",
      "provider": "provider[\"registry.terraform.io/hashicorp/aws\"]",
      "instances": [
        {
          "schema_version": 0,
          "attributes": {
            "id": "320642683",
            "json": "{\n  \"Version\": \"2012-10-17\",\n  \"Statement\": [\n    {\n      \"Sid\": \"\",\n      \"Effect\": \"Allow\",\n      \"Action\": \"sts:AssumeRole\",\n      \"Principal\": {\n        \"Service\": \"ecs-tasks.amazonaws.com\"\n      }\n    }\n  ]\n}",
            "override_json": null,
            "override_policy_documents": null,
            "policy_id": null,
            "source_json": null,
            "source_policy_documents": null,
            "statement": [
              {
                "actions": [
                  "sts:AssumeRole"
                ],
                "condition": [],
                "effect": "Allow",
                "not_actions": [],
                "not_principals": [],
                "not_resources": [],
                "principals": [
                  {
                    "identifiers": [
                      "ecs-tasks.amazonaws.com"
                    ],
                    "type": "Service"
                  }
                ],
                "resources": [],
                "sid": ""
              }
            ],
            "version": "2012-10-17"
          },
          "sensitive_attributes": []
        }
      ]
    },
    {
      "mode": "data",
      "type": "aws_iam_policy_document",
      "name": "frontend_task_execution_role",
      "provider": "provider[\"registry.terraform.io/hashicorp/aws\"]",
      "instances": [
        {
          "schema_version": 0,
          "attributes": {
            "id": "320642683",
            "json": "{\n  \"Version\": \"2012-10-17\",\n  \"Statement\": [\n    {\n      \"Sid\": \"\",\n      \"Effect\": \"Allow\",\n      \"Action\": \"sts:AssumeRole\",\n      \"Principal\": {\n        \"Service\": \"ecs-tasks.amazonaws.com\"\n      }\n    }\n  ]\n}",
            "override_json": null,
            "override_policy_documents": null,
            "policy_id": null,
            "source_json": null,
            "source_policy_documents": null,
            "statement": [
              {
                "actions": [
                  "sts:AssumeRole"
                ],
                "condition": [],
                "effect": "Allow",
                "not_actions": [],
                "not_principals": [],
                "not_resources": [],
                "principals": [
                  {
                    "identifiers": [
                      "ecs-tasks.amazonaws.com"
                    ],
                    "type": "Service"
                  }
                ],
                "resources": [],
                "sid": ""
              }
            ],
            "version": "2012-10-17"
          },
          "sensitive_attributes": []
        }
      ]
    },
    {
      "mode": "data",
      "type": "aws_iam_policy_document",
      "name": "gateway_task_execution_role",
      "provider": "provider[\"registry.terraform.io/hashicorp/aws\"]",
      "instances": [
        {
          "schema_version": 0,
          "attributes": {
            "id": "320642683",
            "json": "{\n  \"Version\": \"2012-10-17\",\n  \"Statement\": [\n    {\n      \"Sid\": \"\",\n      \"Effect\": \"Allow\",\n      \"Action\": \"sts:AssumeRole\",\n      \"Principal\": {\n        \"Service\": \"ecs-tasks.amazonaws.com\"\n      }\n    }\n  ]\n}",
            "override_json": null,
            "override_policy_documents": null,
            "policy_id": null,
            "source_json": null,
            "source_policy_documents": null,
            "statement": [
              {
                "actions": [
                  "sts:AssumeRole"
                ],
                "condition": [],
                "effect": "Allow",
                "not_actions": [],
                "not_principals": [],
                "not_resources": [],
                "principals": [
                  {
                    "identifiers": [
                      "ecs-tasks.amazonaws.com"
                    ],
                    "type": "Service"
                  }
                ],
                "resources": [],
                "sid": ""
              }
            ],
            "version": "2012-10-17"
          },
          "sensitive_attributes": []
        }
      ]
    },
    {
      "mode": "data",
      "type": "aws_lambda_invocation",
      "name": "backend_cert_lambda",
      "provider": "provider[\"registry.terraform.io/hashicorp/aws\"]",
      "instances": [
        {
          "schema_version": 0,
          "attributes": {
            "function_name": "backend_lambda_handler",
            "id": "backend_lambda_handler_$LATEST_8a80554c91d9fca8acb82f023de02f11",
            "input": "{}\n",
            "qualifier": "$LATEST",
            "result": "null"
          },
          "sensitive_attributes": []
        }
      ]
    },
    {
      "mode": "data",
      "type": "aws_lambda_invocation",
      "name": "frontend_cert_lambda",
      "provider": "provider[\"registry.terraform.io/hashicorp/aws\"]",
      "instances": [
        {
          "schema_version": 0,
          "attributes": {
            "function_name": "frontend_lambda_handler",
            "id": "frontend_lambda_handler_$LATEST_8a80554c91d9fca8acb82f023de02f11",
            "input": "{}\n",
            "qualifier": "$LATEST",
            "result": "null"
          },
          "sensitive_attributes": []
        }
      ]
    },
    {
      "mode": "data",
      "type": "aws_lambda_invocation",
      "name": "gatewat_cert_lambda",
      "provider": "provider[\"registry.terraform.io/hashicorp/aws\"]",
      "instances": [
        {
          "schema_version": 0,
          "attributes": {
            "function_name": "gateway_lambda_handler",
            "id": "gateway_lambda_handler_$LATEST_8a80554c91d9fca8acb82f023de02f11",
            "input": "{}\n",
            "qualifier": "$LATEST",
            "result": "null"
          },
          "sensitive_attributes": []
        }
      ]
    },
    {
      "mode": "data",
      "type": "aws_partition",
      "name": "current",
      "provider": "provider[\"registry.terraform.io/hashicorp/aws\"]",
      "instances": [
        {
          "schema_version": 0,
          "attributes": {
            "dns_suffix": "amazonaws.com",
            "id": "aws",
            "partition": "aws",
            "reverse_dns_prefix": "com.amazonaws"
          },
          "sensitive_attributes": []
        }
      ]
    },
    {
      "mode": "managed",
      "type": "aws_acm_certificate",
      "name": "alb_cert",
      "provider": "provider[\"registry.terraform.io/hashicorp/aws\"]",
      "instances": [
        {
          "schema_version": 0,
          "attributes": {
            "arn": "arn:aws:acm:us-east-1:514072627411:certificate/10670003-cc49-4012-998a-bb1bb6f510db",
            "certificate_authority_arn": "arn:aws:acm-pca:us-east-1:514072627411:certificate-authority/1fffd402-94f2-4372-a035-10064ccd8300",
            "certificate_body": null,
            "certificate_chain": null,
            "domain_name": "alb.vb.ecs-mesh",
            "domain_validation_options": [],
            "id": "arn:aws:acm:us-east-1:514072627411:certificate/10670003-cc49-4012-998a-bb1bb6f510db",
            "options": [
              {
                "certificate_transparency_logging_preference": "ENABLED"
              }
            ],
            "private_key": null,
            "status": "ISSUED",
            "subject_alternative_names": [],
            "tags": {},
            "tags_all": {},
            "validation_emails": [],
            "validation_method": "NONE"
          },
          "sensitive_attributes": [],
          "private": "bnVsbA==",
          "dependencies": [
            "aws_acmpca_certificate_authority.mesh_ca"
          ],
          "create_before_destroy": true
        }
      ]
    },
    {
      "mode": "managed",
      "type": "aws_acm_certificate",
      "name": "backend_cert",
      "provider": "provider[\"registry.terraform.io/hashicorp/aws\"]",
      "instances": [
        {
          "schema_version": 0,
          "attributes": {
            "arn": "arn:aws:acm:us-east-1:514072627411:certificate/09a226d1-c8a8-4a8f-8180-1ba78d77cbfa",
            "certificate_authority_arn": "arn:aws:acm-pca:us-east-1:514072627411:certificate-authority/1fffd402-94f2-4372-a035-10064ccd8300",
            "certificate_body": null,
            "certificate_chain": null,
            "domain_name": "backend.vb.ecs-mesh",
            "domain_validation_options": [],
            "id": "arn:aws:acm:us-east-1:514072627411:certificate/09a226d1-c8a8-4a8f-8180-1ba78d77cbfa",
            "options": [
              {
                "certificate_transparency_logging_preference": "ENABLED"
              }
            ],
            "private_key": null,
            "status": "ISSUED",
            "subject_alternative_names": [],
            "tags": {},
            "tags_all": {},
            "validation_emails": [],
            "validation_method": "NONE"
          },
          "sensitive_attributes": [],
          "private": "bnVsbA==",
          "dependencies": [
            "aws_acmpca_certificate_authority.mesh_ca"
          ],
          "create_before_destroy": true
        }
      ]
    },
    {
      "mode": "managed",
      "type": "aws_acm_certificate",
      "name": "frontend_cert",
      "provider": "provider[\"registry.terraform.io/hashicorp/aws\"]",
      "instances": [
        {
          "schema_version": 0,
          "attributes": {
            "arn": "arn:aws:acm:us-east-1:514072627411:certificate/4bc67de4-edf3-4f5b-be9b-eb79008a543d",
            "certificate_authority_arn": "arn:aws:acm-pca:us-east-1:514072627411:certificate-authority/1fffd402-94f2-4372-a035-10064ccd8300",
            "certificate_body": null,
            "certificate_chain": null,
            "domain_name": "frontend.vb.ecs-mesh",
            "domain_validation_options": [],
            "id": "arn:aws:acm:us-east-1:514072627411:certificate/4bc67de4-edf3-4f5b-be9b-eb79008a543d",
            "options": [
              {
                "certificate_transparency_logging_preference": "ENABLED"
              }
            ],
            "private_key": null,
            "status": "ISSUED",
            "subject_alternative_names": [],
            "tags": {},
            "tags_all": {},
            "validation_emails": [],
            "validation_method": "NONE"
          },
          "sensitive_attributes": [],
          "private": "bnVsbA==",
          "dependencies": [
            "aws_acmpca_certificate_authority.mesh_ca"
          ],
          "create_before_destroy": true
        }
      ]
    },
    {
      "mode": "managed",
      "type": "aws_acm_certificate",
      "name": "gateway_cert",
      "provider": "provider[\"registry.terraform.io/hashicorp/aws\"]",
      "instances": [
        {
          "schema_version": 0,
          "attributes": {
            "arn": "arn:aws:acm:us-east-1:514072627411:certificate/ec04321c-e2e8-4d2c-8cb4-eda0e1af1a90",
            "certificate_authority_arn": "arn:aws:acm-pca:us-east-1:514072627411:certificate-authority/1fffd402-94f2-4372-a035-10064ccd8300",
            "certificate_body": null,
            "certificate_chain": null,
            "domain_name": "gateway.vb.ecs-mesh",
            "domain_validation_options": [],
            "id": "arn:aws:acm:us-east-1:514072627411:certificate/ec04321c-e2e8-4d2c-8cb4-eda0e1af1a90",
            "options": [
              {
                "certificate_transparency_logging_preference": "ENABLED"
              }
            ],
            "private_key": null,
            "status": "ISSUED",
            "subject_alternative_names": [],
            "tags": {},
            "tags_all": {},
            "validation_emails": [],
            "validation_method": "NONE"
          },
          "sensitive_attributes": [],
          "private": "bnVsbA==",
          "dependencies": [
            "aws_acmpca_certificate_authority.mesh_ca"
          ],
          "create_before_destroy": true
        }
      ]
    },
    {
      "mode": "managed",
      "type": "aws_acmpca_certificate",
      "name": "mesh_ca",
      "provider": "provider[\"registry.terraform.io/hashicorp/aws\"]",
      "instances": [
        {
          "schema_version": 0,
          "attributes": {
            "arn": "arn:aws:acm-pca:us-east-1:514072627411:certificate-authority/1fffd402-94f2-4372-a035-10064ccd8300/certificate/97dd9a9aa70a9fbff47fdc9e24fbc104",
            "certificate": "-----BEGIN CERTIFICATE-----\nMIIE+TCCAuGgAwIBAgIRAJfdmpqnCp+/9H/cniT7wQQwDQYJKoZIhvcNAQENBQAw\nFjEUMBIGA1UEAwwLdmIuZWNzLW1lc2gwHhcNMjExMDIwMjEzODA2WhcNMjQxMDIw\nMjIzODA2WjAWMRQwEgYDVQQDDAt2Yi5lY3MtbWVzaDCCAiIwDQYJKoZIhvcNAQEB\nBQADggIPADCCAgoCggIBAL+xywJUqdVYTxqwW8GwZl9j0RQu9isdqsqZa1cAMPGr\n48ydv5s2yDOII/8DxHxOyTNsr7vXAenZsIyB8MNKrMYh15Njqb9LS7bHKX4VWkxn\nm3nsZJvAwKSbqgBnpZMQqOFJSvcjSVodW7nsEKlKLtDcB7WSJGbeEk6KTC81Ie2C\nhDI9VHa7aVaeSDmX/c0u5xhItQv89zYLseJQcP2e2uGFhNpCPzbk9iw4akC16B/7\nSlbrZuF31+xXYiIWYjsug4O8rEr6ZVvFjjT6RBUueTioctECe62pajtEtfk+YGmo\n80+K+oZwzuL+9ZD496kMNoOtWTVLHZ//vG5w5CjH5jfA74RHfQTYviWaGN9qXcg8\nsveMtozbzfDTu/NruZ7iooNCmmubjf/Te+ukAYOukHE8f+MAeiV2L/5jLlFCVvGT\nKSQ5cY3PXOIisCFgmvbPouJ86v7DK/PJEtj8vErgE8MMSLCX9n1uaunWziGMCSwb\nxuzQAZViukwcXtchwo8icHoyyEjcpsNvTAjMUgGQxZzUmoYQYDQ7ejbiMP21E1Oq\nLCuq0BFkIRe4h1p/lCgtjSsZdeQ6+g3I9RIl+DJdtnyLgh37JEyImSeCQiNN67ZI\nVLfN/KTcmLPV27TPZtvfMBXsIbCiZdxL49jXwxBcckoiGXSwwpcdNx4LSnUnefF/\nAgMBAAGjQjBAMA8GA1UdEwEB/wQFMAMBAf8wHQYDVR0OBBYEFAuzrKQoqm+Kfvy/\nTzI37Bcc/x7EMA4GA1UdDwEB/wQEAwIBhjANBgkqhkiG9w0BAQ0FAAOCAgEAeTOB\nRKNLQSyXSw6pS+qFeizUrjyAw+ClYRVN65tlSPeC/qVvQjv3yPhaDcakcqC/2Hhx\nsExOKB7crxSTPfCWleYC0s1uLMfeSL+GoDTMFxBQ8UV8IUyHNlRougYrIrvJBhNo\n8r0jO/2WIa0D6xwIBX6MnuBCamjONDNF+9TxeHKRSnmod4+AD/1qOabOcBmhfw/5\nCd80sL+4TBt66+U+h8w6FjfwWsgPOfhA+7wHUdCWAUV+XPNrINidfhzQw7zRCTZr\nZubrjVsMAtkvZym3dMQL+3ETlW160tbVwN5kTjQ9dARi1D6ts7vsWLfl3ojpHFDa\ngHZH/CcLisgfaJpaJB4+YdhZOwIXsjIXVKhBWh3z/DDCvvVri7lRPuvsEU4xOV8f\nlWCFlbPdQo3xqQA+mGRO2pj+LjUr5pCRGiuvDUXQ/PTjilLGFJNhGh5LXtfT8hgV\n+jZmYCALoFTC4zWgnn7diIGpcifziOlZPa/sYfuDD4k/3ClGiSjJFoFbc5VaZiv+\n1J4gPAHX6msrWpDLvzrby1KJnlm6j0JxaWCgDixllt1rT6vWXs+S+PFbi5GM/2Ne\n2xqAEMurg3oFWCt7dNyCKjp3vCK0lmnhh97CuyIUZk54odljqSmEI0mFJOI1I0vd\nbNP9S3CWJhrKpEiqSIfnjHDBseYnnl//Lo+QS4o=\n-----END CERTIFICATE-----",
            "certificate_authority_arn": "arn:aws:acm-pca:us-east-1:514072627411:certificate-authority/1fffd402-94f2-4372-a035-10064ccd8300",
            "certificate_chain": "",
            "certificate_signing_request": "-----BEGIN CERTIFICATE REQUEST-----\nMIIEfTCCAmUCAQAwFjEUMBIGA1UEAwwLdmIuZWNzLW1lc2gwggIiMA0GCSqGSIb3\nDQEBAQUAA4ICDwAwggIKAoICAQC/scsCVKnVWE8asFvBsGZfY9EULvYrHarKmWtX\nADDxq+PMnb+bNsgziCP/A8R8TskzbK+71wHp2bCMgfDDSqzGIdeTY6m/S0u2xyl+\nFVpMZ5t57GSbwMCkm6oAZ6WTEKjhSUr3I0laHVu57BCpSi7Q3Ae1kiRm3hJOikwv\nNSHtgoQyPVR2u2lWnkg5l/3NLucYSLUL/Pc2C7HiUHD9ntrhhYTaQj825PYsOGpA\ntegf+0pW62bhd9fsV2IiFmI7LoODvKxK+mVbxY40+kQVLnk4qHLRAnutqWo7RLX5\nPmBpqPNPivqGcM7i/vWQ+PepDDaDrVk1Sx2f/7xucOQox+Y3wO+ER30E2L4lmhjf\nal3IPLL3jLaM283w07vza7me4qKDQpprm43/03vrpAGDrpBxPH/jAHoldi/+Yy5R\nQlbxkykkOXGNz1ziIrAhYJr2z6LifOr+wyvzyRLY/LxK4BPDDEiwl/Z9bmrp1s4h\njAksG8bs0AGVYrpMHF7XIcKPInB6MshI3KbDb0wIzFIBkMWc1JqGEGA0O3o24jD9\ntRNTqiwrqtARZCEXuIdaf5QoLY0rGXXkOvoNyPUSJfgyXbZ8i4Id+yRMiJkngkIj\nTeu2SFS3zfyk3Jiz1du0z2bb3zAV7CGwomXcS+PY18MQXHJKIhl0sMKXHTceC0p1\nJ3nxfwIDAQABoCIwIAYJKoZIhvcNAQkOMRMwETAPBgNVHRMBAf8EBTADAQH/MA0G\nCSqGSIb3DQEBDQUAA4ICAQB2R4rMhvpd3jerNYb7F30WjBEB8poWtFaNOVzxegGm\nOzB4e/dGfbjJjFh+M+/v2YwwYyE0Hj73sj8E+3iMgkNKqFVcr/V7tdRisDVrLsEq\nNXJZWdHnec7Tx81Mv6SvemfLM4Hfn7YLbN0kSuQRGLTkUZclsbrrpRglbCUHktmo\na3PVmHdcGYiKP8mzlasa6QWobUjwy8Btpn75hsYj1mhNj2yKvcwSB/L6gPJHLvpa\nEyY7HWWvbe0lUFJGctVPOtUCOOC+E2U206G2vDhn7PRxYfrae/bNdADNYTZyAuZW\nUmToZzpY1n4qf96Uth1d8sX1L2XnVJynJ4DKEmwuvmtfk6JT1XvMCvcbxrGqqqwE\n3xboWvtrZoYR+/GjdKjk1dN+wYwTTVXI6QxLIZp/cPAXHcgGmG9dFCQxs/vR7Tl/\nx1wkS71JVswl2KHWPBnhW7oHx8greIVdFbwPCHa9nB+FrMZUlw+ST5oZe2SF+4t2\n+nAHKjRXiDAUHSwB4+yF2mLqJ+b+aQRbXhGaGq9Eh7SE66K41U8uAvgqluKtsZPL\nI8qYXpR6wXRpH4mwWD9ziKcdBILvXX9uK/nz0HH8YOPSg3Wjy9AB2OUFHS4AW7av\nQU5TG/k0xWLyYyJmP0p40L3dkEv3kb00ojrNqP7+gLO12xZsVZ7Oppx6LtbtVtxS\nAQ==\n-----END CERTIFICATE REQUEST-----",
            "id": "arn:aws:acm-pca:us-east-1:514072627411:certificate-authority/1fffd402-94f2-4372-a035-10064ccd8300/certificate/97dd9a9aa70a9fbff47fdc9e24fbc104",
            "signing_algorithm": "SHA512WITHRSA",
            "template_arn": "arn:aws:acm-pca:::template/RootCACertificate/V1",
            "validity": [
              {
                "type": "YEARS",
                "value": "3"
              }
            ]
          },
          "sensitive_attributes": [],
          "private": "bnVsbA==",
          "dependencies": [
            "aws_acmpca_certificate_authority.mesh_ca",
            "data.aws_partition.current"
          ]
        }
      ]
    },
    {
      "mode": "managed",
      "type": "aws_acmpca_certificate_authority",
      "name": "mesh_ca",
      "provider": "provider[\"registry.terraform.io/hashicorp/aws\"]",
      "instances": [
        {
          "schema_version": 1,
          "attributes": {
            "arn": "arn:aws:acm-pca:us-east-1:514072627411:certificate-authority/1fffd402-94f2-4372-a035-10064ccd8300",
            "certificate": "-----BEGIN CERTIFICATE-----\nMIIE+TCCAuGgAwIBAgIRAJfdmpqnCp+/9H/cniT7wQQwDQYJKoZIhvcNAQENBQAw\nFjEUMBIGA1UEAwwLdmIuZWNzLW1lc2gwHhcNMjExMDIwMjEzODA2WhcNMjQxMDIw\nMjIzODA2WjAWMRQwEgYDVQQDDAt2Yi5lY3MtbWVzaDCCAiIwDQYJKoZIhvcNAQEB\nBQADggIPADCCAgoCggIBAL+xywJUqdVYTxqwW8GwZl9j0RQu9isdqsqZa1cAMPGr\n48ydv5s2yDOII/8DxHxOyTNsr7vXAenZsIyB8MNKrMYh15Njqb9LS7bHKX4VWkxn\nm3nsZJvAwKSbqgBnpZMQqOFJSvcjSVodW7nsEKlKLtDcB7WSJGbeEk6KTC81Ie2C\nhDI9VHa7aVaeSDmX/c0u5xhItQv89zYLseJQcP2e2uGFhNpCPzbk9iw4akC16B/7\nSlbrZuF31+xXYiIWYjsug4O8rEr6ZVvFjjT6RBUueTioctECe62pajtEtfk+YGmo\n80+K+oZwzuL+9ZD496kMNoOtWTVLHZ//vG5w5CjH5jfA74RHfQTYviWaGN9qXcg8\nsveMtozbzfDTu/NruZ7iooNCmmubjf/Te+ukAYOukHE8f+MAeiV2L/5jLlFCVvGT\nKSQ5cY3PXOIisCFgmvbPouJ86v7DK/PJEtj8vErgE8MMSLCX9n1uaunWziGMCSwb\nxuzQAZViukwcXtchwo8icHoyyEjcpsNvTAjMUgGQxZzUmoYQYDQ7ejbiMP21E1Oq\nLCuq0BFkIRe4h1p/lCgtjSsZdeQ6+g3I9RIl+DJdtnyLgh37JEyImSeCQiNN67ZI\nVLfN/KTcmLPV27TPZtvfMBXsIbCiZdxL49jXwxBcckoiGXSwwpcdNx4LSnUnefF/\nAgMBAAGjQjBAMA8GA1UdEwEB/wQFMAMBAf8wHQYDVR0OBBYEFAuzrKQoqm+Kfvy/\nTzI37Bcc/x7EMA4GA1UdDwEB/wQEAwIBhjANBgkqhkiG9w0BAQ0FAAOCAgEAeTOB\nRKNLQSyXSw6pS+qFeizUrjyAw+ClYRVN65tlSPeC/qVvQjv3yPhaDcakcqC/2Hhx\nsExOKB7crxSTPfCWleYC0s1uLMfeSL+GoDTMFxBQ8UV8IUyHNlRougYrIrvJBhNo\n8r0jO/2WIa0D6xwIBX6MnuBCamjONDNF+9TxeHKRSnmod4+AD/1qOabOcBmhfw/5\nCd80sL+4TBt66+U+h8w6FjfwWsgPOfhA+7wHUdCWAUV+XPNrINidfhzQw7zRCTZr\nZubrjVsMAtkvZym3dMQL+3ETlW160tbVwN5kTjQ9dARi1D6ts7vsWLfl3ojpHFDa\ngHZH/CcLisgfaJpaJB4+YdhZOwIXsjIXVKhBWh3z/DDCvvVri7lRPuvsEU4xOV8f\nlWCFlbPdQo3xqQA+mGRO2pj+LjUr5pCRGiuvDUXQ/PTjilLGFJNhGh5LXtfT8hgV\n+jZmYCALoFTC4zWgnn7diIGpcifziOlZPa/sYfuDD4k/3ClGiSjJFoFbc5VaZiv+\n1J4gPAHX6msrWpDLvzrby1KJnlm6j0JxaWCgDixllt1rT6vWXs+S+PFbi5GM/2Ne\n2xqAEMurg3oFWCt7dNyCKjp3vCK0lmnhh97CuyIUZk54odljqSmEI0mFJOI1I0vd\nbNP9S3CWJhrKpEiqSIfnjHDBseYnnl//Lo+QS4o=\n-----END CERTIFICATE-----",
            "certificate_authority_configuration": [
              {
                "key_algorithm": "RSA_4096",
                "signing_algorithm": "SHA512WITHRSA",
                "subject": [
                  {
                    "common_name": "vb.ecs-mesh",
                    "country": "",
                    "distinguished_name_qualifier": "",
                    "generation_qualifier": "",
                    "given_name": "",
                    "initials": "",
                    "locality": "",
                    "organization": "",
                    "organizational_unit": "",
                    "pseudonym": "",
                    "state": "",
                    "surname": "",
                    "title": ""
                  }
                ]
              }
            ],
            "certificate_chain": "",
            "certificate_signing_request": "-----BEGIN CERTIFICATE REQUEST-----\nMIIEfTCCAmUCAQAwFjEUMBIGA1UEAwwLdmIuZWNzLW1lc2gwggIiMA0GCSqGSIb3\nDQEBAQUAA4ICDwAwggIKAoICAQC/scsCVKnVWE8asFvBsGZfY9EULvYrHarKmWtX\nADDxq+PMnb+bNsgziCP/A8R8TskzbK+71wHp2bCMgfDDSqzGIdeTY6m/S0u2xyl+\nFVpMZ5t57GSbwMCkm6oAZ6WTEKjhSUr3I0laHVu57BCpSi7Q3Ae1kiRm3hJOikwv\nNSHtgoQyPVR2u2lWnkg5l/3NLucYSLUL/Pc2C7HiUHD9ntrhhYTaQj825PYsOGpA\ntegf+0pW62bhd9fsV2IiFmI7LoODvKxK+mVbxY40+kQVLnk4qHLRAnutqWo7RLX5\nPmBpqPNPivqGcM7i/vWQ+PepDDaDrVk1Sx2f/7xucOQox+Y3wO+ER30E2L4lmhjf\nal3IPLL3jLaM283w07vza7me4qKDQpprm43/03vrpAGDrpBxPH/jAHoldi/+Yy5R\nQlbxkykkOXGNz1ziIrAhYJr2z6LifOr+wyvzyRLY/LxK4BPDDEiwl/Z9bmrp1s4h\njAksG8bs0AGVYrpMHF7XIcKPInB6MshI3KbDb0wIzFIBkMWc1JqGEGA0O3o24jD9\ntRNTqiwrqtARZCEXuIdaf5QoLY0rGXXkOvoNyPUSJfgyXbZ8i4Id+yRMiJkngkIj\nTeu2SFS3zfyk3Jiz1du0z2bb3zAV7CGwomXcS+PY18MQXHJKIhl0sMKXHTceC0p1\nJ3nxfwIDAQABoCIwIAYJKoZIhvcNAQkOMRMwETAPBgNVHRMBAf8EBTADAQH/MA0G\nCSqGSIb3DQEBDQUAA4ICAQB2R4rMhvpd3jerNYb7F30WjBEB8poWtFaNOVzxegGm\nOzB4e/dGfbjJjFh+M+/v2YwwYyE0Hj73sj8E+3iMgkNKqFVcr/V7tdRisDVrLsEq\nNXJZWdHnec7Tx81Mv6SvemfLM4Hfn7YLbN0kSuQRGLTkUZclsbrrpRglbCUHktmo\na3PVmHdcGYiKP8mzlasa6QWobUjwy8Btpn75hsYj1mhNj2yKvcwSB/L6gPJHLvpa\nEyY7HWWvbe0lUFJGctVPOtUCOOC+E2U206G2vDhn7PRxYfrae/bNdADNYTZyAuZW\nUmToZzpY1n4qf96Uth1d8sX1L2XnVJynJ4DKEmwuvmtfk6JT1XvMCvcbxrGqqqwE\n3xboWvtrZoYR+/GjdKjk1dN+wYwTTVXI6QxLIZp/cPAXHcgGmG9dFCQxs/vR7Tl/\nx1wkS71JVswl2KHWPBnhW7oHx8greIVdFbwPCHa9nB+FrMZUlw+ST5oZe2SF+4t2\n+nAHKjRXiDAUHSwB4+yF2mLqJ+b+aQRbXhGaGq9Eh7SE66K41U8uAvgqluKtsZPL\nI8qYXpR6wXRpH4mwWD9ziKcdBILvXX9uK/nz0HH8YOPSg3Wjy9AB2OUFHS4AW7av\nQU5TG/k0xWLyYyJmP0p40L3dkEv3kb00ojrNqP7+gLO12xZsVZ7Oppx6LtbtVtxS\nAQ==\n-----END CERTIFICATE REQUEST-----",
            "enabled": true,
            "id": "arn:aws:acm-pca:us-east-1:514072627411:certificate-authority/1fffd402-94f2-4372-a035-10064ccd8300",
            "not_after": "2024-10-20T22:38:06Z",
            "not_before": "2021-10-20T21:38:06Z",
            "permanent_deletion_time_in_days": 30,
            "revocation_configuration": [
              {
                "crl_configuration": [
                  {
                    "custom_cname": "",
                    "enabled": false,
                    "expiration_in_days": 0,
                    "s3_bucket_name": "",
                    "s3_object_acl": ""
                  }
                ]
              }
            ],
            "serial": "201864060713171323563911093033534996740",
            "status": "ACTIVE",
            "tags": {},
            "tags_all": {},
            "timeouts": null,
            "type": "ROOT"
          },
          "sensitive_attributes": [],
          "private": "eyJlMmJmYjczMC1lY2FhLTExZTYtOGY4OC0zNDM2M2JjN2M0YzAiOnsiY3JlYXRlIjo2MDAwMDAwMDAwMH0sInNjaGVtYV92ZXJzaW9uIjoiMSJ9",
          "create_before_destroy": true
        }
      ]
    },
    {
      "mode": "managed",
      "type": "aws_acmpca_certificate_authority_certificate",
      "name": "mesh_ca",
      "provider": "provider[\"registry.terraform.io/hashicorp/aws\"]",
      "instances": [
        {
          "schema_version": 0,
          "attributes": {
            "certificate": "-----BEGIN CERTIFICATE-----\nMIIE+TCCAuGgAwIBAgIRAJfdmpqnCp+/9H/cniT7wQQwDQYJKoZIhvcNAQENBQAw\nFjEUMBIGA1UEAwwLdmIuZWNzLW1lc2gwHhcNMjExMDIwMjEzODA2WhcNMjQxMDIw\nMjIzODA2WjAWMRQwEgYDVQQDDAt2Yi5lY3MtbWVzaDCCAiIwDQYJKoZIhvcNAQEB\nBQADggIPADCCAgoCggIBAL+xywJUqdVYTxqwW8GwZl9j0RQu9isdqsqZa1cAMPGr\n48ydv5s2yDOII/8DxHxOyTNsr7vXAenZsIyB8MNKrMYh15Njqb9LS7bHKX4VWkxn\nm3nsZJvAwKSbqgBnpZMQqOFJSvcjSVodW7nsEKlKLtDcB7WSJGbeEk6KTC81Ie2C\nhDI9VHa7aVaeSDmX/c0u5xhItQv89zYLseJQcP2e2uGFhNpCPzbk9iw4akC16B/7\nSlbrZuF31+xXYiIWYjsug4O8rEr6ZVvFjjT6RBUueTioctECe62pajtEtfk+YGmo\n80+K+oZwzuL+9ZD496kMNoOtWTVLHZ//vG5w5CjH5jfA74RHfQTYviWaGN9qXcg8\nsveMtozbzfDTu/NruZ7iooNCmmubjf/Te+ukAYOukHE8f+MAeiV2L/5jLlFCVvGT\nKSQ5cY3PXOIisCFgmvbPouJ86v7DK/PJEtj8vErgE8MMSLCX9n1uaunWziGMCSwb\nxuzQAZViukwcXtchwo8icHoyyEjcpsNvTAjMUgGQxZzUmoYQYDQ7ejbiMP21E1Oq\nLCuq0BFkIRe4h1p/lCgtjSsZdeQ6+g3I9RIl+DJdtnyLgh37JEyImSeCQiNN67ZI\nVLfN/KTcmLPV27TPZtvfMBXsIbCiZdxL49jXwxBcckoiGXSwwpcdNx4LSnUnefF/\nAgMBAAGjQjBAMA8GA1UdEwEB/wQFMAMBAf8wHQYDVR0OBBYEFAuzrKQoqm+Kfvy/\nTzI37Bcc/x7EMA4GA1UdDwEB/wQEAwIBhjANBgkqhkiG9w0BAQ0FAAOCAgEAeTOB\nRKNLQSyXSw6pS+qFeizUrjyAw+ClYRVN65tlSPeC/qVvQjv3yPhaDcakcqC/2Hhx\nsExOKB7crxSTPfCWleYC0s1uLMfeSL+GoDTMFxBQ8UV8IUyHNlRougYrIrvJBhNo\n8r0jO/2WIa0D6xwIBX6MnuBCamjONDNF+9TxeHKRSnmod4+AD/1qOabOcBmhfw/5\nCd80sL+4TBt66+U+h8w6FjfwWsgPOfhA+7wHUdCWAUV+XPNrINidfhzQw7zRCTZr\nZubrjVsMAtkvZym3dMQL+3ETlW160tbVwN5kTjQ9dARi1D6ts7vsWLfl3ojpHFDa\ngHZH/CcLisgfaJpaJB4+YdhZOwIXsjIXVKhBWh3z/DDCvvVri7lRPuvsEU4xOV8f\nlWCFlbPdQo3xqQA+mGRO2pj+LjUr5pCRGiuvDUXQ/PTjilLGFJNhGh5LXtfT8hgV\n+jZmYCALoFTC4zWgnn7diIGpcifziOlZPa/sYfuDD4k/3ClGiSjJFoFbc5VaZiv+\n1J4gPAHX6msrWpDLvzrby1KJnlm6j0JxaWCgDixllt1rT6vWXs+S+PFbi5GM/2Ne\n2xqAEMurg3oFWCt7dNyCKjp3vCK0lmnhh97CuyIUZk54odljqSmEI0mFJOI1I0vd\nbNP9S3CWJhrKpEiqSIfnjHDBseYnnl//Lo+QS4o=\n-----END CERTIFICATE-----",
            "certificate_authority_arn": "arn:aws:acm-pca:us-east-1:514072627411:certificate-authority/1fffd402-94f2-4372-a035-10064ccd8300",
            "certificate_chain": "",
            "id": "arn:aws:acm-pca:us-east-1:514072627411:certificate-authority/1fffd402-94f2-4372-a035-10064ccd8300"
          },
          "sensitive_attributes": [],
          "private": "bnVsbA==",
          "dependencies": [
            "aws_acmpca_certificate.mesh_ca",
            "aws_acmpca_certificate_authority.mesh_ca",
            "data.aws_partition.current"
          ]
        }
      ]
    },
    {
      "mode": "managed",
      "type": "aws_alb",
      "name": "ecs_vpc",
      "provider": "provider[\"registry.terraform.io/hashicorp/aws\"]",
      "instances": [
        {
          "schema_version": 0,
          "attributes": {
            "access_logs": [
              {
                "bucket": "",
                "enabled": false,
                "prefix": ""
              }
            ],
            "arn": "arn:aws:elasticloadbalancing:us-east-1:514072627411:loadbalancer/app/vb-poc-gateway/f4f329629f4f637d",
            "arn_suffix": "app/vb-poc-gateway/f4f329629f4f637d",
            "customer_owned_ipv4_pool": "",
            "dns_name": "vb-poc-gateway-609834297.us-east-1.elb.amazonaws.com",
            "drop_invalid_header_fields": false,
            "enable_cross_zone_load_balancing": null,
            "enable_deletion_protection": false,
            "enable_http2": true,
            "id": "arn:aws:elasticloadbalancing:us-east-1:514072627411:loadbalancer/app/vb-poc-gateway/f4f329629f4f637d",
            "idle_timeout": 60,
            "internal": false,
            "ip_address_type": "ipv4",
            "load_balancer_type": "application",
            "name": "vb-poc-gateway",
            "name_prefix": null,
            "security_groups": [
              "sg-026c567cb87b01e80"
            ],
            "subnet_mapping": [
              {
                "allocation_id": "",
                "ipv6_address": "",
                "outpost_id": "",
                "private_ipv4_address": "",
                "subnet_id": "subnet-0270342d64e46426e"
              },
              {
                "allocation_id": "",
                "ipv6_address": "",
                "outpost_id": "",
                "private_ipv4_address": "",
                "subnet_id": "subnet-052e15e29f2b907e8"
              }
            ],
            "subnets": [
              "subnet-0270342d64e46426e",
              "subnet-052e15e29f2b907e8"
            ],
            "tags": {},
            "tags_all": {},
            "timeouts": null,
            "vpc_id": "vpc-029413a9d42eb77f6",
            "zone_id": "Z35SXDOTRQ7X7K"
          },
          "sensitive_attributes": [],
          "private": "eyJlMmJmYjczMC1lY2FhLTExZTYtOGY4OC0zNDM2M2JjN2M0YzAiOnsiY3JlYXRlIjo2MDAwMDAwMDAwMDAsImRlbGV0ZSI6NjAwMDAwMDAwMDAwLCJ1cGRhdGUiOjYwMDAwMDAwMDAwMH19",
          "dependencies": [
            "aws_security_group.lb",
            "aws_subnet.public_ecs",
            "aws_vpc.ecs_vpc",
            "data.aws_availability_zones.available"
          ]
        }
      ]
    },
    {
      "mode": "managed",
      "type": "aws_alb_listener",
      "name": "gateway",
      "provider": "provider[\"registry.terraform.io/hashicorp/aws\"]",
      "instances": [
        {
          "schema_version": 0,
          "attributes": {
            "alpn_policy": null,
            "arn": "arn:aws:elasticloadbalancing:us-east-1:514072627411:listener/app/vb-poc-gateway/f4f329629f4f637d/db373d9c5ab7152e",
            "certificate_arn": "arn:aws:acm:us-east-1:514072627411:certificate/10670003-cc49-4012-998a-bb1bb6f510db",
            "default_action": [
              {
                "authenticate_cognito": [],
                "authenticate_oidc": [],
                "fixed_response": [],
                "forward": [],
                "order": 1,
                "redirect": [],
                "target_group_arn": "arn:aws:elasticloadbalancing:us-east-1:514072627411:targetgroup/vb-poc-gateway/4003c9d89da9830d",
                "type": "forward"
              }
            ],
            "id": "arn:aws:elasticloadbalancing:us-east-1:514072627411:listener/app/vb-poc-gateway/f4f329629f4f637d/db373d9c5ab7152e",
            "load_balancer_arn": "arn:aws:elasticloadbalancing:us-east-1:514072627411:loadbalancer/app/vb-poc-gateway/f4f329629f4f637d",
            "port": 443,
            "protocol": "HTTPS",
            "ssl_policy": "ELBSecurityPolicy-2016-08",
            "tags": {},
            "tags_all": {},
            "timeouts": null
          },
          "sensitive_attributes": [],
          "private": "eyJlMmJmYjczMC1lY2FhLTExZTYtOGY4OC0zNDM2M2JjN2M0YzAiOnsicmVhZCI6NjAwMDAwMDAwMDAwfX0=",
          "dependencies": [
            "aws_security_group.lb",
            "aws_subnet.public_ecs",
            "aws_vpc.ecs_vpc",
            "data.aws_availability_zones.available",
            "aws_acm_certificate.alb_cert",
            "aws_acmpca_certificate_authority.mesh_ca",
            "aws_alb.ecs_vpc",
            "aws_alb_target_group.gateway"
          ]
        }
      ]
    },
    {
      "mode": "managed",
      "type": "aws_alb_target_group",
      "name": "gateway",
      "provider": "provider[\"registry.terraform.io/hashicorp/aws\"]",
      "instances": [
        {
          "schema_version": 0,
          "attributes": {
            "arn": "arn:aws:elasticloadbalancing:us-east-1:514072627411:targetgroup/vb-poc-gateway/4003c9d89da9830d",
            "arn_suffix": "targetgroup/vb-poc-gateway/4003c9d89da9830d",
            "deregistration_delay": 300,
            "health_check": [
              {
                "enabled": true,
                "healthy_threshold": 5,
                "interval": 30,
                "matcher": "200",
                "path": "/",
                "port": "traffic-port",
                "protocol": "HTTPS",
                "timeout": 5,
                "unhealthy_threshold": 2
              }
            ],
            "id": "arn:aws:elasticloadbalancing:us-east-1:514072627411:targetgroup/vb-poc-gateway/4003c9d89da9830d",
            "lambda_multi_value_headers_enabled": false,
            "load_balancing_algorithm_type": "round_robin",
            "name": "vb-poc-gateway",
            "name_prefix": null,
            "port": 8080,
            "preserve_client_ip": null,
            "protocol": "HTTPS",
            "protocol_version": "HTTP1",
            "proxy_protocol_v2": false,
            "slow_start": 0,
            "stickiness": [
              {
                "cookie_duration": 86400,
                "cookie_name": "",
                "enabled": false,
                "type": "lb_cookie"
              }
            ],
            "tags": {},
            "tags_all": {},
            "target_type": "ip",
            "vpc_id": "vpc-029413a9d42eb77f6"
          },
          "sensitive_attributes": [],
          "private": "bnVsbA==",
          "dependencies": [
            "aws_vpc.ecs_vpc"
          ]
        }
      ]
    },
    {
      "mode": "managed",
      "type": "aws_appmesh_gateway_route",
      "name": "frontend",
      "provider": "provider[\"registry.terraform.io/hashicorp/aws\"]",
      "instances": [
        {
          "schema_version": 0,
          "attributes": {
            "arn": "arn:aws:appmesh:us-east-1:514072627411:mesh/vb-poc/virtualGateway/vb-poc-gateway/gatewayRoute/vb-poc-frontend-route",
            "created_date": "2021-10-20T22:59:04Z",
            "id": "82f3711d-99f6-4dca-a41c-7e9fd2f5d3f3",
            "last_updated_date": "2021-10-20T22:59:04Z",
            "mesh_name": "vb-poc",
            "mesh_owner": "514072627411",
            "name": "vb-poc-frontend-route",
            "resource_owner": "514072627411",
            "spec": [
              {
                "grpc_route": [],
                "http2_route": [],
                "http_route": [
                  {
                    "action": [
                      {
                        "target": [
                          {
                            "virtual_service": [
                              {
                                "virtual_service_name": "frontend.vb.ecs-mesh"
                              }
                            ]
                          }
                        ]
                      }
                    ],
                    "match": [
                      {
                        "prefix": "/"
                      }
                    ]
                  }
                ]
              }
            ],
            "tags": {},
            "tags_all": {},
            "virtual_gateway_name": "vb-poc-gateway"
          },
          "sensitive_attributes": [],
          "private": "bnVsbA==",
          "dependencies": [
            "aws_service_discovery_private_dns_namespace.main",
            "aws_service_discovery_service.backend",
            "aws_acm_certificate.backend_cert",
            "aws_acmpca_certificate_authority.mesh_ca",
            "aws_appmesh_mesh.ecs_mesh",
            "aws_appmesh_virtual_service.backend",
            "aws_vpc.ecs_vpc",
            "aws_appmesh_virtual_gateway.gateway",
            "aws_service_discovery_service.frontend",
            "aws_acm_certificate.frontend_cert",
            "aws_acm_certificate.gateway_cert",
            "aws_appmesh_virtual_node.backend",
            "aws_appmesh_virtual_node.frontend",
            "aws_appmesh_virtual_service.frontend"
          ]
        }
      ]
    },
    {
      "mode": "managed",
      "type": "aws_appmesh_mesh",
      "name": "ecs_mesh",
      "provider": "provider[\"registry.terraform.io/hashicorp/aws\"]",
      "instances": [
        {
          "schema_version": 0,
          "attributes": {
            "arn": "arn:aws:appmesh:us-east-1:514072627411:mesh/vb-poc",
            "created_date": "2021-10-20T22:38:01Z",
            "id": "vb-poc",
            "last_updated_date": "2021-10-20T22:38:01Z",
            "mesh_owner": "514072627411",
            "name": "vb-poc",
            "resource_owner": "514072627411",
            "spec": [
              {
                "egress_filter": [
                  {
                    "type": "DROP_ALL"
                  }
                ]
              }
            ],
            "tags": {},
            "tags_all": {}
          },
          "sensitive_attributes": [],
          "private": "bnVsbA=="
        }
      ]
    },
    {
      "mode": "managed",
      "type": "aws_appmesh_virtual_gateway",
      "name": "gateway",
      "provider": "provider[\"registry.terraform.io/hashicorp/aws\"]",
      "instances": [
        {
          "schema_version": 0,
          "attributes": {
            "arn": "arn:aws:appmesh:us-east-1:514072627411:mesh/vb-poc/virtualGateway/vb-poc-gateway",
            "created_date": "2021-10-20T22:59:03Z",
            "id": "a8569af1-6622-40df-b1ec-7721a502cd24",
            "last_updated_date": "2021-10-20T22:59:03Z",
            "mesh_name": "vb-poc",
            "mesh_owner": "514072627411",
            "name": "vb-poc-gateway",
            "resource_owner": "514072627411",
            "spec": [
              {
                "backend_defaults": [
                  {
                    "client_policy": [
                      {
                        "tls": [
                          {
                            "certificate": [
                              {
                                "file": [
                                  {
                                    "certificate_chain": "/keys/client_cert.pem",
                                    "private_key": "/keys/client_cert_key.pem"
                                  }
                                ],
                                "sds": []
                              }
                            ],
                            "enforce": true,
                            "ports": [],
                            "validation": [
                              {
                                "subject_alternative_names": [
                                  {
                                    "match": [
                                      {
                                        "exact": [
                                          "frontend.vb.ecs-mesh"
                                        ]
                                      }
                                    ]
                                  }
                                ],
                                "trust": [
                                  {
                                    "acm": [
                                      {
                                        "certificate_authority_arns": [
                                          "arn:aws:acm-pca:us-east-1:514072627411:certificate-authority/1fffd402-94f2-4372-a035-10064ccd8300"
                                        ]
                                      }
                                    ],
                                    "file": [],
                                    "sds": []
                                  }
                                ]
                              }
                            ]
                          }
                        ]
                      }
                    ]
                  }
                ],
                "listener": [
                  {
                    "connection_pool": [],
                    "health_check": [
                      {
                        "healthy_threshold": 2,
                        "interval_millis": 5000,
                        "path": "/",
                        "port": 8080,
                        "protocol": "http",
                        "timeout_millis": 2000,
                        "unhealthy_threshold": 2
                      }
                    ],
                    "port_mapping": [
                      {
                        "port": 8080,
                        "protocol": "http"
                      }
                    ],
                    "tls": [
                      {
                        "certificate": [
                          {
                            "acm": [
                              {
                                "certificate_arn": "arn:aws:acm:us-east-1:514072627411:certificate/ec04321c-e2e8-4d2c-8cb4-eda0e1af1a90"
                              }
                            ],
                            "file": [],
                            "sds": []
                          }
                        ],
                        "mode": "STRICT",
                        "validation": []
                      }
                    ]
                  }
                ],
                "logging": [
                  {
                    "access_log": [
                      {
                        "file": [
                          {
                            "path": "/dev/stdout"
                          }
                        ]
                      }
                    ]
                  }
                ]
              }
            ],
            "tags": {},
            "tags_all": {}
          },
          "sensitive_attributes": [],
          "private": "bnVsbA==",
          "dependencies": [
            "aws_appmesh_mesh.ecs_mesh",
            "aws_appmesh_virtual_node.backend",
            "aws_appmesh_virtual_node.frontend",
            "aws_appmesh_virtual_service.backend",
            "aws_service_discovery_service.backend",
            "aws_service_discovery_service.frontend",
            "aws_acm_certificate.backend_cert",
            "aws_acm_certificate.frontend_cert",
            "aws_acm_certificate.gateway_cert",
            "aws_acmpca_certificate_authority.mesh_ca",
            "aws_appmesh_virtual_service.frontend",
            "aws_service_discovery_private_dns_namespace.main",
            "aws_vpc.ecs_vpc"
          ]
        }
      ]
    },
    {
      "mode": "managed",
      "type": "aws_appmesh_virtual_node",
      "name": "backend",
      "provider": "provider[\"registry.terraform.io/hashicorp/aws\"]",
      "instances": [
        {
          "schema_version": 1,
          "attributes": {
            "arn": "arn:aws:appmesh:us-east-1:514072627411:mesh/vb-poc/virtualNode/vb-poc-backend",
            "created_date": "2021-10-20T22:58:57Z",
            "id": "7c29baed-d612-4d26-925b-a8e08e410e6c",
            "last_updated_date": "2021-10-20T22:58:57Z",
            "mesh_name": "vb-poc",
            "mesh_owner": "514072627411",
            "name": "vb-poc-backend",
            "resource_owner": "514072627411",
            "spec": [
              {
                "backend": [],
                "backend_defaults": [],
                "listener": [
                  {
                    "connection_pool": [],
                    "health_check": [],
                    "outlier_detection": [],
                    "port_mapping": [
                      {
                        "port": 3000,
                        "protocol": "http"
                      }
                    ],
                    "timeout": [],
                    "tls": [
                      {
                        "certificate": [
                          {
                            "acm": [
                              {
                                "certificate_arn": "arn:aws:acm:us-east-1:514072627411:certificate/09a226d1-c8a8-4a8f-8180-1ba78d77cbfa"
                              }
                            ],
                            "file": [],
                            "sds": []
                          }
                        ],
                        "mode": "STRICT",
                        "validation": [
                          {
                            "subject_alternative_names": [],
                            "trust": [
                              {
                                "file": [
                                  {
                                    "certificate_chain": "/keys/ca_cert.pem"
                                  }
                                ],
                                "sds": []
                              }
                            ]
                          }
                        ]
                      }
                    ]
                  }
                ],
                "logging": [
                  {
                    "access_log": [
                      {
                        "file": [
                          {
                            "path": "/dev/stdout"
                          }
                        ]
                      }
                    ]
                  }
                ],
                "service_discovery": [
                  {
                    "aws_cloud_map": [
                      {
                        "attributes": {},
                        "namespace_name": "vb.ecs-mesh",
                        "service_name": "backend"
                      }
                    ],
                    "dns": []
                  }
                ]
              }
            ],
            "tags": {},
            "tags_all": {}
          },
          "sensitive_attributes": [],
          "private": "eyJzY2hlbWFfdmVyc2lvbiI6IjEifQ==",
          "dependencies": [
            "aws_service_discovery_service.backend",
            "aws_vpc.ecs_vpc",
            "aws_acm_certificate.backend_cert",
            "aws_acmpca_certificate_authority.mesh_ca",
            "aws_appmesh_mesh.ecs_mesh",
            "aws_service_discovery_private_dns_namespace.main"
          ]
        }
      ]
    },
    {
      "mode": "managed",
      "type": "aws_appmesh_virtual_node",
      "name": "frontend",
      "provider": "provider[\"registry.terraform.io/hashicorp/aws\"]",
      "instances": [
        {
          "schema_version": 1,
          "attributes": {
            "arn": "arn:aws:appmesh:us-east-1:514072627411:mesh/vb-poc/virtualNode/vb-poc-frontend",
            "created_date": "2021-10-20T22:59:00Z",
            "id": "3292ffb9-2f32-479b-865b-f1137f72d7ee",
            "last_updated_date": "2021-10-22T22:19:03Z",
            "mesh_name": "vb-poc",
            "mesh_owner": "514072627411",
            "name": "vb-poc-frontend",
            "resource_owner": "514072627411",
            "spec": [
              {
                "backend": [
                  {
                    "virtual_service": [
                      {
                        "client_policy": [
                          {
                            "tls": [
                              {
                                "certificate": [
                                  {
                                    "file": [
                                      {
                                        "certificate_chain": "/keys/client_cert.pem",
                                        "private_key": "/keys/client_cert_key.pem"
                                      }
                                    ],
                                    "sds": []
                                  }
                                ],
                                "enforce": true,
                                "ports": [],
                                "validation": [
                                  {
                                    "subject_alternative_names": [
                                      {
                                        "match": [
                                          {
                                            "exact": [
                                              "backend.vb.ecs-mesh"
                                            ]
                                          }
                                        ]
                                      }
                                    ],
                                    "trust": [
                                      {
                                        "acm": [
                                          {
                                            "certificate_authority_arns": [
                                              "arn:aws:acm-pca:us-east-1:514072627411:certificate-authority/1fffd402-94f2-4372-a035-10064ccd8300"
                                            ]
                                          }
                                        ],
                                        "file": [],
                                        "sds": []
                                      }
                                    ]
                                  }
                                ]
                              }
                            ]
                          }
                        ],
                        "virtual_service_name": "backend.vb.ecs-mesh"
                      }
                    ]
                  }
                ],
                "backend_defaults": [
                  {
                    "client_policy": [
                      {
                        "tls": [
                          {
                            "certificate": [
                              {
                                "file": [
                                  {
                                    "certificate_chain": "/keys/client_cert.pem",
                                    "private_key": "/keys/client_cert_key.pem"
                                  }
                                ],
                                "sds": []
                              }
                            ],
                            "enforce": true,
                            "ports": [],
                            "validation": [
                              {
                                "subject_alternative_names": [
                                  {
                                    "match": [
                                      {
                                        "exact": [
                                          "backend.vb.ecs-mesh"
                                        ]
                                      }
                                    ]
                                  }
                                ],
                                "trust": [
                                  {
                                    "acm": [
                                      {
                                        "certificate_authority_arns": [
                                          "arn:aws:acm-pca:us-east-1:514072627411:certificate-authority/1fffd402-94f2-4372-a035-10064ccd8300"
                                        ]
                                      }
                                    ],
                                    "file": [],
                                    "sds": []
                                  }
                                ]
                              }
                            ]
                          }
                        ]
                      }
                    ]
                  }
                ],
                "listener": [
                  {
                    "connection_pool": [],
                    "health_check": [],
                    "outlier_detection": [],
                    "port_mapping": [
                      {
                        "port": 3000,
                        "protocol": "http"
                      }
                    ],
                    "timeout": [],
                    "tls": [
                      {
                        "certificate": [
                          {
                            "acm": [
                              {
                                "certificate_arn": "arn:aws:acm:us-east-1:514072627411:certificate/4bc67de4-edf3-4f5b-be9b-eb79008a543d"
                              }
                            ],
                            "file": [],
                            "sds": []
                          }
                        ],
                        "mode": "STRICT",
                        "validation": [
                          {
                            "subject_alternative_names": [],
                            "trust": [
                              {
                                "file": [
                                  {
                                    "certificate_chain": "/keys/ca_cert.pem"
                                  }
                                ],
                                "sds": []
                              }
                            ]
                          }
                        ]
                      }
                    ]
                  }
                ],
                "logging": [
                  {
                    "access_log": [
                      {
                        "file": [
                          {
                            "path": "/dev/stdout"
                          }
                        ]
                      }
                    ]
                  }
                ],
                "service_discovery": [
                  {
                    "aws_cloud_map": [
                      {
                        "attributes": {},
                        "namespace_name": "vb.ecs-mesh",
                        "service_name": "frontend"
                      }
                    ],
                    "dns": []
                  }
                ]
              }
            ],
            "tags": {},
            "tags_all": {}
          },
          "sensitive_attributes": [],
          "private": "eyJzY2hlbWFfdmVyc2lvbiI6IjEifQ==",
          "dependencies": [
            "aws_appmesh_mesh.ecs_mesh",
            "aws_appmesh_virtual_node.backend",
            "aws_service_discovery_private_dns_namespace.main",
            "aws_service_discovery_service.backend",
            "aws_vpc.ecs_vpc",
            "aws_acm_certificate.backend_cert",
            "aws_acm_certificate.frontend_cert",
            "aws_service_discovery_service.frontend",
            "aws_acmpca_certificate_authority.mesh_ca",
            "aws_appmesh_virtual_service.backend"
          ]
        }
      ]
    },
    {
      "mode": "managed",
      "type": "aws_appmesh_virtual_service",
      "name": "backend",
      "provider": "provider[\"registry.terraform.io/hashicorp/aws\"]",
      "instances": [
        {
          "schema_version": 0,
          "attributes": {
            "arn": "arn:aws:appmesh:us-east-1:514072627411:mesh/vb-poc/virtualService/backend.vb.ecs-mesh",
            "created_date": "2021-10-20T22:58:58Z",
            "id": "e40b313a-271f-4517-9148-bc0157831c84",
            "last_updated_date": "2021-10-20T22:58:58Z",
            "mesh_name": "vb-poc",
            "mesh_owner": "514072627411",
            "name": "backend.vb.ecs-mesh",
            "resource_owner": "514072627411",
            "spec": [
              {
                "provider": [
                  {
                    "virtual_node": [
                      {
                        "virtual_node_name": "vb-poc-backend"
                      }
                    ],
                    "virtual_router": []
                  }
                ]
              }
            ],
            "tags": {},
            "tags_all": {}
          },
          "sensitive_attributes": [],
          "private": "bnVsbA==",
          "dependencies": [
            "aws_service_discovery_private_dns_namespace.main",
            "aws_service_discovery_service.backend",
            "aws_vpc.ecs_vpc",
            "aws_acm_certificate.backend_cert",
            "aws_acmpca_certificate_authority.mesh_ca",
            "aws_appmesh_mesh.ecs_mesh",
            "aws_appmesh_virtual_node.backend"
          ]
        }
      ]
    },
    {
      "mode": "managed",
      "type": "aws_appmesh_virtual_service",
      "name": "frontend",
      "provider": "provider[\"registry.terraform.io/hashicorp/aws\"]",
      "instances": [
        {
          "schema_version": 0,
          "attributes": {
            "arn": "arn:aws:appmesh:us-east-1:514072627411:mesh/vb-poc/virtualService/frontend.vb.ecs-mesh",
            "created_date": "2021-10-20T22:59:01Z",
            "id": "e656a24e-521e-4a89-9b77-691f8947d2aa",
            "last_updated_date": "2021-10-20T22:59:01Z",
            "mesh_name": "vb-poc",
            "mesh_owner": "514072627411",
            "name": "frontend.vb.ecs-mesh",
            "resource_owner": "514072627411",
            "spec": [
              {
                "provider": [
                  {
                    "virtual_node": [
                      {
                        "virtual_node_name": "vb-poc-frontend"
                      }
                    ],
                    "virtual_router": []
                  }
                ]
              }
            ],
            "tags": {},
            "tags_all": {}
          },
          "sensitive_attributes": [],
          "private": "bnVsbA==",
          "dependencies": [
            "aws_acm_certificate.backend_cert",
            "aws_appmesh_mesh.ecs_mesh",
            "aws_appmesh_virtual_service.backend",
            "aws_vpc.ecs_vpc",
            "aws_service_discovery_private_dns_namespace.main",
            "aws_service_discovery_service.backend",
            "aws_service_discovery_service.frontend",
            "aws_acm_certificate.frontend_cert",
            "aws_acmpca_certificate_authority.mesh_ca",
            "aws_appmesh_virtual_node.backend",
            "aws_appmesh_virtual_node.frontend"
          ]
        }
      ]
    },
    {
      "mode": "managed",
      "type": "aws_ecr_repository",
      "name": "backend",
      "provider": "provider[\"registry.terraform.io/hashicorp/aws\"]",
      "instances": [
        {
          "schema_version": 0,
          "attributes": {
            "arn": "arn:aws:ecr:us-east-1:514072627411:repository/backend",
            "encryption_configuration": [
              {
                "encryption_type": "AES256",
                "kms_key": ""
              }
            ],
            "id": "backend",
            "image_scanning_configuration": [
              {
                "scan_on_push": false
              }
            ],
            "image_tag_mutability": "MUTABLE",
            "name": "backend",
            "registry_id": "514072627411",
            "repository_url": "514072627411.dkr.ecr.us-east-1.amazonaws.com/backend",
            "tags": {},
            "tags_all": {},
            "timeouts": null
          },
          "sensitive_attributes": [],
          "private": "eyJlMmJmYjczMC1lY2FhLTExZTYtOGY4OC0zNDM2M2JjN2M0YzAiOnsiZGVsZXRlIjoxMjAwMDAwMDAwMDAwfX0="
        }
      ]
    },
    {
      "mode": "managed",
      "type": "aws_ecr_repository",
      "name": "envoy",
      "provider": "provider[\"registry.terraform.io/hashicorp/aws\"]",
      "instances": [
        {
          "schema_version": 0,
          "attributes": {
            "arn": "arn:aws:ecr:us-east-1:514072627411:repository/envoy",
            "encryption_configuration": [
              {
                "encryption_type": "AES256",
                "kms_key": ""
              }
            ],
            "id": "envoy",
            "image_scanning_configuration": [
              {
                "scan_on_push": false
              }
            ],
            "image_tag_mutability": "MUTABLE",
            "name": "envoy",
            "registry_id": "514072627411",
            "repository_url": "514072627411.dkr.ecr.us-east-1.amazonaws.com/envoy",
            "tags": {},
            "tags_all": {},
            "timeouts": null
          },
          "sensitive_attributes": [],
          "private": "eyJlMmJmYjczMC1lY2FhLTExZTYtOGY4OC0zNDM2M2JjN2M0YzAiOnsiZGVsZXRlIjoxMjAwMDAwMDAwMDAwfX0="
        }
      ]
    },
    {
      "mode": "managed",
      "type": "aws_ecr_repository",
      "name": "frontend",
      "provider": "provider[\"registry.terraform.io/hashicorp/aws\"]",
      "instances": [
        {
          "schema_version": 0,
          "attributes": {
            "arn": "arn:aws:ecr:us-east-1:514072627411:repository/frontend",
            "encryption_configuration": [
              {
                "encryption_type": "AES256",
                "kms_key": ""
              }
            ],
            "id": "frontend",
            "image_scanning_configuration": [
              {
                "scan_on_push": false
              }
            ],
            "image_tag_mutability": "MUTABLE",
            "name": "frontend",
            "registry_id": "514072627411",
            "repository_url": "514072627411.dkr.ecr.us-east-1.amazonaws.com/frontend",
            "tags": {},
            "tags_all": {},
            "timeouts": null
          },
          "sensitive_attributes": [],
          "private": "eyJlMmJmYjczMC1lY2FhLTExZTYtOGY4OC0zNDM2M2JjN2M0YzAiOnsiZGVsZXRlIjoxMjAwMDAwMDAwMDAwfX0="
        }
      ]
    },
    {
      "mode": "managed",
      "type": "aws_ecs_cluster",
      "name": "ecs_vpc",
      "provider": "provider[\"registry.terraform.io/hashicorp/aws\"]",
      "instances": [
        {
          "schema_version": 0,
          "attributes": {
            "arn": "arn:aws:ecs:us-east-1:514072627411:cluster/vb-poc",
            "capacity_providers": [],
            "configuration": [],
            "default_capacity_provider_strategy": [],
            "id": "arn:aws:ecs:us-east-1:514072627411:cluster/vb-poc",
            "name": "vb-poc",
            "setting": [
              {
                "name": "containerInsights",
                "value": "disabled"
              }
            ],
            "tags": {},
            "tags_all": {}
          },
          "sensitive_attributes": [],
          "private": "bnVsbA=="
        }
      ]
    },
    {
      "mode": "managed",
      "type": "aws_ecs_service",
      "name": "backend",
      "provider": "provider[\"registry.terraform.io/hashicorp/aws\"]",
      "instances": [
        {
          "schema_version": 0,
          "attributes": {
            "capacity_provider_strategy": [],
            "cluster": "arn:aws:ecs:us-east-1:514072627411:cluster/vb-poc",
            "deployment_circuit_breaker": [
              {
                "enable": false,
                "rollback": false
              }
            ],
            "deployment_controller": [
              {
                "type": "ECS"
              }
            ],
            "deployment_maximum_percent": 200,
            "deployment_minimum_healthy_percent": 100,
            "desired_count": 2,
            "enable_ecs_managed_tags": false,
            "enable_execute_command": false,
            "force_new_deployment": null,
            "health_check_grace_period_seconds": 0,
            "iam_role": "aws-service-role",
            "id": "arn:aws:ecs:us-east-1:514072627411:service/vb-poc/vb-poc-backend",
            "launch_type": "FARGATE",
            "load_balancer": [],
            "name": "vb-poc-backend",
            "network_configuration": [
              {
                "assign_public_ip": false,
                "security_groups": [
                  "sg-085ec9822755b5a12"
                ],
                "subnets": [
                  "subnet-05af3f541c499e577",
                  "subnet-05d30bd962d0eeb2b"
                ]
              }
            ],
            "ordered_placement_strategy": [],
            "placement_constraints": [],
            "platform_version": "LATEST",
            "propagate_tags": "NONE",
            "scheduling_strategy": "REPLICA",
            "service_registries": [
              {
                "container_name": "",
                "container_port": 0,
                "port": 0,
                "registry_arn": "arn:aws:servicediscovery:us-east-1:514072627411:service/srv-i3zvdolc3xvdfehc"
              }
            ],
            "tags": {},
            "tags_all": {},
            "task_definition": "arn:aws:ecs:us-east-1:514072627411:task-definition/vb-poc-backend:19",
            "timeouts": null,
            "wait_for_steady_state": false
          },
          "sensitive_attributes": [],
          "private": "eyJlMmJmYjczMC1lY2FhLTExZTYtOGY4OC0zNDM2M2JjN2M0YzAiOnsiZGVsZXRlIjoxMjAwMDAwMDAwMDAwfX0=",
          "dependencies": [
            "aws_ecs_cluster.ecs_vpc",
            "aws_ecs_task_definition.backend",
            "aws_iam_role.backend_task_execution_role",
            "aws_secretsmanager_secret.backend_cert",
            "aws_security_group.ecs_backend_task",
            "aws_service_discovery_service.backend",
            "aws_subnet.private_ecs",
            "data.aws_iam_policy_document.backend_task_execution_role"
          ]
        }
      ]
    },
    {
      "mode": "managed",
      "type": "aws_ecs_service",
      "name": "frontend",
      "provider": "provider[\"registry.terraform.io/hashicorp/aws\"]",
      "instances": [
        {
          "schema_version": 0,
          "attributes": {
            "capacity_provider_strategy": [],
            "cluster": "arn:aws:ecs:us-east-1:514072627411:cluster/vb-poc",
            "deployment_circuit_breaker": [
              {
                "enable": false,
                "rollback": false
              }
            ],
            "deployment_controller": [
              {
                "type": "ECS"
              }
            ],
            "deployment_maximum_percent": 200,
            "deployment_minimum_healthy_percent": 100,
            "desired_count": 2,
            "enable_ecs_managed_tags": false,
            "enable_execute_command": false,
            "force_new_deployment": null,
            "health_check_grace_period_seconds": 0,
            "iam_role": "aws-service-role",
            "id": "arn:aws:ecs:us-east-1:514072627411:service/vb-poc/vb-poc-frontend",
            "launch_type": "FARGATE",
            "load_balancer": [],
            "name": "vb-poc-frontend",
            "network_configuration": [
              {
                "assign_public_ip": false,
                "security_groups": [
                  "sg-045287e6e9c0c93cf"
                ],
                "subnets": [
                  "subnet-05af3f541c499e577",
                  "subnet-05d30bd962d0eeb2b"
                ]
              }
            ],
            "ordered_placement_strategy": [],
            "placement_constraints": [],
            "platform_version": "LATEST",
            "propagate_tags": "NONE",
            "scheduling_strategy": "REPLICA",
            "service_registries": [
              {
                "container_name": "",
                "container_port": 0,
                "port": 0,
                "registry_arn": "arn:aws:servicediscovery:us-east-1:514072627411:service/srv-ffw2y6bd3qgnxiba"
              }
            ],
            "tags": {},
            "tags_all": {},
            "task_definition": "arn:aws:ecs:us-east-1:514072627411:task-definition/vb-poc-frontend:10",
            "timeouts": null,
            "wait_for_steady_state": false
          },
          "sensitive_attributes": [],
          "private": "eyJlMmJmYjczMC1lY2FhLTExZTYtOGY4OC0zNDM2M2JjN2M0YzAiOnsiZGVsZXRlIjoxMjAwMDAwMDAwMDAwfX0=",
          "dependencies": [
            "aws_ecs_cluster.ecs_vpc",
            "aws_ecs_task_definition.frontend",
            "aws_iam_role.frontend_task_execution_role",
            "aws_secretsmanager_secret.frontend_cert",
            "aws_security_group.ecs_frontend_task",
            "aws_service_discovery_service.frontend",
            "aws_subnet.private_ecs",
            "data.aws_iam_policy_document.frontend_task_execution_role"
          ]
        }
      ]
    },
    {
      "mode": "managed",
      "type": "aws_ecs_service",
      "name": "gateway",
      "provider": "provider[\"registry.terraform.io/hashicorp/aws\"]",
      "instances": [
        {
          "schema_version": 0,
          "attributes": {
            "capacity_provider_strategy": [],
            "cluster": "arn:aws:ecs:us-east-1:514072627411:cluster/vb-poc",
            "deployment_circuit_breaker": [
              {
                "enable": false,
                "rollback": false
              }
            ],
            "deployment_controller": [
              {
                "type": "ECS"
              }
            ],
            "deployment_maximum_percent": 200,
            "deployment_minimum_healthy_percent": 100,
            "desired_count": 2,
            "enable_ecs_managed_tags": false,
            "enable_execute_command": false,
            "force_new_deployment": null,
            "health_check_grace_period_seconds": 0,
            "iam_role": "aws-service-role",
            "id": "arn:aws:ecs:us-east-1:514072627411:service/vb-poc/vb-poc-gateway",
            "launch_type": "FARGATE",
            "load_balancer": [
              {
                "container_name": "vb-poc-gateway",
                "container_port": 8080,
                "elb_name": "",
                "target_group_arn": "arn:aws:elasticloadbalancing:us-east-1:514072627411:targetgroup/vb-poc-gateway/4003c9d89da9830d"
              }
            ],
            "name": "vb-poc-gateway",
            "network_configuration": [
              {
                "assign_public_ip": false,
                "security_groups": [
                  "sg-07f781d930028f492",
                  "sg-0ad78a25545887462"
                ],
                "subnets": [
                  "subnet-05af3f541c499e577",
                  "subnet-05d30bd962d0eeb2b"
                ]
              }
            ],
            "ordered_placement_strategy": [],
            "placement_constraints": [],
            "platform_version": "LATEST",
            "propagate_tags": "NONE",
            "scheduling_strategy": "REPLICA",
            "service_registries": [
              {
                "container_name": "",
                "container_port": 0,
                "port": 0,
                "registry_arn": "arn:aws:servicediscovery:us-east-1:514072627411:service/srv-ulwvsas6etqvoz6p"
              }
            ],
            "tags": {},
            "tags_all": {},
            "task_definition": "arn:aws:ecs:us-east-1:514072627411:task-definition/vb-poc-gateway:2",
            "timeouts": null,
            "wait_for_steady_state": false
          },
          "sensitive_attributes": [],
          "private": "eyJlMmJmYjczMC1lY2FhLTExZTYtOGY4OC0zNDM2M2JjN2M0YzAiOnsiZGVsZXRlIjoxMjAwMDAwMDAwMDAwfX0=",
          "dependencies": [
            "aws_alb_listener.gateway",
            "aws_alb_target_group.gateway",
            "aws_ecs_cluster.ecs_vpc",
            "aws_ecs_task_definition.gateway",
            "aws_iam_role.gateway_task_execution_role",
            "aws_secretsmanager_secret.gateway_cert",
            "aws_security_group.bastion-sg",
            "aws_security_group.gateway",
            "aws_service_discovery_service.gateway",
            "aws_subnet.private_ecs",
            "data.aws_iam_policy_document.gateway_task_execution_role"
          ]
        }
      ]
    },
    {
      "mode": "managed",
      "type": "aws_ecs_task_definition",
      "name": "backend",
      "provider": "provider[\"registry.terraform.io/hashicorp/aws\"]",
      "instances": [
        {
          "schema_version": 1,
          "attributes": {
            "arn": "arn:aws:ecs:us-east-1:514072627411:task-definition/vb-poc-backend:19",
            "container_definitions": "[{\"cpu\":256,\"environment\":[],\"essential\":true,\"image\":\"514072627411.dkr.ecr.us-east-1.amazonaws.com/backend:0.0.1\",\"logConfiguration\":{\"logDriver\":\"awslogs\",\"options\":{\"awslogs-group\":\"/ecs/vb\",\"awslogs-region\":\"us-east-1\",\"awslogs-stream-prefix\":\"backendvb\"}},\"memory\":512,\"mountPoints\":[],\"name\":\"vb-poc-backend\",\"portMappings\":[{\"containerPort\":3000,\"hostPort\":3000,\"protocol\":\"tcp\"}],\"volumesFrom\":[]},{\"cpu\":0,\"environment\":[{\"name\":\"APPMESH_VIRTUAL_NODE_NAME\",\"value\":\"mesh/vb-poc/virtualNode/vb-poc-backend\"},{\"name\":\"ENABLE_ENVOY_XRAY_TRACING\",\"value\":\"1\"}],\"essential\":true,\"healthCheck\":{\"command\":[\"CMD-SHELL\",\"curl -s http://localhost:9901/server_info | grep state | grep -q LIVE\"],\"interval\":5,\"retries\":3,\"startPeriod\":10,\"timeout\":2},\"image\":\"514072627411.dkr.ecr.us-east-1.amazonaws.com/envoy:0.0.1\",\"logConfiguration\":{\"logDriver\":\"awslogs\",\"options\":{\"awslogs-group\":\"/ecs/vb\",\"awslogs-region\":\"us-east-1\",\"awslogs-stream-prefix\":\"envoyvb\"}},\"memoryReservation\":256,\"mountPoints\":[],\"name\":\"vb-poc-backend-proxy\",\"portMappings\":[{\"containerPort\":9901,\"hostPort\":9901,\"protocol\":\"tcp\"}],\"secrets\":[{\"name\":\"CertSecret\",\"valueFrom\":\"arn:aws:secretsmanager:us-east-1:514072627411:secret:backend_cert-oCYTPu\"}],\"ulimits\":[{\"hardLimit\":15000,\"name\":\"nofile\",\"softLimit\":15000}],\"user\":\"1337\",\"volumesFrom\":[]},{\"cpu\":0,\"environment\":[],\"essential\":true,\"image\":\"amazon/aws-xray-daemon\",\"logConfiguration\":{\"logDriver\":\"awslogs\",\"options\":{\"awslogs-group\":\"/ecs/vb\",\"awslogs-region\":\"us-east-1\",\"awslogs-stream-prefix\":\"xrayvb\"}},\"mountPoints\":[],\"name\":\"xray-daemon\",\"portMappings\":[{\"containerPort\":2000,\"hostPort\":2000,\"protocol\":\"udp\"}],\"volumesFrom\":[]}]",
            "cpu": "256",
            "ephemeral_storage": [],
            "execution_role_arn": "arn:aws:iam::514072627411:role/backend-task-execution-role",
            "family": "vb-poc-backend",
            "id": "vb-poc-backend",
            "inference_accelerator": [],
            "ipc_mode": "",
            "memory": "512",
            "network_mode": "awsvpc",
            "pid_mode": "",
            "placement_constraints": [],
            "proxy_configuration": [
              {
                "container_name": "vb-poc-backend-proxy",
                "properties": {
                  "AppPorts": "3000",
                  "EgressIgnoredIPs": "169.254.170.2,169.254.169.254",
                  "IgnoredUID": "1337",
                  "ProxyEgressPort": "15001",
                  "ProxyIngressPort": "15000"
                },
                "type": "APPMESH"
              }
            ],
            "requires_compatibilities": [
              "FARGATE"
            ],
            "revision": 19,
            "tags": null,
            "tags_all": {},
            "task_role_arn": "arn:aws:iam::514072627411:role/backend-task-execution-role",
            "volume": []
          },
          "sensitive_attributes": [],
          "private": "eyJzY2hlbWFfdmVyc2lvbiI6IjEifQ==",
          "dependencies": [
            "aws_iam_role.backend_task_execution_role",
            "aws_secretsmanager_secret.backend_cert",
            "data.aws_iam_policy_document.backend_task_execution_role"
          ]
        }
      ]
    },
    {
      "mode": "managed",
      "type": "aws_ecs_task_definition",
      "name": "frontend",
      "provider": "provider[\"registry.terraform.io/hashicorp/aws\"]",
      "instances": [
        {
          "schema_version": 1,
          "attributes": {
            "arn": "arn:aws:ecs:us-east-1:514072627411:task-definition/vb-poc-frontend:10",
            "container_definitions": "[{\"cpu\":256,\"environment\":[{\"name\":\"BACKEND_URL\",\"value\":\"http://backend.vb.ecs-mesh:3000\"}],\"essential\":true,\"image\":\"514072627411.dkr.ecr.us-east-1.amazonaws.com/frontend:0.0.1\",\"logConfiguration\":{\"logDriver\":\"awslogs\",\"options\":{\"awslogs-group\":\"/ecs/vb\",\"awslogs-region\":\"us-east-1\",\"awslogs-stream-prefix\":\"frontendvb\"}},\"memory\":512,\"mountPoints\":[],\"name\":\"vb-poc-frontend\",\"portMappings\":[{\"containerPort\":3000,\"hostPort\":3000,\"protocol\":\"tcp\"}],\"volumesFrom\":[]},{\"cpu\":0,\"environment\":[{\"name\":\"APPMESH_VIRTUAL_NODE_NAME\",\"value\":\"mesh/vb-poc/virtualNode/vb-poc-frontend\"},{\"name\":\"ENABLE_ENVOY_XRAY_TRACING\",\"value\":\"1\"}],\"essential\":true,\"healthCheck\":{\"command\":[\"CMD-SHELL\",\"curl -s http://localhost:9901/server_info | grep state | grep -q LIVE\"],\"interval\":5,\"retries\":3,\"startPeriod\":10,\"timeout\":2},\"image\":\"514072627411.dkr.ecr.us-east-1.amazonaws.com/envoy:0.0.1\",\"logConfiguration\":{\"logDriver\":\"awslogs\",\"options\":{\"awslogs-group\":\"/ecs/vb\",\"awslogs-region\":\"us-east-1\",\"awslogs-stream-prefix\":\"envoyvb\"}},\"memoryReservation\":256,\"mountPoints\":[],\"name\":\"vb-poc-frontend-proxy\",\"portMappings\":[{\"containerPort\":9901,\"hostPort\":9901,\"protocol\":\"tcp\"}],\"secrets\":[{\"name\":\"CertSecret\",\"valueFrom\":\"arn:aws:secretsmanager:us-east-1:514072627411:secret:frontend_cert-XALAvt\"}],\"ulimits\":[{\"hardLimit\":15000,\"name\":\"nofile\",\"softLimit\":15000}],\"user\":\"1337\",\"volumesFrom\":[]},{\"cpu\":0,\"environment\":[],\"essential\":true,\"image\":\"amazon/aws-xray-daemon\",\"logConfiguration\":{\"logDriver\":\"awslogs\",\"options\":{\"awslogs-group\":\"/ecs/vb\",\"awslogs-region\":\"us-east-1\",\"awslogs-stream-prefix\":\"xrayvb\"}},\"mountPoints\":[],\"name\":\"xray-daemon\",\"portMappings\":[{\"containerPort\":2000,\"hostPort\":2000,\"protocol\":\"udp\"}],\"volumesFrom\":[]}]",
            "cpu": "256",
            "ephemeral_storage": [],
            "execution_role_arn": "arn:aws:iam::514072627411:role/frontend-task-execution-role",
            "family": "vb-poc-frontend",
            "id": "vb-poc-frontend",
            "inference_accelerator": [],
            "ipc_mode": "",
            "memory": "512",
            "network_mode": "awsvpc",
            "pid_mode": "",
            "placement_constraints": [],
            "proxy_configuration": [
              {
                "container_name": "vb-poc-frontend-proxy",
                "properties": {
                  "AppPorts": "3000",
                  "EgressIgnoredIPs": "169.254.170.2,169.254.169.254",
                  "IgnoredUID": "1337",
                  "ProxyEgressPort": "15001",
                  "ProxyIngressPort": "15000"
                },
                "type": "APPMESH"
              }
            ],
            "requires_compatibilities": [
              "FARGATE"
            ],
            "revision": 10,
            "tags": null,
            "tags_all": {},
            "task_role_arn": "arn:aws:iam::514072627411:role/frontend-task-execution-role",
            "volume": []
          },
          "sensitive_attributes": [],
          "private": "eyJzY2hlbWFfdmVyc2lvbiI6IjEifQ==",
          "dependencies": [
            "aws_iam_role.frontend_task_execution_role",
            "aws_secretsmanager_secret.frontend_cert",
            "data.aws_iam_policy_document.frontend_task_execution_role"
          ]
        }
      ]
    },
    {
      "mode": "managed",
      "type": "aws_ecs_task_definition",
      "name": "gateway",
      "provider": "provider[\"registry.terraform.io/hashicorp/aws\"]",
      "instances": [
        {
          "schema_version": 1,
          "attributes": {
            "arn": "arn:aws:ecs:us-east-1:514072627411:task-definition/vb-poc-gateway:2",
            "container_definitions": "[{\"cpu\":256,\"environment\":[{\"name\":\"APPMESH_VIRTUAL_NODE_NAME\",\"value\":\"mesh/vb-poc/virtualGateway/vb-poc-gateway\"},{\"name\":\"ENABLE_ENVOY_XRAY_TRACING\",\"value\":\"1\"}],\"essential\":true,\"healthCheck\":{\"command\":[\"CMD-SHELL\",\"curl -s http://localhost:9901/server_info | grep state | grep -q LIVE\"],\"interval\":5,\"retries\":3,\"startPeriod\":10,\"timeout\":2},\"image\":\"514072627411.dkr.ecr.us-east-1.amazonaws.com/envoy:0.0.1\",\"logConfiguration\":{\"logDriver\":\"awslogs\",\"options\":{\"awslogs-group\":\"/ecs/vb\",\"awslogs-region\":\"us-east-1\",\"awslogs-stream-prefix\":\"envoyvb\"}},\"memory\":512,\"mountPoints\":[],\"name\":\"vb-poc-gateway\",\"portMappings\":[{\"containerPort\":8080,\"hostPort\":8080,\"protocol\":\"tcp\"},{\"containerPort\":9901,\"hostPort\":9901,\"protocol\":\"tcp\"}],\"secrets\":[{\"name\":\"CertSecret\",\"valueFrom\":\"arn:aws:secretsmanager:us-east-1:514072627411:secret:gateway_cert-GV7E7E\"}],\"ulimits\":[{\"hardLimit\":15000,\"name\":\"nofile\",\"softLimit\":15000}],\"user\":\"1337\",\"volumesFrom\":[]},{\"cpu\":0,\"environment\":[],\"essential\":true,\"image\":\"amazon/aws-xray-daemon\",\"logConfiguration\":{\"logDriver\":\"awslogs\",\"options\":{\"awslogs-group\":\"/ecs/vb\",\"awslogs-region\":\"us-east-1\",\"awslogs-stream-prefix\":\"xrayvb\"}},\"mountPoints\":[],\"name\":\"xray-daemon\",\"portMappings\":[{\"containerPort\":2000,\"hostPort\":2000,\"protocol\":\"udp\"}],\"volumesFrom\":[]}]",
            "cpu": "256",
            "ephemeral_storage": [],
            "execution_role_arn": "arn:aws:iam::514072627411:role/gateway-task-execution-role",
            "family": "vb-poc-gateway",
            "id": "vb-poc-gateway",
            "inference_accelerator": [],
            "ipc_mode": "",
            "memory": "512",
            "network_mode": "awsvpc",
            "pid_mode": "",
            "placement_constraints": [],
            "proxy_configuration": [],
            "requires_compatibilities": [
              "FARGATE"
            ],
            "revision": 2,
            "tags": null,
            "tags_all": {},
            "task_role_arn": "arn:aws:iam::514072627411:role/gateway-task-execution-role",
            "volume": []
          },
          "sensitive_attributes": [],
          "private": "eyJzY2hlbWFfdmVyc2lvbiI6IjEifQ==",
          "dependencies": [
            "aws_iam_role.gateway_task_execution_role",
            "aws_secretsmanager_secret.gateway_cert",
            "data.aws_iam_policy_document.gateway_task_execution_role"
          ]
        }
      ]
    },
    {
      "mode": "managed",
      "type": "aws_eip",
      "name": "gw",
      "provider": "provider[\"registry.terraform.io/hashicorp/aws\"]",
      "instances": [
        {
          "index_key": 0,
          "schema_version": 0,
          "attributes": {
            "address": null,
            "allocation_id": null,
            "associate_with_private_ip": null,
            "association_id": "eipassoc-0dae11e6593f9adec",
            "carrier_ip": "",
            "customer_owned_ip": "",
            "customer_owned_ipv4_pool": "",
            "domain": "vpc",
            "id": "eipalloc-07d8e8dc0f04ada8d",
            "instance": "",
            "network_border_group": "us-east-1",
            "network_interface": "eni-0a8c20d089027550e",
            "private_dns": "ip-172-17-2-151.ec2.internal",
            "private_ip": "172.17.2.151",
            "public_dns": "ec2-52-55-207-100.compute-1.amazonaws.com",
            "public_ip": "52.55.207.100",
            "public_ipv4_pool": "amazon",
            "tags": {},
            "tags_all": {},
            "timeouts": null,
            "vpc": true
          },
          "sensitive_attributes": [],
          "private": "eyJlMmJmYjczMC1lY2FhLTExZTYtOGY4OC0zNDM2M2JjN2M0YzAiOnsiZGVsZXRlIjoxODAwMDAwMDAwMDAsInJlYWQiOjkwMDAwMDAwMDAwMCwidXBkYXRlIjozMDAwMDAwMDAwMDB9fQ==",
          "dependencies": [
            "aws_internet_gateway.gw",
            "aws_vpc.ecs_vpc"
          ]
        },
        {
          "index_key": 1,
          "schema_version": 0,
          "attributes": {
            "address": null,
            "allocation_id": null,
            "associate_with_private_ip": null,
            "association_id": "eipassoc-00007a090ac3add5e",
            "carrier_ip": "",
            "customer_owned_ip": "",
            "customer_owned_ipv4_pool": "",
            "domain": "vpc",
            "id": "eipalloc-072a69b662302d55d",
            "instance": "",
            "network_border_group": "us-east-1",
            "network_interface": "eni-0ae9964c2ac5fd92f",
            "private_dns": "ip-172-17-3-218.ec2.internal",
            "private_ip": "172.17.3.218",
            "public_dns": "ec2-52-5-62-242.compute-1.amazonaws.com",
            "public_ip": "52.5.62.242",
            "public_ipv4_pool": "amazon",
            "tags": {},
            "tags_all": {},
            "timeouts": null,
            "vpc": true
          },
          "sensitive_attributes": [],
          "private": "eyJlMmJmYjczMC1lY2FhLTExZTYtOGY4OC0zNDM2M2JjN2M0YzAiOnsiZGVsZXRlIjoxODAwMDAwMDAwMDAsInJlYWQiOjkwMDAwMDAwMDAwMCwidXBkYXRlIjozMDAwMDAwMDAwMDB9fQ==",
          "dependencies": [
            "aws_internet_gateway.gw",
            "aws_vpc.ecs_vpc"
          ]
        }
      ]
    },
    {
      "mode": "managed",
      "type": "aws_iam_policy",
      "name": "backend-get-acm-policy",
      "provider": "provider[\"registry.terraform.io/hashicorp/aws\"]",
      "instances": [
        {
          "schema_version": 0,
          "attributes": {
            "arn": "arn:aws:iam::514072627411:policy/backend-get-acm-policy",
            "description": "get-acm-policy",
            "id": "arn:aws:iam::514072627411:policy/backend-get-acm-policy",
            "name": "backend-get-acm-policy",
            "name_prefix": null,
            "path": "/",
            "policy": "{\n    \"Version\": \"2012-10-17\",\n    \"Statement\": [\n        {\n            \"Sid\": \"\",\n            \"Effect\": \"Allow\",\n            \"Action\": \"acm:ExportCertificate\",\n            \"Resource\": \"arn:aws:acm:us-east-1:514072627411:certificate/09a226d1-c8a8-4a8f-8180-1ba78d77cbfa\"\n        },\n        {\n            \"Sid\": \"\",\n            \"Effect\": \"Allow\",\n            \"Action\": \"acm-pca:GetCertificateAuthorityCertificate\",\n            \"Resource\": \"arn:aws:acm-pca:us-east-1:514072627411:certificate-authority/1fffd402-94f2-4372-a035-10064ccd8300\"\n        },\n        {\n            \"Sid\": \"\",\n            \"Effect\": \"Allow\",\n            \"Action\": \"secretsmanager:GetSecretValue\",\n            \"Resource\": \"arn:aws:secretsmanager:us-east-1:514072627411:secret:backend_cert-oCYTPu\" \n        }\n    ]\n}\n",
            "policy_id": "ANPAXPMI5ZDJ52T7OQFHR",
            "tags": {},
            "tags_all": {}
          },
          "sensitive_attributes": [],
          "private": "bnVsbA==",
          "dependencies": [
            "aws_acm_certificate.backend_cert",
            "aws_acmpca_certificate_authority.mesh_ca",
            "aws_secretsmanager_secret.backend_cert"
          ]
        }
      ]
    },
    {
      "mode": "managed",
      "type": "aws_iam_policy",
      "name": "fetch-backend-cert",
      "provider": "provider[\"registry.terraform.io/hashicorp/aws\"]",
      "instances": [
        {
          "schema_version": 0,
          "attributes": {
            "arn": "arn:aws:iam::514072627411:policy/fetch-backend-cert",
            "description": "fetch-backend-cert",
            "id": "arn:aws:iam::514072627411:policy/fetch-backend-cert",
            "name": "fetch-backend-cert",
            "name_prefix": null,
            "path": "/",
            "policy": "{\n    \"Version\": \"2012-10-17\",\n    \"Statement\": [\n        {\n            \"Sid\": \"\",\n            \"Effect\": \"Allow\",\n            \"Action\": \"secretsmanager:GetRandomPassword\",\n            \"Resource\": \"*\"\n        },\n        {\n            \"Sid\": \"\",\n            \"Effect\": \"Allow\",\n            \"Action\": \"secretsmanager:PutSecretValue\",\n            \"Resource\": \"*\" \n        },\n        {\n            \"Sid\": \"\",\n            \"Effect\": \"Allow\",\n            \"Action\": \"acm:ExportCertificate\",\n            \"Resource\": \"arn:aws:acm:us-east-1:514072627411:certificate/09a226d1-c8a8-4a8f-8180-1ba78d77cbfa\"\n        },\n        {\n            \"Sid\": \"\",\n            \"Effect\": \"Allow\",\n            \"Action\": \"acm-pca:GetCertificateAuthorityCertificate\",\n            \"Resource\": \"arn:aws:acm-pca:us-east-1:514072627411:certificate-authority/1fffd402-94f2-4372-a035-10064ccd8300\"\n        }\n    ]\n}\n",
            "policy_id": "ANPAXPMI5ZDJZSMW3GJCS",
            "tags": {},
            "tags_all": {}
          },
          "sensitive_attributes": [],
          "private": "bnVsbA==",
          "dependencies": [
            "aws_acm_certificate.backend_cert",
            "aws_acmpca_certificate_authority.mesh_ca"
          ]
        }
      ]
    },
    {
      "mode": "managed",
      "type": "aws_iam_policy",
      "name": "fetch-frontend-cert",
      "provider": "provider[\"registry.terraform.io/hashicorp/aws\"]",
      "instances": [
        {
          "schema_version": 0,
          "attributes": {
            "arn": "arn:aws:iam::514072627411:policy/fetch-frontend-cert",
            "description": "fetch-frontend-cert",
            "id": "arn:aws:iam::514072627411:policy/fetch-frontend-cert",
            "name": "fetch-frontend-cert",
            "name_prefix": null,
            "path": "/",
            "policy": "{\n    \"Version\": \"2012-10-17\",\n    \"Statement\": [\n        {\n            \"Sid\": \"\",\n            \"Effect\": \"Allow\",\n            \"Action\": \"secretsmanager:GetRandomPassword\",\n            \"Resource\": \"*\"\n        },\n        {\n            \"Sid\": \"\",\n            \"Effect\": \"Allow\",\n            \"Action\": \"secretsmanager:PutSecretValue\",\n            \"Resource\": \"*\" \n        },\n        {\n            \"Sid\": \"\",\n            \"Effect\": \"Allow\",\n            \"Action\": \"acm:ExportCertificate\",\n            \"Resource\": \"arn:aws:acm:us-east-1:514072627411:certificate/4bc67de4-edf3-4f5b-be9b-eb79008a543d\"\n        },\n        {\n            \"Sid\": \"\",\n            \"Effect\": \"Allow\",\n            \"Action\": \"acm-pca:GetCertificateAuthorityCertificate\",\n            \"Resource\": \"arn:aws:acm-pca:us-east-1:514072627411:certificate-authority/1fffd402-94f2-4372-a035-10064ccd8300\"\n        }\n    ]\n}\n",
            "policy_id": "ANPAXPMI5ZDJSGW5FTOOK",
            "tags": {},
            "tags_all": {}
          },
          "sensitive_attributes": [],
          "private": "bnVsbA==",
          "dependencies": [
            "aws_acmpca_certificate_authority.mesh_ca",
            "aws_acm_certificate.frontend_cert"
          ]
        }
      ]
    },
    {
      "mode": "managed",
      "type": "aws_iam_policy",
      "name": "fetch-gateway-cert",
      "provider": "provider[\"registry.terraform.io/hashicorp/aws\"]",
      "instances": [
        {
          "schema_version": 0,
          "attributes": {
            "arn": "arn:aws:iam::514072627411:policy/fetch-gateway-cert",
            "description": "fetch-gateway-cert",
            "id": "arn:aws:iam::514072627411:policy/fetch-gateway-cert",
            "name": "fetch-gateway-cert",
            "name_prefix": null,
            "path": "/",
            "policy": "{\n    \"Version\": \"2012-10-17\",\n    \"Statement\": [\n        {\n            \"Sid\": \"\",\n            \"Effect\": \"Allow\",\n            \"Action\": \"secretsmanager:GetRandomPassword\",\n            \"Resource\": \"*\"\n        },\n        {\n            \"Sid\": \"\",\n            \"Effect\": \"Allow\",\n            \"Action\": \"secretsmanager:PutSecretValue\",\n            \"Resource\": \"*\" \n        },\n        {\n            \"Sid\": \"\",\n            \"Effect\": \"Allow\",\n            \"Action\": \"acm:ExportCertificate\",\n            \"Resource\": \"arn:aws:acm:us-east-1:514072627411:certificate/ec04321c-e2e8-4d2c-8cb4-eda0e1af1a90\"\n        },\n        {\n            \"Sid\": \"\",\n            \"Effect\": \"Allow\",\n            \"Action\": \"acm-pca:GetCertificateAuthorityCertificate\",\n            \"Resource\": \"arn:aws:acm-pca:us-east-1:514072627411:certificate-authority/1fffd402-94f2-4372-a035-10064ccd8300\"\n        }\n    ]\n}\n",
            "policy_id": "ANPAXPMI5ZDJ37MF4ENQL",
            "tags": {},
            "tags_all": {}
          },
          "sensitive_attributes": [],
          "private": "bnVsbA==",
          "dependencies": [
            "aws_acm_certificate.gateway_cert",
            "aws_acmpca_certificate_authority.mesh_ca"
          ]
        }
      ]
    },
    {
      "mode": "managed",
      "type": "aws_iam_policy",
      "name": "frontend-get-acm-policy",
      "provider": "provider[\"registry.terraform.io/hashicorp/aws\"]",
      "instances": [
        {
          "schema_version": 0,
          "attributes": {
            "arn": "arn:aws:iam::514072627411:policy/frontend-get-acm-policy",
            "description": "get-acm-policy",
            "id": "arn:aws:iam::514072627411:policy/frontend-get-acm-policy",
            "name": "frontend-get-acm-policy",
            "name_prefix": null,
            "path": "/",
            "policy": "{\n    \"Version\": \"2012-10-17\",\n    \"Statement\": [\n        {\n            \"Sid\": \"\",\n            \"Effect\": \"Allow\",\n            \"Action\": \"acm:ExportCertificate\",\n            \"Resource\": \"arn:aws:acm:us-east-1:514072627411:certificate/4bc67de4-edf3-4f5b-be9b-eb79008a543d\"\n        },\n        {\n            \"Sid\": \"\",\n            \"Effect\": \"Allow\",\n            \"Action\": \"acm-pca:GetCertificateAuthorityCertificate\",\n            \"Resource\": \"arn:aws:acm-pca:us-east-1:514072627411:certificate-authority/1fffd402-94f2-4372-a035-10064ccd8300\"\n        },\n        {\n            \"Sid\": \"\",\n            \"Effect\": \"Allow\",\n            \"Action\": \"secretsmanager:GetSecretValue\",\n            \"Resource\": \"arn:aws:secretsmanager:us-east-1:514072627411:secret:frontend_cert-XALAvt\" \n        }\n    ]\n}\n",
            "policy_id": "ANPAXPMI5ZDJSMRRYXG3D",
            "tags": {},
            "tags_all": {}
          },
          "sensitive_attributes": [],
          "private": "bnVsbA==",
          "dependencies": [
            "aws_acm_certificate.frontend_cert",
            "aws_acmpca_certificate_authority.mesh_ca",
            "aws_secretsmanager_secret.frontend_cert"
          ]
        }
      ]
    },
    {
      "mode": "managed",
      "type": "aws_iam_policy",
      "name": "gateway-get-acm-policy",
      "provider": "provider[\"registry.terraform.io/hashicorp/aws\"]",
      "instances": [
        {
          "schema_version": 0,
          "attributes": {
            "arn": "arn:aws:iam::514072627411:policy/gateway-get-acm-policy",
            "description": "get-acm-policy",
            "id": "arn:aws:iam::514072627411:policy/gateway-get-acm-policy",
            "name": "gateway-get-acm-policy",
            "name_prefix": null,
            "path": "/",
            "policy": "{\n    \"Version\": \"2012-10-17\",\n    \"Statement\": [\n        {\n            \"Sid\": \"\",\n            \"Effect\": \"Allow\",\n            \"Action\": \"acm:ExportCertificate\",\n            \"Resource\": \"arn:aws:acm:us-east-1:514072627411:certificate/4bc67de4-edf3-4f5b-be9b-eb79008a543d\"\n        },\n        {\n            \"Sid\": \"\",\n            \"Effect\": \"Allow\",\n            \"Action\": \"acm:ExportCertificate\",\n            \"Resource\": \"arn:aws:acm:us-east-1:514072627411:certificate/09a226d1-c8a8-4a8f-8180-1ba78d77cbfa\"\n        },\n        {\n            \"Sid\": \"\",\n            \"Effect\": \"Allow\",\n            \"Action\": \"acm:ExportCertificate\",\n            \"Resource\": \"arn:aws:acm:us-east-1:514072627411:certificate/ec04321c-e2e8-4d2c-8cb4-eda0e1af1a90\"\n        },\n        {\n            \"Sid\": \"\",\n            \"Effect\": \"Allow\",\n            \"Action\": \"acm-pca:GetCertificateAuthorityCertificate\",\n            \"Resource\": \"arn:aws:acm-pca:us-east-1:514072627411:certificate-authority/1fffd402-94f2-4372-a035-10064ccd8300\"\n        },\n        {\n            \"Sid\": \"\",\n            \"Effect\": \"Allow\",\n            \"Action\": \"secretsmanager:GetSecretValue\",\n            \"Resource\": \"arn:aws:secretsmanager:us-east-1:514072627411:secret:gateway_cert-GV7E7E\" \n        }\n    ]\n}\n",
            "policy_id": "ANPAXPMI5ZDJ2XII5J4R4",
            "tags": {},
            "tags_all": {}
          },
          "sensitive_attributes": [],
          "private": "bnVsbA==",
          "dependencies": [
            "aws_acm_certificate.backend_cert",
            "aws_acm_certificate.frontend_cert",
            "aws_acm_certificate.gateway_cert",
            "aws_acmpca_certificate_authority.mesh_ca",
            "aws_secretsmanager_secret.gateway_cert"
          ]
        }
      ]
    },
    {
      "mode": "managed",
      "type": "aws_iam_role",
      "name": "backend_task_execution_role",
      "provider": "provider[\"registry.terraform.io/hashicorp/aws\"]",
      "instances": [
        {
          "schema_version": 0,
          "attributes": {
            "arn": "arn:aws:iam::514072627411:role/backend-task-execution-role",
            "assume_role_policy": "{\"Version\":\"2012-10-17\",\"Statement\":[{\"Sid\":\"\",\"Effect\":\"Allow\",\"Principal\":{\"Service\":\"ecs-tasks.amazonaws.com\"},\"Action\":\"sts:AssumeRole\"}]}",
            "create_date": "2021-10-29T19:41:28Z",
            "description": "",
            "force_detach_policies": false,
            "id": "backend-task-execution-role",
            "inline_policy": [
              {
                "name": "",
                "policy": ""
              }
            ],
            "managed_policy_arns": [],
            "max_session_duration": 3600,
            "name": "backend-task-execution-role",
            "name_prefix": "",
            "path": "/",
            "permissions_boundary": null,
            "tags": null,
            "tags_all": {},
            "unique_id": "AROAXPMI5ZDJYPLDNIGKV"
          },
          "sensitive_attributes": [],
          "private": "bnVsbA==",
          "dependencies": [
            "data.aws_iam_policy_document.backend_task_execution_role"
          ]
        }
      ]
    },
    {
      "mode": "managed",
      "type": "aws_iam_role",
      "name": "frontend_task_execution_role",
      "provider": "provider[\"registry.terraform.io/hashicorp/aws\"]",
      "instances": [
        {
          "schema_version": 0,
          "attributes": {
            "arn": "arn:aws:iam::514072627411:role/frontend-task-execution-role",
            "assume_role_policy": "{\"Version\":\"2012-10-17\",\"Statement\":[{\"Sid\":\"\",\"Effect\":\"Allow\",\"Principal\":{\"Service\":\"ecs-tasks.amazonaws.com\"},\"Action\":\"sts:AssumeRole\"}]}",
            "create_date": "2021-10-29T19:41:28Z",
            "description": "",
            "force_detach_policies": false,
            "id": "frontend-task-execution-role",
            "inline_policy": [
              {
                "name": "",
                "policy": ""
              }
            ],
            "managed_policy_arns": [],
            "max_session_duration": 3600,
            "name": "frontend-task-execution-role",
            "name_prefix": "",
            "path": "/",
            "permissions_boundary": null,
            "tags": null,
            "tags_all": {},
            "unique_id": "AROAXPMI5ZDJUTVNNEZYL"
          },
          "sensitive_attributes": [],
          "private": "bnVsbA==",
          "dependencies": [
            "data.aws_iam_policy_document.frontend_task_execution_role"
          ]
        }
      ]
    },
    {
      "mode": "managed",
      "type": "aws_iam_role",
      "name": "gateway_task_execution_role",
      "provider": "provider[\"registry.terraform.io/hashicorp/aws\"]",
      "instances": [
        {
          "schema_version": 0,
          "attributes": {
            "arn": "arn:aws:iam::514072627411:role/gateway-task-execution-role",
            "assume_role_policy": "{\"Version\":\"2012-10-17\",\"Statement\":[{\"Sid\":\"\",\"Effect\":\"Allow\",\"Principal\":{\"Service\":\"ecs-tasks.amazonaws.com\"},\"Action\":\"sts:AssumeRole\"}]}",
            "create_date": "2021-10-29T19:41:29Z",
            "description": "",
            "force_detach_policies": false,
            "id": "gateway-task-execution-role",
            "inline_policy": [
              {
                "name": "",
                "policy": ""
              }
            ],
            "managed_policy_arns": [],
            "max_session_duration": 3600,
            "name": "gateway-task-execution-role",
            "name_prefix": "",
            "path": "/",
            "permissions_boundary": null,
            "tags": null,
            "tags_all": {},
            "unique_id": "AROAXPMI5ZDJ3LMUE6EC2"
          },
          "sensitive_attributes": [],
          "private": "bnVsbA==",
          "dependencies": [
            "data.aws_iam_policy_document.gateway_task_execution_role"
          ]
        }
      ]
    },
    {
      "mode": "managed",
      "type": "aws_iam_role",
      "name": "iam_for_lambda_backend",
      "provider": "provider[\"registry.terraform.io/hashicorp/aws\"]",
      "instances": [
        {
          "schema_version": 0,
          "attributes": {
            "arn": "arn:aws:iam::514072627411:role/iam_for_lambda_backend",
            "assume_role_policy": "{\"Version\":\"2012-10-17\",\"Statement\":[{\"Sid\":\"\",\"Effect\":\"Allow\",\"Principal\":{\"Service\":\"lambda.amazonaws.com\"},\"Action\":\"sts:AssumeRole\"}]}",
            "create_date": "2021-10-20T22:38:01Z",
            "description": "",
            "force_detach_policies": false,
            "id": "iam_for_lambda_backend",
            "inline_policy": [
              {
                "name": "",
                "policy": ""
              }
            ],
            "managed_policy_arns": [
              "arn:aws:iam::514072627411:policy/fetch-backend-cert"
            ],
            "max_session_duration": 3600,
            "name": "iam_for_lambda_backend",
            "name_prefix": "",
            "path": "/",
            "permissions_boundary": null,
            "tags": {},
            "tags_all": {},
            "unique_id": "AROAXPMI5ZDJ6HP5ZYJEI"
          },
          "sensitive_attributes": [],
          "private": "bnVsbA=="
        }
      ]
    },
    {
      "mode": "managed",
      "type": "aws_iam_role",
      "name": "iam_for_lambda_frontend",
      "provider": "provider[\"registry.terraform.io/hashicorp/aws\"]",
      "instances": [
        {
          "schema_version": 0,
          "attributes": {
            "arn": "arn:aws:iam::514072627411:role/iam_for_lambda_frontend",
            "assume_role_policy": "{\"Version\":\"2012-10-17\",\"Statement\":[{\"Sid\":\"\",\"Effect\":\"Allow\",\"Principal\":{\"Service\":\"lambda.amazonaws.com\"},\"Action\":\"sts:AssumeRole\"}]}",
            "create_date": "2021-10-20T22:38:01Z",
            "description": "",
            "force_detach_policies": false,
            "id": "iam_for_lambda_frontend",
            "inline_policy": [
              {
                "name": "",
                "policy": ""
              }
            ],
            "managed_policy_arns": [
              "arn:aws:iam::514072627411:policy/fetch-frontend-cert"
            ],
            "max_session_duration": 3600,
            "name": "iam_for_lambda_frontend",
            "name_prefix": "",
            "path": "/",
            "permissions_boundary": null,
            "tags": {},
            "tags_all": {},
            "unique_id": "AROAXPMI5ZDJ4SGAJCIIS"
          },
          "sensitive_attributes": [],
          "private": "bnVsbA=="
        }
      ]
    },
    {
      "mode": "managed",
      "type": "aws_iam_role",
      "name": "iam_for_lambda_gateway",
      "provider": "provider[\"registry.terraform.io/hashicorp/aws\"]",
      "instances": [
        {
          "schema_version": 0,
          "attributes": {
            "arn": "arn:aws:iam::514072627411:role/iam_for_lambda_gateway",
            "assume_role_policy": "{\"Version\":\"2012-10-17\",\"Statement\":[{\"Sid\":\"\",\"Effect\":\"Allow\",\"Principal\":{\"Service\":\"lambda.amazonaws.com\"},\"Action\":\"sts:AssumeRole\"}]}",
            "create_date": "2021-10-20T22:38:01Z",
            "description": "",
            "force_detach_policies": false,
            "id": "iam_for_lambda_gateway",
            "inline_policy": [
              {
                "name": "",
                "policy": ""
              }
            ],
            "managed_policy_arns": [
              "arn:aws:iam::514072627411:policy/fetch-gateway-cert"
            ],
            "max_session_duration": 3600,
            "name": "iam_for_lambda_gateway",
            "name_prefix": "",
            "path": "/",
            "permissions_boundary": null,
            "tags": {},
            "tags_all": {},
            "unique_id": "AROAXPMI5ZDJ7HSX7LPCT"
          },
          "sensitive_attributes": [],
          "private": "bnVsbA=="
        }
      ]
    },
    {
      "mode": "managed",
      "type": "aws_iam_role_policy_attachment",
      "name": "backend-cert-policy",
      "provider": "provider[\"registry.terraform.io/hashicorp/aws\"]",
      "instances": [
        {
          "schema_version": 0,
          "attributes": {
            "id": "backend-task-execution-role-20211029194130789600000004",
            "policy_arn": "arn:aws:iam::514072627411:policy/backend-get-acm-policy",
            "role": "backend-task-execution-role"
          },
          "sensitive_attributes": [],
          "private": "bnVsbA==",
          "dependencies": [
            "aws_iam_policy.backend-get-acm-policy",
            "aws_iam_role.backend_task_execution_role",
            "data.aws_iam_policy_document.backend_task_execution_role"
          ]
        }
      ]
    },
    {
      "mode": "managed",
      "type": "aws_iam_role_policy_attachment",
      "name": "backend_appmesh_envoy_access_role",
      "provider": "provider[\"registry.terraform.io/hashicorp/aws\"]",
      "instances": [
        {
          "schema_version": 0,
          "attributes": {
            "id": "backend-task-execution-role-20211029194130783800000002",
            "policy_arn": "arn:aws:iam::aws:policy/AWSAppMeshEnvoyAccess",
            "role": "backend-task-execution-role"
          },
          "sensitive_attributes": [],
          "private": "bnVsbA==",
          "dependencies": [
            "aws_iam_role.backend_task_execution_role",
            "data.aws_iam_policy_document.backend_task_execution_role"
          ]
        }
      ]
    },
    {
      "mode": "managed",
      "type": "aws_iam_role_policy_attachment",
      "name": "backend_task_execution_role",
      "provider": "provider[\"registry.terraform.io/hashicorp/aws\"]",
      "instances": [
        {
          "schema_version": 0,
          "attributes": {
            "id": "backend-task-execution-role-20211029194130783700000001",
            "policy_arn": "arn:aws:iam::aws:policy/service-role/AmazonECSTaskExecutionRolePolicy",
            "role": "backend-task-execution-role"
          },
          "sensitive_attributes": [],
          "private": "bnVsbA==",
          "dependencies": [
            "aws_iam_role.backend_task_execution_role",
            "data.aws_iam_policy_document.backend_task_execution_role"
          ]
        }
      ]
    },
    {
      "mode": "managed",
      "type": "aws_iam_role_policy_attachment",
      "name": "backend_xray_write_role",
      "provider": "provider[\"registry.terraform.io/hashicorp/aws\"]",
      "instances": [
        {
          "schema_version": 0,
          "attributes": {
            "id": "backend-task-execution-role-20211029194130786100000003",
            "policy_arn": "arn:aws:iam::aws:policy/AWSXRayDaemonWriteAccess",
            "role": "backend-task-execution-role"
          },
          "sensitive_attributes": [],
          "private": "bnVsbA==",
          "dependencies": [
            "aws_iam_role.backend_task_execution_role",
            "data.aws_iam_policy_document.backend_task_execution_role"
          ]
        }
      ]
    },
    {
      "mode": "managed",
      "type": "aws_iam_role_policy_attachment",
      "name": "fetch-backend-cert",
      "provider": "provider[\"registry.terraform.io/hashicorp/aws\"]",
      "instances": [
        {
          "schema_version": 0,
          "attributes": {
            "id": "iam_for_lambda_backend-2021102022381248380000000a",
            "policy_arn": "arn:aws:iam::514072627411:policy/fetch-backend-cert",
            "role": "iam_for_lambda_backend"
          },
          "sensitive_attributes": [],
          "private": "bnVsbA==",
          "dependencies": [
            "aws_acmpca_certificate_authority.mesh_ca",
            "aws_iam_policy.fetch-backend-cert",
            "aws_iam_role.iam_for_lambda_backend",
            "aws_acm_certificate.backend_cert"
          ]
        }
      ]
    },
    {
      "mode": "managed",
      "type": "aws_iam_role_policy_attachment",
      "name": "fetch-frontend-cert",
      "provider": "provider[\"registry.terraform.io/hashicorp/aws\"]",
      "instances": [
        {
          "schema_version": 0,
          "attributes": {
            "id": "iam_for_lambda_frontend-2021102022381316760000000b",
            "policy_arn": "arn:aws:iam::514072627411:policy/fetch-frontend-cert",
            "role": "iam_for_lambda_frontend"
          },
          "sensitive_attributes": [],
          "private": "bnVsbA==",
          "dependencies": [
            "aws_acm_certificate.frontend_cert",
            "aws_acmpca_certificate_authority.mesh_ca",
            "aws_iam_policy.fetch-frontend-cert",
            "aws_iam_role.iam_for_lambda_frontend"
          ]
        }
      ]
    },
    {
      "mode": "managed",
      "type": "aws_iam_role_policy_attachment",
      "name": "fetch-gateway-cert",
      "provider": "provider[\"registry.terraform.io/hashicorp/aws\"]",
      "instances": [
        {
          "schema_version": 0,
          "attributes": {
            "id": "iam_for_lambda_gateway-2021102022381328810000000c",
            "policy_arn": "arn:aws:iam::514072627411:policy/fetch-gateway-cert",
            "role": "iam_for_lambda_gateway"
          },
          "sensitive_attributes": [],
          "private": "bnVsbA==",
          "dependencies": [
            "aws_acm_certificate.gateway_cert",
            "aws_acmpca_certificate_authority.mesh_ca",
            "aws_iam_policy.fetch-gateway-cert",
            "aws_iam_role.iam_for_lambda_gateway"
          ]
        }
      ]
    },
    {
      "mode": "managed",
      "type": "aws_iam_role_policy_attachment",
      "name": "frontend-cert-policy",
      "provider": "provider[\"registry.terraform.io/hashicorp/aws\"]",
      "instances": [
        {
          "schema_version": 0,
          "attributes": {
            "id": "frontend-task-execution-role-20211029194131408300000008",
            "policy_arn": "arn:aws:iam::514072627411:policy/frontend-get-acm-policy",
            "role": "frontend-task-execution-role"
          },
          "sensitive_attributes": [],
          "private": "bnVsbA==",
          "dependencies": [
            "aws_iam_policy.frontend-get-acm-policy",
            "aws_iam_role.frontend_task_execution_role",
            "data.aws_iam_policy_document.frontend_task_execution_role"
          ]
        }
      ]
    },
    {
      "mode": "managed",
      "type": "aws_iam_role_policy_attachment",
      "name": "frontend_appmesh_envoy_access_role",
      "provider": "provider[\"registry.terraform.io/hashicorp/aws\"]",
      "instances": [
        {
          "schema_version": 0,
          "attributes": {
            "id": "frontend-task-execution-role-20211029194131403400000007",
            "policy_arn": "arn:aws:iam::aws:policy/AWSAppMeshEnvoyAccess",
            "role": "frontend-task-execution-role"
          },
          "sensitive_attributes": [],
          "private": "bnVsbA==",
          "dependencies": [
            "aws_iam_role.frontend_task_execution_role",
            "data.aws_iam_policy_document.frontend_task_execution_role"
          ]
        }
      ]
    },
    {
      "mode": "managed",
      "type": "aws_iam_role_policy_attachment",
      "name": "frontend_task_execution_role",
      "provider": "provider[\"registry.terraform.io/hashicorp/aws\"]",
      "instances": [
        {
          "schema_version": 0,
          "attributes": {
            "id": "frontend-task-execution-role-20211029194130840400000005",
            "policy_arn": "arn:aws:iam::aws:policy/service-role/AmazonECSTaskExecutionRolePolicy",
            "role": "frontend-task-execution-role"
          },
          "sensitive_attributes": [],
          "private": "bnVsbA==",
          "dependencies": [
            "aws_iam_role.frontend_task_execution_role",
            "data.aws_iam_policy_document.frontend_task_execution_role"
          ]
        }
      ]
    },
    {
      "mode": "managed",
      "type": "aws_iam_role_policy_attachment",
      "name": "frontend_xray_write_role",
      "provider": "provider[\"registry.terraform.io/hashicorp/aws\"]",
      "instances": [
        {
          "schema_version": 0,
          "attributes": {
            "id": "frontend-task-execution-role-20211029194131013600000006",
            "policy_arn": "arn:aws:iam::aws:policy/AWSXRayDaemonWriteAccess",
            "role": "frontend-task-execution-role"
          },
          "sensitive_attributes": [],
          "private": "bnVsbA==",
          "dependencies": [
            "aws_iam_role.frontend_task_execution_role",
            "data.aws_iam_policy_document.frontend_task_execution_role"
          ]
        }
      ]
    },
    {
      "mode": "managed",
      "type": "aws_iam_role_policy_attachment",
      "name": "gateway-cert-policy",
      "provider": "provider[\"registry.terraform.io/hashicorp/aws\"]",
      "instances": [
        {
          "schema_version": 0,
          "attributes": {
            "id": "gateway-task-execution-role-2021102919413178410000000b",
            "policy_arn": "arn:aws:iam::514072627411:policy/gateway-get-acm-policy",
            "role": "gateway-task-execution-role"
          },
          "sensitive_attributes": [],
          "private": "bnVsbA==",
          "dependencies": [
            "aws_iam_policy.gateway-get-acm-policy",
            "aws_iam_role.gateway_task_execution_role",
            "data.aws_iam_policy_document.gateway_task_execution_role"
          ]
        }
      ]
    },
    {
      "mode": "managed",
      "type": "aws_iam_role_policy_attachment",
      "name": "gateway_appmesh_envoy_access_role",
      "provider": "provider[\"registry.terraform.io/hashicorp/aws\"]",
      "instances": [
        {
          "schema_version": 0,
          "attributes": {
            "id": "gateway-task-execution-role-20211029194131699800000009",
            "policy_arn": "arn:aws:iam::aws:policy/AWSAppMeshEnvoyAccess",
            "role": "gateway-task-execution-role"
          },
          "sensitive_attributes": [],
          "private": "bnVsbA==",
          "dependencies": [
            "aws_iam_role.gateway_task_execution_role",
            "data.aws_iam_policy_document.gateway_task_execution_role"
          ]
        }
      ]
    },
    {
      "mode": "managed",
      "type": "aws_iam_role_policy_attachment",
      "name": "gateway_task_execution_role",
      "provider": "provider[\"registry.terraform.io/hashicorp/aws\"]",
      "instances": [
        {
          "schema_version": 0,
          "attributes": {
            "id": "gateway-task-execution-role-2021102919413170060000000a",
            "policy_arn": "arn:aws:iam::aws:policy/service-role/AmazonECSTaskExecutionRolePolicy",
            "role": "gateway-task-execution-role"
          },
          "sensitive_attributes": [],
          "private": "bnVsbA==",
          "dependencies": [
            "aws_iam_role.gateway_task_execution_role",
            "data.aws_iam_policy_document.gateway_task_execution_role"
          ]
        }
      ]
    },
    {
      "mode": "managed",
      "type": "aws_iam_role_policy_attachment",
      "name": "gateway_xray_write_role",
      "provider": "provider[\"registry.terraform.io/hashicorp/aws\"]",
      "instances": [
        {
          "schema_version": 0,
          "attributes": {
            "id": "gateway-task-execution-role-2021102919413180070000000c",
            "policy_arn": "arn:aws:iam::aws:policy/AWSXRayDaemonWriteAccess",
            "role": "gateway-task-execution-role"
          },
          "sensitive_attributes": [],
          "private": "bnVsbA==",
          "dependencies": [
            "aws_iam_role.gateway_task_execution_role",
            "data.aws_iam_policy_document.gateway_task_execution_role"
          ]
        }
      ]
    },
    {
      "mode": "managed",
      "type": "aws_instance",
      "name": "bastion",
      "provider": "provider[\"registry.terraform.io/hashicorp/aws\"]",
      "instances": [
        {
          "schema_version": 1,
          "attributes": {
            "ami": "ami-0133407e358cc1af0",
            "arn": "arn:aws:ec2:us-east-1:514072627411:instance/i-065ee22f3d45fbe43",
            "associate_public_ip_address": true,
            "availability_zone": "us-east-1a",
            "capacity_reservation_specification": [
              {
                "capacity_reservation_preference": "open",
                "capacity_reservation_target": []
              }
            ],
            "cpu_core_count": 1,
            "cpu_threads_per_core": 1,
            "credit_specification": [
              {
                "cpu_credits": "standard"
              }
            ],
            "disable_api_termination": false,
            "ebs_block_device": [],
            "ebs_optimized": false,
            "enclave_options": [
              {
                "enabled": false
              }
            ],
            "ephemeral_block_device": [],
            "get_password_data": false,
            "hibernation": false,
            "host_id": null,
            "iam_instance_profile": "",
            "id": "i-065ee22f3d45fbe43",
            "instance_initiated_shutdown_behavior": "stop",
            "instance_state": "running",
            "instance_type": "t2.micro",
            "ipv6_address_count": 0,
            "ipv6_addresses": [],
            "key_name": "bastion",
            "launch_template": [],
            "metadata_options": [
              {
                "http_endpoint": "enabled",
                "http_put_response_hop_limit": 1,
                "http_tokens": "optional"
              }
            ],
            "monitoring": false,
            "network_interface": [],
            "outpost_arn": "",
            "password_data": "",
            "placement_group": "",
            "primary_network_interface_id": "eni-07594cee666da97fd",
            "private_dns": "ip-172-17-2-246.ec2.internal",
            "private_ip": "172.17.2.246",
            "public_dns": "ec2-54-226-9-31.compute-1.amazonaws.com",
            "public_ip": "54.226.9.31",
            "root_block_device": [
              {
                "delete_on_termination": true,
                "device_name": "/dev/sda1",
                "encrypted": false,
                "iops": 100,
                "kms_key_id": "",
                "tags": {},
                "throughput": 0,
                "volume_id": "vol-085774aa9618b6e23",
                "volume_size": 8,
                "volume_type": "gp2"
              }
            ],
            "secondary_private_ips": [],
            "security_groups": [],
            "source_dest_check": true,
            "subnet_id": "subnet-052e15e29f2b907e8",
            "tags": {},
            "tags_all": {},
            "tenancy": "default",
            "timeouts": null,
            "user_data": null,
            "user_data_base64": null,
            "volume_tags": null,
            "vpc_security_group_ids": [
              "sg-07f781d930028f492"
            ]
          },
          "sensitive_attributes": [],
          "private": "eyJlMmJmYjczMC1lY2FhLTExZTYtOGY4OC0zNDM2M2JjN2M0YzAiOnsiY3JlYXRlIjo2MDAwMDAwMDAwMDAsImRlbGV0ZSI6MTIwMDAwMDAwMDAwMCwidXBkYXRlIjo2MDAwMDAwMDAwMDB9LCJzY2hlbWFfdmVyc2lvbiI6IjEifQ==",
          "dependencies": [
            "aws_key_pair.bastion_key",
            "aws_security_group.bastion-sg",
            "aws_subnet.public_ecs",
            "aws_vpc.ecs_vpc",
            "data.aws_availability_zones.available"
          ]
        }
      ]
    },
    {
      "mode": "managed",
      "type": "aws_internet_gateway",
      "name": "gw",
      "provider": "provider[\"registry.terraform.io/hashicorp/aws\"]",
      "instances": [
        {
          "schema_version": 0,
          "attributes": {
            "arn": "arn:aws:ec2:us-east-1:514072627411:internet-gateway/igw-0d298fa5a643892a2",
            "id": "igw-0d298fa5a643892a2",
            "owner_id": "514072627411",
            "tags": {},
            "tags_all": {},
            "vpc_id": "vpc-029413a9d42eb77f6"
          },
          "sensitive_attributes": [],
          "private": "bnVsbA==",
          "dependencies": [
            "aws_vpc.ecs_vpc"
          ]
        }
      ]
    },
    {
      "mode": "managed",
      "type": "aws_key_pair",
      "name": "bastion_key",
      "provider": "provider[\"registry.terraform.io/hashicorp/aws\"]",
      "instances": [
        {
          "schema_version": 1,
          "attributes": {
            "arn": "arn:aws:ec2:us-east-1:514072627411:key-pair/bastion",
            "fingerprint": "ee:ff:3a:ac:da:44:46:57:c3:9b:9a:f3:6b:47:6b:5b",
            "id": "bastion",
            "key_name": "bastion",
            "key_name_prefix": null,
            "key_pair_id": "key-0999e0ea198080476",
            "public_key": "ssh-rsa AAAAB3NzaC1yc2EAAAADAQABAAACAQDNHqHEhyJVy5vlPacO1QqOdVNXJB/jSYHoSykLeK/8NvfGc7SdPi4WmvbCrBL/12qSvhVi7/8VYgclVM1QfqZ3OBLShTJSAVr5pn67Z1KrG5GALlS0qJadEmqVzjjxy9sy//WS2xAw0yxiwWjRjj0KMlAb3SBqxqeTIJVGd5DVlC091zyRCJq3G4xYGpHOPF7t3mWTJyW0jCeFQqO3fux6cqGjNG9hE3WcHDzxGjG2JofVwTjAZC/rjPRYGHF1Cg0MaJXUyJhbbMKiUooN8xxmDt5qRGKq0CzM3nuxsP3H8bV6St/DwQQTchs8Vz5XWOjHPibOjTWIQsZcfycbtckO/R3fMg7RsEzHm1dVSgqg/tDRNDJG+sFZQcM+BAf19xL5Ea3HIt5NbdQ+okTkv2fZJBRrreJh7iDf8R6Uu6whX7PRGdZ/77/qVSzrYM8Mek/UiEZ1Yn2pJrszIuBOiF7VuqcbhRP4juc7EW3KlOR3+AJXUVWSGUbyP+8Q26LWaxkkucyPGxF8u2nEQ8+tkQBpIqFXpDowCoFVR3+OFwUTnKF4IiJYB2dExwHAyfesy5BFFcyLTOYs/LdpCenqneP5ONDmlksAqLilDse2oOv7hmhjgUeqmoOA+Ukygr7R9DrU23CVxjtjIhUzeoAf3ya0KUt9mxhBd5kXOf/UllEAyQ== vitalii.burak@jmpchase.com",
            "tags": {},
            "tags_all": {}
          },
          "sensitive_attributes": [],
          "private": "eyJzY2hlbWFfdmVyc2lvbiI6IjEifQ=="
        }
      ]
    },
    {
      "mode": "managed",
      "type": "aws_lambda_function",
      "name": "backend_cert_lambda",
      "provider": "provider[\"registry.terraform.io/hashicorp/aws\"]",
      "instances": [
        {
          "schema_version": 0,
          "attributes": {
            "architectures": [
              "x86_64"
            ],
            "arn": "arn:aws:lambda:us-east-1:514072627411:function:backend_lambda_handler",
            "code_signing_config_arn": "",
            "dead_letter_config": [],
            "description": "",
            "environment": [
              {
                "variables": {
                  "CA_CERT_ARN": "arn:aws:acm-pca:us-east-1:514072627411:certificate-authority/1fffd402-94f2-4372-a035-10064ccd8300",
                  "CLIENT_CERT_ARN": "arn:aws:acm:us-east-1:514072627411:certificate/09a226d1-c8a8-4a8f-8180-1ba78d77cbfa",
                  "SECRET": "arn:aws:secretsmanager:us-east-1:514072627411:secret:backend_cert-oCYTPu"
                }
              }
            ],
            "file_system_config": [],
            "filename": "lambda.zip",
            "function_name": "backend_lambda_handler",
            "handler": "lambda.lambda_handler",
            "id": "backend_lambda_handler",
            "image_config": [],
            "image_uri": "",
            "invoke_arn": "arn:aws:apigateway:us-east-1:lambda:path/2015-03-31/functions/arn:aws:lambda:us-east-1:514072627411:function:backend_lambda_handler/invocations",
            "kms_key_arn": "",
            "last_modified": "2021-10-21T23:51:52.942+0000",
            "layers": [],
            "memory_size": 128,
            "package_type": "Zip",
            "publish": false,
            "qualified_arn": "arn:aws:lambda:us-east-1:514072627411:function:backend_lambda_handler:$LATEST",
            "reserved_concurrent_executions": -1,
            "role": "arn:aws:iam::514072627411:role/iam_for_lambda_backend",
            "runtime": "python3.8",
            "s3_bucket": null,
            "s3_key": null,
            "s3_object_version": null,
            "signing_job_arn": "",
            "signing_profile_version_arn": "",
            "source_code_hash": "YwtSk5zSyu5cijRIoVYDHA0xallol7eFWim3ZkfF3rk=",
            "source_code_size": 707,
            "tags": {},
            "tags_all": {},
            "timeout": 3,
            "timeouts": null,
            "tracing_config": [
              {
                "mode": "PassThrough"
              }
            ],
            "version": "$LATEST",
            "vpc_config": []
          },
          "sensitive_attributes": [],
          "private": "eyJlMmJmYjczMC1lY2FhLTExZTYtOGY4OC0zNDM2M2JjN2M0YzAiOnsiY3JlYXRlIjo2MDAwMDAwMDAwMDB9fQ==",
          "dependencies": [
            "aws_acm_certificate.backend_cert",
            "aws_acmpca_certificate_authority.mesh_ca",
            "aws_iam_role.iam_for_lambda_backend",
            "aws_secretsmanager_secret.backend_cert",
            "data.archive_file.backend_cert_lambda_zip"
          ]
        }
      ]
    },
    {
      "mode": "managed",
      "type": "aws_lambda_function",
      "name": "frontend_cert_lambda",
      "provider": "provider[\"registry.terraform.io/hashicorp/aws\"]",
      "instances": [
        {
          "schema_version": 0,
          "attributes": {
            "architectures": [
              "x86_64"
            ],
            "arn": "arn:aws:lambda:us-east-1:514072627411:function:frontend_lambda_handler",
            "code_signing_config_arn": "",
            "dead_letter_config": [],
            "description": "",
            "environment": [
              {
                "variables": {
                  "CA_CERT_ARN": "arn:aws:acm-pca:us-east-1:514072627411:certificate-authority/1fffd402-94f2-4372-a035-10064ccd8300",
                  "CLIENT_CERT_ARN": "arn:aws:acm:us-east-1:514072627411:certificate/4bc67de4-edf3-4f5b-be9b-eb79008a543d",
                  "SECRET": "arn:aws:secretsmanager:us-east-1:514072627411:secret:frontend_cert-XALAvt"
                }
              }
            ],
            "file_system_config": [],
            "filename": "lambda.zip",
            "function_name": "frontend_lambda_handler",
            "handler": "lambda.lambda_handler",
            "id": "frontend_lambda_handler",
            "image_config": [],
            "image_uri": "",
            "invoke_arn": "arn:aws:apigateway:us-east-1:lambda:path/2015-03-31/functions/arn:aws:lambda:us-east-1:514072627411:function:frontend_lambda_handler/invocations",
            "kms_key_arn": "",
            "last_modified": "2021-10-20T22:58:58.561+0000",
            "layers": [],
            "memory_size": 128,
            "package_type": "Zip",
            "publish": false,
            "qualified_arn": "arn:aws:lambda:us-east-1:514072627411:function:frontend_lambda_handler:$LATEST",
            "reserved_concurrent_executions": -1,
            "role": "arn:aws:iam::514072627411:role/iam_for_lambda_frontend",
            "runtime": "python3.8",
            "s3_bucket": null,
            "s3_key": null,
            "s3_object_version": null,
            "signing_job_arn": "",
            "signing_profile_version_arn": "",
            "source_code_hash": "YwtSk5zSyu5cijRIoVYDHA0xallol7eFWim3ZkfF3rk=",
            "source_code_size": 707,
            "tags": {},
            "tags_all": {},
            "timeout": 3,
            "timeouts": null,
            "tracing_config": [
              {
                "mode": "PassThrough"
              }
            ],
            "version": "$LATEST",
            "vpc_config": []
          },
          "sensitive_attributes": [],
          "private": "eyJlMmJmYjczMC1lY2FhLTExZTYtOGY4OC0zNDM2M2JjN2M0YzAiOnsiY3JlYXRlIjo2MDAwMDAwMDAwMDB9fQ==",
          "dependencies": [
            "aws_iam_role.iam_for_lambda_frontend",
            "aws_secretsmanager_secret.frontend_cert",
            "data.archive_file.frontend_cert_lambda_zip",
            "aws_acm_certificate.frontend_cert",
            "aws_acmpca_certificate_authority.mesh_ca"
          ]
        }
      ]
    },
    {
      "mode": "managed",
      "type": "aws_lambda_function",
      "name": "gateway_cert_lambda",
      "provider": "provider[\"registry.terraform.io/hashicorp/aws\"]",
      "instances": [
        {
          "schema_version": 0,
          "attributes": {
            "architectures": [
              "x86_64"
            ],
            "arn": "arn:aws:lambda:us-east-1:514072627411:function:gateway_lambda_handler",
            "code_signing_config_arn": "",
            "dead_letter_config": [],
            "description": "",
            "environment": [
              {
                "variables": {
                  "CA_CERT_ARN": "arn:aws:acm-pca:us-east-1:514072627411:certificate-authority/1fffd402-94f2-4372-a035-10064ccd8300",
                  "CLIENT_CERT_ARN": "arn:aws:acm:us-east-1:514072627411:certificate/ec04321c-e2e8-4d2c-8cb4-eda0e1af1a90",
                  "SECRET": "arn:aws:secretsmanager:us-east-1:514072627411:secret:gateway_cert-GV7E7E"
                }
              }
            ],
            "file_system_config": [],
            "filename": "lambda.zip",
            "function_name": "gateway_lambda_handler",
            "handler": "lambda.lambda_handler",
            "id": "gateway_lambda_handler",
            "image_config": [],
            "image_uri": "",
            "invoke_arn": "arn:aws:apigateway:us-east-1:lambda:path/2015-03-31/functions/arn:aws:lambda:us-east-1:514072627411:function:gateway_lambda_handler/invocations",
            "kms_key_arn": "",
            "last_modified": "2021-10-20T22:58:59.191+0000",
            "layers": [],
            "memory_size": 128,
            "package_type": "Zip",
            "publish": false,
            "qualified_arn": "arn:aws:lambda:us-east-1:514072627411:function:gateway_lambda_handler:$LATEST",
            "reserved_concurrent_executions": -1,
            "role": "arn:aws:iam::514072627411:role/iam_for_lambda_gateway",
            "runtime": "python3.8",
            "s3_bucket": null,
            "s3_key": null,
            "s3_object_version": null,
            "signing_job_arn": "",
            "signing_profile_version_arn": "",
            "source_code_hash": "YwtSk5zSyu5cijRIoVYDHA0xallol7eFWim3ZkfF3rk=",
            "source_code_size": 707,
            "tags": {},
            "tags_all": {},
            "timeout": 3,
            "timeouts": null,
            "tracing_config": [
              {
                "mode": "PassThrough"
              }
            ],
            "version": "$LATEST",
            "vpc_config": []
          },
          "sensitive_attributes": [],
          "private": "eyJlMmJmYjczMC1lY2FhLTExZTYtOGY4OC0zNDM2M2JjN2M0YzAiOnsiY3JlYXRlIjo2MDAwMDAwMDAwMDB9fQ==",
          "dependencies": [
            "aws_acm_certificate.gateway_cert",
            "aws_acmpca_certificate_authority.mesh_ca",
            "aws_iam_role.iam_for_lambda_gateway",
            "aws_secretsmanager_secret.gateway_cert",
            "data.archive_file.gateway_cert_lambda_zip"
          ]
        }
      ]
    },
    {
      "mode": "managed",
      "type": "aws_nat_gateway",
      "name": "gw",
      "provider": "provider[\"registry.terraform.io/hashicorp/aws\"]",
      "instances": [
        {
          "index_key": 0,
          "schema_version": 0,
          "attributes": {
            "allocation_id": "eipalloc-07d8e8dc0f04ada8d",
            "connectivity_type": "public",
            "id": "nat-0bff720da0ae6485f",
            "network_interface_id": "eni-0a8c20d089027550e",
            "private_ip": "172.17.2.151",
            "public_ip": "52.55.207.100",
            "subnet_id": "subnet-052e15e29f2b907e8",
            "tags": {},
            "tags_all": {}
          },
          "sensitive_attributes": [],
          "private": "bnVsbA==",
          "dependencies": [
            "aws_vpc.ecs_vpc",
            "data.aws_availability_zones.available",
            "aws_eip.gw",
            "aws_internet_gateway.gw",
            "aws_subnet.public_ecs"
          ]
        },
        {
          "index_key": 1,
          "schema_version": 0,
          "attributes": {
            "allocation_id": "eipalloc-072a69b662302d55d",
            "connectivity_type": "public",
            "id": "nat-0564ce35c58ab428d",
            "network_interface_id": "eni-0ae9964c2ac5fd92f",
            "private_ip": "172.17.3.218",
            "public_ip": "52.5.62.242",
            "subnet_id": "subnet-0270342d64e46426e",
            "tags": {},
            "tags_all": {}
          },
          "sensitive_attributes": [],
          "private": "bnVsbA==",
          "dependencies": [
            "aws_eip.gw",
            "aws_internet_gateway.gw",
            "aws_subnet.public_ecs",
            "aws_vpc.ecs_vpc",
            "data.aws_availability_zones.available"
          ]
        }
      ]
    },
    {
      "mode": "managed",
      "type": "aws_route",
      "name": "internet_access",
      "provider": "provider[\"registry.terraform.io/hashicorp/aws\"]",
      "instances": [
        {
          "schema_version": 0,
          "attributes": {
            "carrier_gateway_id": "",
            "destination_cidr_block": "0.0.0.0/0",
            "destination_ipv6_cidr_block": "",
            "destination_prefix_list_id": "",
            "egress_only_gateway_id": "",
            "gateway_id": "igw-0d298fa5a643892a2",
            "id": "r-rtb-08937cccda77968421080289494",
            "instance_id": "",
            "instance_owner_id": "",
            "local_gateway_id": "",
            "nat_gateway_id": "",
            "network_interface_id": "",
            "origin": "CreateRoute",
            "route_table_id": "rtb-08937cccda7796842",
            "state": "active",
            "timeouts": null,
            "transit_gateway_id": "",
            "vpc_endpoint_id": "",
            "vpc_peering_connection_id": ""
          },
          "sensitive_attributes": [],
          "private": "eyJlMmJmYjczMC1lY2FhLTExZTYtOGY4OC0zNDM2M2JjN2M0YzAiOnsiY3JlYXRlIjoxMjAwMDAwMDAwMDAsImRlbGV0ZSI6MzAwMDAwMDAwMDAwfX0=",
          "dependencies": [
            "aws_internet_gateway.gw",
            "aws_vpc.ecs_vpc"
          ]
        }
      ]
    },
    {
      "mode": "managed",
      "type": "aws_route_table",
      "name": "private_ecs",
      "provider": "provider[\"registry.terraform.io/hashicorp/aws\"]",
      "instances": [
        {
          "index_key": 0,
          "schema_version": 0,
          "attributes": {
            "arn": "arn:aws:ec2:us-east-1:514072627411:route-table/rtb-06061ba72592e0e50",
            "id": "rtb-06061ba72592e0e50",
            "owner_id": "514072627411",
            "propagating_vgws": [],
            "route": [
              {
                "carrier_gateway_id": "",
                "cidr_block": "0.0.0.0/0",
                "destination_prefix_list_id": "",
                "egress_only_gateway_id": "",
                "gateway_id": "",
                "instance_id": "",
                "ipv6_cidr_block": "",
                "local_gateway_id": "",
                "nat_gateway_id": "nat-0bff720da0ae6485f",
                "network_interface_id": "",
                "transit_gateway_id": "",
                "vpc_endpoint_id": "",
                "vpc_peering_connection_id": ""
              }
            ],
            "tags": {},
            "tags_all": {},
            "vpc_id": "vpc-029413a9d42eb77f6"
          },
          "sensitive_attributes": [],
          "private": "bnVsbA==",
          "dependencies": [
            "aws_internet_gateway.gw",
            "aws_nat_gateway.gw",
            "aws_subnet.public_ecs",
            "aws_vpc.ecs_vpc",
            "data.aws_availability_zones.available",
            "aws_eip.gw"
          ]
        },
        {
          "index_key": 1,
          "schema_version": 0,
          "attributes": {
            "arn": "arn:aws:ec2:us-east-1:514072627411:route-table/rtb-08ba20ea73201b575",
            "id": "rtb-08ba20ea73201b575",
            "owner_id": "514072627411",
            "propagating_vgws": [],
            "route": [
              {
                "carrier_gateway_id": "",
                "cidr_block": "0.0.0.0/0",
                "destination_prefix_list_id": "",
                "egress_only_gateway_id": "",
                "gateway_id": "",
                "instance_id": "",
                "ipv6_cidr_block": "",
                "local_gateway_id": "",
                "nat_gateway_id": "nat-0564ce35c58ab428d",
                "network_interface_id": "",
                "transit_gateway_id": "",
                "vpc_endpoint_id": "",
                "vpc_peering_connection_id": ""
              }
            ],
            "tags": {},
            "tags_all": {},
            "vpc_id": "vpc-029413a9d42eb77f6"
          },
          "sensitive_attributes": [],
          "private": "bnVsbA==",
          "dependencies": [
            "aws_vpc.ecs_vpc",
            "data.aws_availability_zones.available",
            "aws_eip.gw",
            "aws_internet_gateway.gw",
            "aws_nat_gateway.gw",
            "aws_subnet.public_ecs"
          ]
        }
      ]
    },
    {
      "mode": "managed",
      "type": "aws_route_table_association",
      "name": "private_ecs",
      "provider": "provider[\"registry.terraform.io/hashicorp/aws\"]",
      "instances": [
        {
          "index_key": 0,
          "schema_version": 0,
          "attributes": {
            "gateway_id": "",
            "id": "rtbassoc-02bf72ed07ba7aeb2",
            "route_table_id": "rtb-06061ba72592e0e50",
            "subnet_id": "subnet-05d30bd962d0eeb2b"
          },
          "sensitive_attributes": [],
          "private": "bnVsbA==",
          "dependencies": [
            "aws_nat_gateway.gw",
            "aws_route_table.private_ecs",
            "aws_subnet.private_ecs",
            "aws_subnet.public_ecs",
            "aws_vpc.ecs_vpc",
            "data.aws_availability_zones.available",
            "aws_eip.gw",
            "aws_internet_gateway.gw"
          ]
        },
        {
          "index_key": 1,
          "schema_version": 0,
          "attributes": {
            "gateway_id": "",
            "id": "rtbassoc-0e2c1a2ff7c74a9b6",
            "route_table_id": "rtb-08ba20ea73201b575",
            "subnet_id": "subnet-05af3f541c499e577"
          },
          "sensitive_attributes": [],
          "private": "bnVsbA==",
          "dependencies": [
            "aws_eip.gw",
            "aws_internet_gateway.gw",
            "aws_nat_gateway.gw",
            "aws_route_table.private_ecs",
            "aws_subnet.private_ecs",
            "aws_subnet.public_ecs",
            "aws_vpc.ecs_vpc",
            "data.aws_availability_zones.available"
          ]
        }
      ]
    },
    {
      "mode": "managed",
      "type": "aws_secretsmanager_secret",
      "name": "backend_cert",
      "provider": "provider[\"registry.terraform.io/hashicorp/aws\"]",
      "instances": [
        {
          "schema_version": 0,
          "attributes": {
            "arn": "arn:aws:secretsmanager:us-east-1:514072627411:secret:backend_cert-oCYTPu",
            "description": "",
            "force_overwrite_replica_secret": false,
            "id": "arn:aws:secretsmanager:us-east-1:514072627411:secret:backend_cert-oCYTPu",
            "kms_key_id": "",
            "name": "backend_cert",
            "name_prefix": null,
            "policy": null,
            "recovery_window_in_days": 30,
            "replica": [],
            "rotation_enabled": false,
            "rotation_lambda_arn": "",
            "rotation_rules": [],
            "tags": {},
            "tags_all": {}
          },
          "sensitive_attributes": [],
          "private": "bnVsbA=="
        }
      ]
    },
    {
      "mode": "managed",
      "type": "aws_secretsmanager_secret",
      "name": "frontend_cert",
      "provider": "provider[\"registry.terraform.io/hashicorp/aws\"]",
      "instances": [
        {
          "schema_version": 0,
          "attributes": {
            "arn": "arn:aws:secretsmanager:us-east-1:514072627411:secret:frontend_cert-XALAvt",
            "description": "",
            "force_overwrite_replica_secret": false,
            "id": "arn:aws:secretsmanager:us-east-1:514072627411:secret:frontend_cert-XALAvt",
            "kms_key_id": "",
            "name": "frontend_cert",
            "name_prefix": null,
            "policy": null,
            "recovery_window_in_days": 30,
            "replica": [],
            "rotation_enabled": false,
            "rotation_lambda_arn": "",
            "rotation_rules": [],
            "tags": {},
            "tags_all": {}
          },
          "sensitive_attributes": [],
          "private": "bnVsbA=="
        }
      ]
    },
    {
      "mode": "managed",
      "type": "aws_secretsmanager_secret",
      "name": "gateway_cert",
      "provider": "provider[\"registry.terraform.io/hashicorp/aws\"]",
      "instances": [
        {
          "schema_version": 0,
          "attributes": {
            "arn": "arn:aws:secretsmanager:us-east-1:514072627411:secret:gateway_cert-GV7E7E",
            "description": "",
            "force_overwrite_replica_secret": false,
            "id": "arn:aws:secretsmanager:us-east-1:514072627411:secret:gateway_cert-GV7E7E",
            "kms_key_id": "",
            "name": "gateway_cert",
            "name_prefix": null,
            "policy": null,
            "recovery_window_in_days": 30,
            "replica": [],
            "rotation_enabled": false,
            "rotation_lambda_arn": "",
            "rotation_rules": [],
            "tags": {},
            "tags_all": {}
          },
          "sensitive_attributes": [],
          "private": "bnVsbA=="
        }
      ]
    },
    {
      "mode": "managed",
      "type": "aws_security_group",
      "name": "bastion-sg",
      "provider": "provider[\"registry.terraform.io/hashicorp/aws\"]",
      "instances": [
        {
          "schema_version": 1,
          "attributes": {
            "arn": "arn:aws:ec2:us-east-1:514072627411:security-group/sg-07f781d930028f492",
            "description": "Managed by Terraform",
            "egress": [
              {
                "cidr_blocks": [
                  "0.0.0.0/0"
                ],
                "description": "",
                "from_port": 0,
                "ipv6_cidr_blocks": [],
                "prefix_list_ids": [],
                "protocol": "-1",
                "security_groups": [],
                "self": false,
                "to_port": 0
              }
            ],
            "id": "sg-07f781d930028f492",
            "ingress": [
              {
                "cidr_blocks": [
                  "69.181.181.129/32"
                ],
                "description": "",
                "from_port": 22,
                "ipv6_cidr_blocks": [],
                "prefix_list_ids": [],
                "protocol": "tcp",
                "security_groups": [],
                "self": false,
                "to_port": 22
              }
            ],
            "name": "bastion-security-group",
            "name_prefix": "",
            "owner_id": "514072627411",
            "revoke_rules_on_delete": false,
            "tags": {},
            "tags_all": {},
            "timeouts": null,
            "vpc_id": "vpc-029413a9d42eb77f6"
          },
          "sensitive_attributes": [],
          "private": "eyJlMmJmYjczMC1lY2FhLTExZTYtOGY4OC0zNDM2M2JjN2M0YzAiOnsiY3JlYXRlIjo2MDAwMDAwMDAwMDAsImRlbGV0ZSI6OTAwMDAwMDAwMDAwfSwic2NoZW1hX3ZlcnNpb24iOiIxIn0=",
          "dependencies": [
            "aws_vpc.ecs_vpc"
          ]
        }
      ]
    },
    {
      "mode": "managed",
      "type": "aws_security_group",
      "name": "ecs_backend_task",
      "provider": "provider[\"registry.terraform.io/hashicorp/aws\"]",
      "instances": [
        {
          "schema_version": 1,
          "attributes": {
            "arn": "arn:aws:ec2:us-east-1:514072627411:security-group/sg-085ec9822755b5a12",
            "description": "Allow from application gateway",
            "egress": [
              {
                "cidr_blocks": [
                  "0.0.0.0/0"
                ],
                "description": "",
                "from_port": 0,
                "ipv6_cidr_blocks": [],
                "prefix_list_ids": [],
                "protocol": "-1",
                "security_groups": [],
                "self": false,
                "to_port": 0
              }
            ],
            "id": "sg-085ec9822755b5a12",
            "ingress": [
              {
                "cidr_blocks": [],
                "description": "",
                "from_port": 3000,
                "ipv6_cidr_blocks": [],
                "prefix_list_ids": [],
                "protocol": "tcp",
                "security_groups": [
                  "sg-045287e6e9c0c93cf",
                  "sg-07f781d930028f492"
                ],
                "self": false,
                "to_port": 3000
              },
              {
                "cidr_blocks": [],
                "description": "",
                "from_port": 9901,
                "ipv6_cidr_blocks": [],
                "prefix_list_ids": [],
                "protocol": "tcp",
                "security_groups": [
                  "sg-07f781d930028f492"
                ],
                "self": false,
                "to_port": 9901
              }
            ],
            "name": "vb-poc-backend",
            "name_prefix": "",
            "owner_id": "514072627411",
            "revoke_rules_on_delete": false,
            "tags": {},
            "tags_all": {},
            "timeouts": null,
            "vpc_id": "vpc-029413a9d42eb77f6"
          },
          "sensitive_attributes": [],
          "private": "eyJlMmJmYjczMC1lY2FhLTExZTYtOGY4OC0zNDM2M2JjN2M0YzAiOnsiY3JlYXRlIjo2MDAwMDAwMDAwMDAsImRlbGV0ZSI6OTAwMDAwMDAwMDAwfSwic2NoZW1hX3ZlcnNpb24iOiIxIn0=",
          "dependencies": [
            "aws_vpc.ecs_vpc",
            "aws_security_group.bastion-sg",
            "aws_security_group.ecs_frontend_task",
            "aws_security_group.gateway",
            "aws_security_group.lb"
          ]
        }
      ]
    },
    {
      "mode": "managed",
      "type": "aws_security_group",
      "name": "ecs_frontend_task",
      "provider": "provider[\"registry.terraform.io/hashicorp/aws\"]",
      "instances": [
        {
          "schema_version": 1,
          "attributes": {
            "arn": "arn:aws:ec2:us-east-1:514072627411:security-group/sg-045287e6e9c0c93cf",
            "description": "Allow from application gateway",
            "egress": [
              {
                "cidr_blocks": [
                  "0.0.0.0/0"
                ],
                "description": "",
                "from_port": 0,
                "ipv6_cidr_blocks": [],
                "prefix_list_ids": [],
                "protocol": "-1",
                "security_groups": [],
                "self": false,
                "to_port": 0
              }
            ],
            "id": "sg-045287e6e9c0c93cf",
            "ingress": [
              {
                "cidr_blocks": [],
                "description": "",
                "from_port": 3000,
                "ipv6_cidr_blocks": [],
                "prefix_list_ids": [],
                "protocol": "tcp",
                "security_groups": [
                  "sg-07f781d930028f492",
                  "sg-0ad78a25545887462"
                ],
                "self": false,
                "to_port": 3000
              },
              {
                "cidr_blocks": [],
                "description": "",
                "from_port": 9901,
                "ipv6_cidr_blocks": [],
                "prefix_list_ids": [],
                "protocol": "tcp",
                "security_groups": [
                  "sg-07f781d930028f492"
                ],
                "self": false,
                "to_port": 9901
              }
            ],
            "name": "vb-poc-frontend",
            "name_prefix": "",
            "owner_id": "514072627411",
            "revoke_rules_on_delete": false,
            "tags": {},
            "tags_all": {},
            "timeouts": null,
            "vpc_id": "vpc-029413a9d42eb77f6"
          },
          "sensitive_attributes": [],
          "private": "eyJlMmJmYjczMC1lY2FhLTExZTYtOGY4OC0zNDM2M2JjN2M0YzAiOnsiY3JlYXRlIjo2MDAwMDAwMDAwMDAsImRlbGV0ZSI6OTAwMDAwMDAwMDAwfSwic2NoZW1hX3ZlcnNpb24iOiIxIn0=",
          "dependencies": [
            "aws_vpc.ecs_vpc",
            "aws_security_group.bastion-sg",
            "aws_security_group.gateway",
            "aws_security_group.lb"
          ]
        }
      ]
    },
    {
      "mode": "managed",
      "type": "aws_security_group",
      "name": "gateway",
      "provider": "provider[\"registry.terraform.io/hashicorp/aws\"]",
      "instances": [
        {
          "schema_version": 1,
          "attributes": {
            "arn": "arn:aws:ec2:us-east-1:514072627411:security-group/sg-0ad78a25545887462",
            "description": "allow inbound access from the ALB only",
            "egress": [
              {
                "cidr_blocks": [
                  "0.0.0.0/0"
                ],
                "description": "",
                "from_port": 0,
                "ipv6_cidr_blocks": [],
                "prefix_list_ids": [],
                "protocol": "-1",
                "security_groups": [],
                "self": false,
                "to_port": 0
              }
            ],
            "id": "sg-0ad78a25545887462",
            "ingress": [
              {
                "cidr_blocks": [],
                "description": "",
                "from_port": 8080,
                "ipv6_cidr_blocks": [],
                "prefix_list_ids": [],
                "protocol": "tcp",
                "security_groups": [
                  "sg-026c567cb87b01e80",
                  "sg-07f781d930028f492"
                ],
                "self": false,
                "to_port": 8080
              },
              {
                "cidr_blocks": [],
                "description": "",
                "from_port": 9901,
                "ipv6_cidr_blocks": [],
                "prefix_list_ids": [],
                "protocol": "tcp",
                "security_groups": [
                  "sg-07f781d930028f492"
                ],
                "self": false,
                "to_port": 9901
              }
            ],
            "name": "vb-poc-gateway",
            "name_prefix": "",
            "owner_id": "514072627411",
            "revoke_rules_on_delete": false,
            "tags": {},
            "tags_all": {},
            "timeouts": null,
            "vpc_id": "vpc-029413a9d42eb77f6"
          },
          "sensitive_attributes": [],
          "private": "eyJlMmJmYjczMC1lY2FhLTExZTYtOGY4OC0zNDM2M2JjN2M0YzAiOnsiY3JlYXRlIjo2MDAwMDAwMDAwMDAsImRlbGV0ZSI6OTAwMDAwMDAwMDAwfSwic2NoZW1hX3ZlcnNpb24iOiIxIn0=",
          "dependencies": [
            "aws_security_group.bastion-sg",
            "aws_security_group.lb",
            "aws_vpc.ecs_vpc"
          ]
        }
      ]
    },
    {
      "mode": "managed",
      "type": "aws_security_group",
      "name": "lb",
      "provider": "provider[\"registry.terraform.io/hashicorp/aws\"]",
      "instances": [
        {
          "schema_version": 1,
          "attributes": {
            "arn": "arn:aws:ec2:us-east-1:514072627411:security-group/sg-026c567cb87b01e80",
            "description": "controls access to the ALB",
            "egress": [
              {
                "cidr_blocks": [
                  "0.0.0.0/0"
                ],
                "description": "",
                "from_port": 0,
                "ipv6_cidr_blocks": [],
                "prefix_list_ids": [],
                "protocol": "-1",
                "security_groups": [],
                "self": false,
                "to_port": 0
              }
            ],
            "id": "sg-026c567cb87b01e80",
            "ingress": [
              {
                "cidr_blocks": [
                  "69.181.181.129/32"
                ],
                "description": "",
                "from_port": 443,
                "ipv6_cidr_blocks": [],
                "prefix_list_ids": [],
                "protocol": "tcp",
                "security_groups": [],
                "self": false,
                "to_port": 443
              }
            ],
            "name": "vb-poc-alb",
            "name_prefix": "",
            "owner_id": "514072627411",
            "revoke_rules_on_delete": false,
            "tags": {},
            "tags_all": {},
            "timeouts": null,
            "vpc_id": "vpc-029413a9d42eb77f6"
          },
          "sensitive_attributes": [],
          "private": "eyJlMmJmYjczMC1lY2FhLTExZTYtOGY4OC0zNDM2M2JjN2M0YzAiOnsiY3JlYXRlIjo2MDAwMDAwMDAwMDAsImRlbGV0ZSI6OTAwMDAwMDAwMDAwfSwic2NoZW1hX3ZlcnNpb24iOiIxIn0=",
          "dependencies": [
            "aws_vpc.ecs_vpc"
          ]
        }
      ]
    },
    {
      "mode": "managed",
      "type": "aws_service_discovery_private_dns_namespace",
      "name": "main",
      "provider": "provider[\"registry.terraform.io/hashicorp/aws\"]",
      "instances": [
        {
          "schema_version": 0,
          "attributes": {
            "arn": "arn:aws:servicediscovery:us-east-1:514072627411:namespace/ns-p4n4skbet4tvrt4v",
            "description": "all services will be registered under this common namespace",
            "hosted_zone": "Z049460711WRD4U8G5U65",
            "id": "ns-p4n4skbet4tvrt4v",
            "name": "vb.ecs-mesh",
            "tags": {},
            "tags_all": {},
            "vpc": "vpc-029413a9d42eb77f6"
          },
          "sensitive_attributes": [],
          "private": "bnVsbA==",
          "dependencies": [
            "aws_vpc.ecs_vpc"
          ]
        }
      ]
    },
    {
      "mode": "managed",
      "type": "aws_service_discovery_service",
      "name": "backend",
      "provider": "provider[\"registry.terraform.io/hashicorp/aws\"]",
      "instances": [
        {
          "schema_version": 0,
          "attributes": {
            "arn": "arn:aws:servicediscovery:us-east-1:514072627411:service/srv-i3zvdolc3xvdfehc",
            "description": "",
            "dns_config": [
              {
                "dns_records": [
                  {
                    "ttl": 10,
                    "type": "A"
                  }
                ],
                "namespace_id": "ns-p4n4skbet4tvrt4v",
                "routing_policy": "MULTIVALUE"
              }
            ],
            "force_destroy": false,
            "health_check_config": [],
            "health_check_custom_config": [
              {
                "failure_threshold": 1
              }
            ],
            "id": "srv-i3zvdolc3xvdfehc",
            "name": "backend",
            "namespace_id": "ns-p4n4skbet4tvrt4v",
            "tags": {},
            "tags_all": {}
          },
          "sensitive_attributes": [],
          "private": "bnVsbA==",
          "dependencies": [
            "aws_service_discovery_private_dns_namespace.main",
            "aws_vpc.ecs_vpc"
          ]
        }
      ]
    },
    {
      "mode": "managed",
      "type": "aws_service_discovery_service",
      "name": "frontend",
      "provider": "provider[\"registry.terraform.io/hashicorp/aws\"]",
      "instances": [
        {
          "schema_version": 0,
          "attributes": {
            "arn": "arn:aws:servicediscovery:us-east-1:514072627411:service/srv-ffw2y6bd3qgnxiba",
            "description": "",
            "dns_config": [
              {
                "dns_records": [
                  {
                    "ttl": 10,
                    "type": "A"
                  }
                ],
                "namespace_id": "ns-p4n4skbet4tvrt4v",
                "routing_policy": "MULTIVALUE"
              }
            ],
            "force_destroy": false,
            "health_check_config": [],
            "health_check_custom_config": [
              {
                "failure_threshold": 1
              }
            ],
            "id": "srv-ffw2y6bd3qgnxiba",
            "name": "frontend",
            "namespace_id": "ns-p4n4skbet4tvrt4v",
            "tags": {},
            "tags_all": {}
          },
          "sensitive_attributes": [],
          "private": "bnVsbA==",
          "dependencies": [
            "aws_service_discovery_private_dns_namespace.main",
            "aws_vpc.ecs_vpc"
          ]
        }
      ]
    },
    {
      "mode": "managed",
      "type": "aws_service_discovery_service",
      "name": "gateway",
      "provider": "provider[\"registry.terraform.io/hashicorp/aws\"]",
      "instances": [
        {
          "schema_version": 0,
          "attributes": {
            "arn": "arn:aws:servicediscovery:us-east-1:514072627411:service/srv-ulwvsas6etqvoz6p",
            "description": "",
            "dns_config": [
              {
                "dns_records": [
                  {
                    "ttl": 10,
                    "type": "A"
                  }
                ],
                "namespace_id": "ns-p4n4skbet4tvrt4v",
                "routing_policy": "MULTIVALUE"
              }
            ],
            "force_destroy": false,
            "health_check_config": [],
            "health_check_custom_config": [
              {
                "failure_threshold": 1
              }
            ],
            "id": "srv-ulwvsas6etqvoz6p",
            "name": "gateway",
            "namespace_id": "ns-p4n4skbet4tvrt4v",
            "tags": {},
            "tags_all": {}
          },
          "sensitive_attributes": [],
          "private": "bnVsbA==",
          "dependencies": [
            "aws_service_discovery_private_dns_namespace.main",
            "aws_vpc.ecs_vpc"
          ]
        }
      ]
    },
    {
      "mode": "managed",
      "type": "aws_subnet",
      "name": "private_ecs",
      "provider": "provider[\"registry.terraform.io/hashicorp/aws\"]",
      "instances": [
        {
          "index_key": 0,
          "schema_version": 1,
          "attributes": {
            "arn": "arn:aws:ec2:us-east-1:514072627411:subnet/subnet-05d30bd962d0eeb2b",
            "assign_ipv6_address_on_creation": false,
            "availability_zone": "us-east-1a",
            "availability_zone_id": "use1-az4",
            "cidr_block": "172.17.0.0/24",
            "customer_owned_ipv4_pool": "",
            "id": "subnet-05d30bd962d0eeb2b",
            "ipv6_cidr_block": "",
            "ipv6_cidr_block_association_id": "",
            "map_customer_owned_ip_on_launch": false,
            "map_public_ip_on_launch": false,
            "outpost_arn": "",
            "owner_id": "514072627411",
            "tags": {},
            "tags_all": {},
            "timeouts": null,
            "vpc_id": "vpc-029413a9d42eb77f6"
          },
          "sensitive_attributes": [],
          "private": "eyJlMmJmYjczMC1lY2FhLTExZTYtOGY4OC0zNDM2M2JjN2M0YzAiOnsiY3JlYXRlIjo2MDAwMDAwMDAwMDAsImRlbGV0ZSI6MTIwMDAwMDAwMDAwMH0sInNjaGVtYV92ZXJzaW9uIjoiMSJ9",
          "dependencies": [
            "aws_vpc.ecs_vpc",
            "data.aws_availability_zones.available"
          ]
        },
        {
          "index_key": 1,
          "schema_version": 1,
          "attributes": {
            "arn": "arn:aws:ec2:us-east-1:514072627411:subnet/subnet-05af3f541c499e577",
            "assign_ipv6_address_on_creation": false,
            "availability_zone": "us-east-1b",
            "availability_zone_id": "use1-az6",
            "cidr_block": "172.17.1.0/24",
            "customer_owned_ipv4_pool": "",
            "id": "subnet-05af3f541c499e577",
            "ipv6_cidr_block": "",
            "ipv6_cidr_block_association_id": "",
            "map_customer_owned_ip_on_launch": false,
            "map_public_ip_on_launch": false,
            "outpost_arn": "",
            "owner_id": "514072627411",
            "tags": {},
            "tags_all": {},
            "timeouts": null,
            "vpc_id": "vpc-029413a9d42eb77f6"
          },
          "sensitive_attributes": [],
          "private": "eyJlMmJmYjczMC1lY2FhLTExZTYtOGY4OC0zNDM2M2JjN2M0YzAiOnsiY3JlYXRlIjo2MDAwMDAwMDAwMDAsImRlbGV0ZSI6MTIwMDAwMDAwMDAwMH0sInNjaGVtYV92ZXJzaW9uIjoiMSJ9",
          "dependencies": [
            "data.aws_availability_zones.available",
            "aws_vpc.ecs_vpc"
          ]
        }
      ]
    },
    {
      "mode": "managed",
      "type": "aws_subnet",
      "name": "public_ecs",
      "provider": "provider[\"registry.terraform.io/hashicorp/aws\"]",
      "instances": [
        {
          "index_key": 0,
          "schema_version": 1,
          "attributes": {
            "arn": "arn:aws:ec2:us-east-1:514072627411:subnet/subnet-052e15e29f2b907e8",
            "assign_ipv6_address_on_creation": false,
            "availability_zone": "us-east-1a",
            "availability_zone_id": "use1-az4",
            "cidr_block": "172.17.2.0/24",
            "customer_owned_ipv4_pool": "",
            "id": "subnet-052e15e29f2b907e8",
            "ipv6_cidr_block": "",
            "ipv6_cidr_block_association_id": "",
            "map_customer_owned_ip_on_launch": false,
            "map_public_ip_on_launch": true,
            "outpost_arn": "",
            "owner_id": "514072627411",
            "tags": {},
            "tags_all": {},
            "timeouts": null,
            "vpc_id": "vpc-029413a9d42eb77f6"
          },
          "sensitive_attributes": [],
          "private": "eyJlMmJmYjczMC1lY2FhLTExZTYtOGY4OC0zNDM2M2JjN2M0YzAiOnsiY3JlYXRlIjo2MDAwMDAwMDAwMDAsImRlbGV0ZSI6MTIwMDAwMDAwMDAwMH0sInNjaGVtYV92ZXJzaW9uIjoiMSJ9",
          "dependencies": [
            "aws_vpc.ecs_vpc",
            "data.aws_availability_zones.available"
          ]
        },
        {
          "index_key": 1,
          "schema_version": 1,
          "attributes": {
            "arn": "arn:aws:ec2:us-east-1:514072627411:subnet/subnet-0270342d64e46426e",
            "assign_ipv6_address_on_creation": false,
            "availability_zone": "us-east-1b",
            "availability_zone_id": "use1-az6",
            "cidr_block": "172.17.3.0/24",
            "customer_owned_ipv4_pool": "",
            "id": "subnet-0270342d64e46426e",
            "ipv6_cidr_block": "",
            "ipv6_cidr_block_association_id": "",
            "map_customer_owned_ip_on_launch": false,
            "map_public_ip_on_launch": true,
            "outpost_arn": "",
            "owner_id": "514072627411",
            "tags": {},
            "tags_all": {},
            "timeouts": null,
            "vpc_id": "vpc-029413a9d42eb77f6"
          },
          "sensitive_attributes": [],
          "private": "eyJlMmJmYjczMC1lY2FhLTExZTYtOGY4OC0zNDM2M2JjN2M0YzAiOnsiY3JlYXRlIjo2MDAwMDAwMDAwMDAsImRlbGV0ZSI6MTIwMDAwMDAwMDAwMH0sInNjaGVtYV92ZXJzaW9uIjoiMSJ9",
          "dependencies": [
            "aws_vpc.ecs_vpc",
            "data.aws_availability_zones.available"
          ]
        }
      ]
    },
    {
      "mode": "managed",
      "type": "aws_vpc",
      "name": "ecs_vpc",
      "provider": "provider[\"registry.terraform.io/hashicorp/aws\"]",
      "instances": [
        {
          "schema_version": 1,
          "attributes": {
            "arn": "arn:aws:ec2:us-east-1:514072627411:vpc/vpc-029413a9d42eb77f6",
            "assign_generated_ipv6_cidr_block": false,
            "cidr_block": "172.17.0.0/16",
            "default_network_acl_id": "acl-0073d1ef2439324df",
            "default_route_table_id": "rtb-08937cccda7796842",
            "default_security_group_id": "sg-0cad343bd3bbee634",
            "dhcp_options_id": "dopt-54167b2e",
            "enable_classiclink": false,
            "enable_classiclink_dns_support": false,
            "enable_dns_hostnames": true,
            "enable_dns_support": true,
            "id": "vpc-029413a9d42eb77f6",
            "instance_tenancy": "default",
            "ipv6_association_id": "",
            "ipv6_cidr_block": "",
            "main_route_table_id": "rtb-08937cccda7796842",
            "owner_id": "514072627411",
            "tags": {},
            "tags_all": {}
          },
          "sensitive_attributes": [],
          "private": "eyJzY2hlbWFfdmVyc2lvbiI6IjEifQ=="
        }
      ]
    }
  ]
}
