{
  "version": 4,
  "terraform_version": "1.0.8",
  "serial": 1122,
  "lineage": "ca58efb8-bfb2-bcb4-0cc0-fbadae096c2f",
  "outputs": {
    "alb_hostname": {
      "value": "vb-poc-app-gateway-990426501.us-east-1.elb.amazonaws.com",
      "type": "string"
    },
    "bastion_public_ip": {
      "value": "34.228.64.122",
      "type": "string"
    }
  },
  "resources": [
    {
      "mode": "data",
      "type": "aws_availability_zones",
      "name": "available",
      "provider": "provider[\"registry.terraform.io/hashicorp/aws\"]",
      "instances": [
        {
          "schema_version": 0,
          "attributes": {
            "all_availability_zones": null,
            "exclude_names": null,
            "exclude_zone_ids": null,
            "filter": null,
            "group_names": [
              "us-east-1"
            ],
            "id": "us-east-1",
            "names": [
              "us-east-1a",
              "us-east-1b",
              "us-east-1c",
              "us-east-1d",
              "us-east-1e",
              "us-east-1f"
            ],
            "state": null,
            "zone_ids": [
              "use1-az4",
              "use1-az6",
              "use1-az1",
              "use1-az2",
              "use1-az3",
              "use1-az5"
            ]
          },
          "sensitive_attributes": []
        }
      ]
    },
    {
      "mode": "data",
      "type": "aws_iam_policy_document",
      "name": "ecs_task_execution_role",
      "provider": "provider[\"registry.terraform.io/hashicorp/aws\"]",
      "instances": [
        {
          "schema_version": 0,
          "attributes": {
            "id": "320642683",
            "json": "{\n  \"Version\": \"2012-10-17\",\n  \"Statement\": [\n    {\n      \"Sid\": \"\",\n      \"Effect\": \"Allow\",\n      \"Action\": \"sts:AssumeRole\",\n      \"Principal\": {\n        \"Service\": \"ecs-tasks.amazonaws.com\"\n      }\n    }\n  ]\n}",
            "override_json": null,
            "override_policy_documents": null,
            "policy_id": null,
            "source_json": null,
            "source_policy_documents": null,
            "statement": [
              {
                "actions": [
                  "sts:AssumeRole"
                ],
                "condition": [],
                "effect": "Allow",
                "not_actions": [],
                "not_principals": [],
                "not_resources": [],
                "principals": [
                  {
                    "identifiers": [
                      "ecs-tasks.amazonaws.com"
                    ],
                    "type": "Service"
                  }
                ],
                "resources": [],
                "sid": ""
              }
            ],
            "version": "2012-10-17"
          },
          "sensitive_attributes": []
        }
      ]
    },
    {
      "mode": "data",
      "type": "aws_partition",
      "name": "current",
      "provider": "provider[\"registry.terraform.io/hashicorp/aws\"]",
      "instances": [
        {
          "schema_version": 0,
          "attributes": {
            "dns_suffix": "amazonaws.com",
            "id": "aws",
            "partition": "aws",
            "reverse_dns_prefix": "com.amazonaws"
          },
          "sensitive_attributes": []
        }
      ]
    },
    {
      "mode": "managed",
      "type": "aws_acm_certificate",
      "name": "backend_cert",
      "provider": "provider[\"registry.terraform.io/hashicorp/aws\"]",
      "instances": [
        {
          "schema_version": 0,
          "attributes": {
            "arn": "arn:aws:acm:us-east-1:514072627411:certificate/b64ea140-de31-459f-af2c-993f2cd1487d",
            "certificate_authority_arn": "arn:aws:acm-pca:us-east-1:514072627411:certificate-authority/cf326a35-cb7f-409a-bb91-48edd75327d3",
            "certificate_body": null,
            "certificate_chain": null,
            "domain_name": "backend.vb.ecs-mesh",
            "domain_validation_options": [],
            "id": "arn:aws:acm:us-east-1:514072627411:certificate/b64ea140-de31-459f-af2c-993f2cd1487d",
            "options": [
              {
                "certificate_transparency_logging_preference": "ENABLED"
              }
            ],
            "private_key": null,
            "status": "ISSUED",
            "subject_alternative_names": [],
            "tags": {},
            "tags_all": {},
            "validation_emails": [],
            "validation_method": "NONE"
          },
          "sensitive_attributes": [],
          "private": "bnVsbA==",
          "dependencies": [
            "aws_acmpca_certificate_authority.mesh_ca"
          ],
          "create_before_destroy": true
        }
      ]
    },
    {
      "mode": "managed",
      "type": "aws_acm_certificate",
      "name": "frontend_cert",
      "provider": "provider[\"registry.terraform.io/hashicorp/aws\"]",
      "instances": [
        {
          "schema_version": 0,
          "attributes": {
            "arn": "arn:aws:acm:us-east-1:514072627411:certificate/95efb84a-f43f-4f7a-af46-0e3c48608996",
            "certificate_authority_arn": "arn:aws:acm-pca:us-east-1:514072627411:certificate-authority/cf326a35-cb7f-409a-bb91-48edd75327d3",
            "certificate_body": null,
            "certificate_chain": null,
            "domain_name": "frontend.vb.ecs-mesh",
            "domain_validation_options": [],
            "id": "arn:aws:acm:us-east-1:514072627411:certificate/95efb84a-f43f-4f7a-af46-0e3c48608996",
            "options": [
              {
                "certificate_transparency_logging_preference": "ENABLED"
              }
            ],
            "private_key": null,
            "status": "ISSUED",
            "subject_alternative_names": [],
            "tags": {},
            "tags_all": {},
            "validation_emails": [],
            "validation_method": "NONE"
          },
          "sensitive_attributes": [],
          "private": "bnVsbA==",
          "dependencies": [
            "aws_acmpca_certificate_authority.mesh_ca"
          ],
          "create_before_destroy": true
        }
      ]
    },
    {
      "mode": "managed",
      "type": "aws_acm_certificate",
      "name": "gateway_cert",
      "provider": "provider[\"registry.terraform.io/hashicorp/aws\"]",
      "instances": [
        {
          "schema_version": 0,
          "attributes": {
            "arn": "arn:aws:acm:us-east-1:514072627411:certificate/eaa5c20a-d01c-4e13-9da8-c70daff6a620",
            "certificate_authority_arn": "arn:aws:acm-pca:us-east-1:514072627411:certificate-authority/cf326a35-cb7f-409a-bb91-48edd75327d3",
            "certificate_body": null,
            "certificate_chain": null,
            "domain_name": "gateway.vb.ecs-mesh",
            "domain_validation_options": [],
            "id": "arn:aws:acm:us-east-1:514072627411:certificate/eaa5c20a-d01c-4e13-9da8-c70daff6a620",
            "options": [
              {
                "certificate_transparency_logging_preference": "ENABLED"
              }
            ],
            "private_key": null,
            "status": "ISSUED",
            "subject_alternative_names": [],
            "tags": {},
            "tags_all": {},
            "validation_emails": [],
            "validation_method": "NONE"
          },
          "sensitive_attributes": [],
          "private": "bnVsbA==",
          "dependencies": [
            "aws_acmpca_certificate_authority.mesh_ca"
          ],
          "create_before_destroy": true
        }
      ]
    },
    {
      "mode": "managed",
      "type": "aws_acmpca_certificate",
      "name": "mesh_ca",
      "provider": "provider[\"registry.terraform.io/hashicorp/aws\"]",
      "instances": [
        {
          "schema_version": 0,
          "attributes": {
            "arn": "arn:aws:acm-pca:us-east-1:514072627411:certificate-authority/cf326a35-cb7f-409a-bb91-48edd75327d3/certificate/852e512118eb10ee9b41e5834ce3760a",
            "certificate": "-----BEGIN CERTIFICATE-----\nMIIE+TCCAuGgAwIBAgIRAIUuUSEY6xDum0Hlg0zjdgowDQYJKoZIhvcNAQENBQAw\nFjEUMBIGA1UEAwwLdmIuZWNzLW1lc2gwHhcNMjExMDE1MTc0MDU3WhcNMjQxMDE1\nMTg0MDU3WjAWMRQwEgYDVQQDDAt2Yi5lY3MtbWVzaDCCAiIwDQYJKoZIhvcNAQEB\nBQADggIPADCCAgoCggIBAPVX6TuB7a35lhSuKjIOs66Qh5HwGrrM8rDFQMGbfgFp\n9k3BZwRo5aE1po/6sH7gC906oQUDsGinwTcUkdsj86XKUHY/7W4R8HHFZwWlwl9I\nnklPfvWuJDj1jW4uR2+XlQ9HWCg6b0+97ZLY9XSg37KISB956d+fc42xsqyqloRT\nsSdiGDLmkBUyWN6GOpGYo8WttxcpJgfrNdmjFngXjiDdaggto7t/zQmq9M28JceT\nRd15qK2uZHRdxCcTjYfxxCJ7gwHltzWnVPAp3orTjEzgVVWRGN3nY3uZ2vuhQWpv\ndwmW2U2IBkThZeiQaAolUsmQDc/nWTfGMvteja8f2NeuBnja4TQN6LUaocU2+lNo\n38kQ7jR0Jz/r4J39IMlX5o37NNRg05Q5e8NGbJP4nh/m+rJEfs8wi9zpJliOgsjs\nOZHEoJ1JUo+YPE0SFl5Aqz4MCGn0FpO3z6rUXb1RJLF0FxrEVSeKSrSvX/sarhv+\n+vP2W//uTRIAr5rH/68VG+L/gDxLkeL7WiwSwiW5vKUi2zCyVx8SBpY7XFaOIlvG\nDkPXdfRuKtbfd/KA61BbgAFrL5TSEX6+GUOQU+NZ17/ZHVUkpgQALD7bf6jndXUq\n8dq4DcJAUkj0LJWFPNlZtdKW0UvbhPSROVjhWv3muAsbhtmotdi0fhg0D80VIFhR\nAgMBAAGjQjBAMA8GA1UdEwEB/wQFMAMBAf8wHQYDVR0OBBYEFC03s7Vfq+e3FGgM\njXEUlIluBA2gMA4GA1UdDwEB/wQEAwIBhjANBgkqhkiG9w0BAQ0FAAOCAgEAiGpf\n58gPP6HAJjOjODh43m2RBLSeOiXoUmpQt9DLfKXJ4iNX/zlVR2gEHmFU+Dursd5I\n1PB/BeaZH/RL2ETa4n4F3a7p9exswx3RoR0t6sm6fDrTdbev1uH+zlYjziha/UgZ\nW2h5i+UqvmiIy+xi8xPusDJLalpCSKdGg+vKkl3Jkd4h6Pw9C3qxWG38zd8Wz2Ya\n9chUw4j6gKcPHfBT3lm9o7hJV+DPvcNmSL84E4KcPl7/6R6qVPTqDpCFj9fQH2XZ\neyOXoI1Qt+HwB08sFvZHjkQrXc4zaL2PfN5qjXqfaPnYssxqeiiPgNi/MuK0m5/R\nj9Fs2KcY7g8N7BwT4JpQveY13spg+MQNqs1spdaqtRry0U+zSph1r39V+qE9gyht\nKcxiaXCQqKeEblR+Hkw9PJ3X5ImsUGXN4/1Rgcur0Op+psGsSOhYSUf05eYzlf9T\ne7Bzm2sRZQDYkAImEmsAgO0cWV8AikcRqpJlA+RdZsTV0Lwt2lSOm7zuRNXHIn9E\nJDzwEMub4mly870BLPUsnsFvLROh6c1pNioCL3pGN7CtQwqmkZnOAnUrlMLBnqHQ\naeJcE/NwezMB6isLfmyM2xL9gxpTwxg7kdX96Yisl26cHV9Q3xAWnsIc0hOZ+b/h\nOAKe/i2ZBFy2384ZNgMvoOUxdBHfH7+SoPYrNAo=\n-----END CERTIFICATE-----",
            "certificate_authority_arn": "arn:aws:acm-pca:us-east-1:514072627411:certificate-authority/cf326a35-cb7f-409a-bb91-48edd75327d3",
            "certificate_chain": "",
            "certificate_signing_request": "-----BEGIN CERTIFICATE REQUEST-----\nMIIEfTCCAmUCAQAwFjEUMBIGA1UEAwwLdmIuZWNzLW1lc2gwggIiMA0GCSqGSIb3\nDQEBAQUAA4ICDwAwggIKAoICAQD1V+k7ge2t+ZYUrioyDrOukIeR8Bq6zPKwxUDB\nm34BafZNwWcEaOWhNaaP+rB+4AvdOqEFA7Bop8E3FJHbI/OlylB2P+1uEfBxxWcF\npcJfSJ5JT371riQ49Y1uLkdvl5UPR1goOm9Pve2S2PV0oN+yiEgfeenfn3ONsbKs\nqpaEU7EnYhgy5pAVMljehjqRmKPFrbcXKSYH6zXZoxZ4F44g3WoILaO7f80JqvTN\nvCXHk0XdeaitrmR0XcQnE42H8cQie4MB5bc1p1TwKd6K04xM4FVVkRjd52N7mdr7\noUFqb3cJltlNiAZE4WXokGgKJVLJkA3P51k3xjL7Xo2vH9jXrgZ42uE0Dei1GqHF\nNvpTaN/JEO40dCc/6+Cd/SDJV+aN+zTUYNOUOXvDRmyT+J4f5vqyRH7PMIvc6SZY\njoLI7DmRxKCdSVKPmDxNEhZeQKs+DAhp9BaTt8+q1F29USSxdBcaxFUnikq0r1/7\nGq4b/vrz9lv/7k0SAK+ax/+vFRvi/4A8S5Hi+1osEsIlubylItswslcfEgaWO1xW\njiJbxg5D13X0birW33fygOtQW4ABay+U0hF+vhlDkFPjWde/2R1VJKYEACw+23+o\n53V1KvHauA3CQFJI9CyVhTzZWbXSltFL24T0kTlY4Vr95rgLG4bZqLXYtH4YNA/N\nFSBYUQIDAQABoCIwIAYJKoZIhvcNAQkOMRMwETAPBgNVHRMBAf8EBTADAQH/MA0G\nCSqGSIb3DQEBDQUAA4ICAQBDy3twH4vCft0mzGfWcAOB6eU9MA9/U1m+ijkizF1S\nOdEGUdEmBTdidjHAeHPvf05kwhO406bWjstNSuPBiiIUiasd97b7qK/lG0JjjaT4\nPAIN19+FRXvmv9DDmsvgPVnRC6d1XYjZfBRbZ5nHmHW8uAtHYZAqYCZxYhsNUbF7\nRDFlRNk6QnKzd2VJa3A8ur9JfVMgS7DXminJO9Qj1pjjcN8IV53kTGG/xC6c2XZ2\nHOoPmnWs8OcnZdOa0/AC74bqKasW1NHSgQIsxOtuYQ9/OcJvD3+sCZwBTGBB3hkw\nkxNcajl4k40pT4pCOkEGFXF43HD94rLXHYaHg+qtG8tchpVL9JvNtPohw2poU71m\nAaBAlNjItwyJrnPvT8cNrr98wRuBQ9Qv2q4g+KA9IxjDKDL3IYCHbbkZUhxh5cqc\nydbhzOWKiJg6k9oK62u6gUb35jcV5TV4AoIdu1Ek1Su+TipPqOZzTHhKVCd+Aobu\nNhuxXuYxNR98AL+kok+gexEvIambhV/SQZtt/w14kZwtnLozHM2gvv6WQq3z7qsA\nkOe0pJJqq+2Kud8mij7T4SaqqP9qbmBTGGB3rlbxp/phEc3eVExC2bHX5Wc7LsPV\nd7vZFS4MzCDCB14Ump22LC/6LAq/fEbQ0nivZ5KYa7LYs9EecoUFy6tFlNrkKmVR\nuQ==\n-----END CERTIFICATE REQUEST-----",
            "id": "arn:aws:acm-pca:us-east-1:514072627411:certificate-authority/cf326a35-cb7f-409a-bb91-48edd75327d3/certificate/852e512118eb10ee9b41e5834ce3760a",
            "signing_algorithm": "SHA512WITHRSA",
            "template_arn": "arn:aws:acm-pca:::template/RootCACertificate/V1",
            "validity": [
              {
                "type": "YEARS",
                "value": "3"
              }
            ]
          },
          "sensitive_attributes": [],
          "private": "bnVsbA==",
          "dependencies": [
            "aws_acmpca_certificate_authority.mesh_ca",
            "data.aws_partition.current"
          ]
        }
      ]
    },
    {
      "mode": "managed",
      "type": "aws_acmpca_certificate_authority",
      "name": "mesh_ca",
      "provider": "provider[\"registry.terraform.io/hashicorp/aws\"]",
      "instances": [
        {
          "schema_version": 1,
          "attributes": {
            "arn": "arn:aws:acm-pca:us-east-1:514072627411:certificate-authority/cf326a35-cb7f-409a-bb91-48edd75327d3",
            "certificate": "-----BEGIN CERTIFICATE-----\nMIIE+TCCAuGgAwIBAgIRAIUuUSEY6xDum0Hlg0zjdgowDQYJKoZIhvcNAQENBQAw\nFjEUMBIGA1UEAwwLdmIuZWNzLW1lc2gwHhcNMjExMDE1MTc0MDU3WhcNMjQxMDE1\nMTg0MDU3WjAWMRQwEgYDVQQDDAt2Yi5lY3MtbWVzaDCCAiIwDQYJKoZIhvcNAQEB\nBQADggIPADCCAgoCggIBAPVX6TuB7a35lhSuKjIOs66Qh5HwGrrM8rDFQMGbfgFp\n9k3BZwRo5aE1po/6sH7gC906oQUDsGinwTcUkdsj86XKUHY/7W4R8HHFZwWlwl9I\nnklPfvWuJDj1jW4uR2+XlQ9HWCg6b0+97ZLY9XSg37KISB956d+fc42xsqyqloRT\nsSdiGDLmkBUyWN6GOpGYo8WttxcpJgfrNdmjFngXjiDdaggto7t/zQmq9M28JceT\nRd15qK2uZHRdxCcTjYfxxCJ7gwHltzWnVPAp3orTjEzgVVWRGN3nY3uZ2vuhQWpv\ndwmW2U2IBkThZeiQaAolUsmQDc/nWTfGMvteja8f2NeuBnja4TQN6LUaocU2+lNo\n38kQ7jR0Jz/r4J39IMlX5o37NNRg05Q5e8NGbJP4nh/m+rJEfs8wi9zpJliOgsjs\nOZHEoJ1JUo+YPE0SFl5Aqz4MCGn0FpO3z6rUXb1RJLF0FxrEVSeKSrSvX/sarhv+\n+vP2W//uTRIAr5rH/68VG+L/gDxLkeL7WiwSwiW5vKUi2zCyVx8SBpY7XFaOIlvG\nDkPXdfRuKtbfd/KA61BbgAFrL5TSEX6+GUOQU+NZ17/ZHVUkpgQALD7bf6jndXUq\n8dq4DcJAUkj0LJWFPNlZtdKW0UvbhPSROVjhWv3muAsbhtmotdi0fhg0D80VIFhR\nAgMBAAGjQjBAMA8GA1UdEwEB/wQFMAMBAf8wHQYDVR0OBBYEFC03s7Vfq+e3FGgM\njXEUlIluBA2gMA4GA1UdDwEB/wQEAwIBhjANBgkqhkiG9w0BAQ0FAAOCAgEAiGpf\n58gPP6HAJjOjODh43m2RBLSeOiXoUmpQt9DLfKXJ4iNX/zlVR2gEHmFU+Dursd5I\n1PB/BeaZH/RL2ETa4n4F3a7p9exswx3RoR0t6sm6fDrTdbev1uH+zlYjziha/UgZ\nW2h5i+UqvmiIy+xi8xPusDJLalpCSKdGg+vKkl3Jkd4h6Pw9C3qxWG38zd8Wz2Ya\n9chUw4j6gKcPHfBT3lm9o7hJV+DPvcNmSL84E4KcPl7/6R6qVPTqDpCFj9fQH2XZ\neyOXoI1Qt+HwB08sFvZHjkQrXc4zaL2PfN5qjXqfaPnYssxqeiiPgNi/MuK0m5/R\nj9Fs2KcY7g8N7BwT4JpQveY13spg+MQNqs1spdaqtRry0U+zSph1r39V+qE9gyht\nKcxiaXCQqKeEblR+Hkw9PJ3X5ImsUGXN4/1Rgcur0Op+psGsSOhYSUf05eYzlf9T\ne7Bzm2sRZQDYkAImEmsAgO0cWV8AikcRqpJlA+RdZsTV0Lwt2lSOm7zuRNXHIn9E\nJDzwEMub4mly870BLPUsnsFvLROh6c1pNioCL3pGN7CtQwqmkZnOAnUrlMLBnqHQ\naeJcE/NwezMB6isLfmyM2xL9gxpTwxg7kdX96Yisl26cHV9Q3xAWnsIc0hOZ+b/h\nOAKe/i2ZBFy2384ZNgMvoOUxdBHfH7+SoPYrNAo=\n-----END CERTIFICATE-----",
            "certificate_authority_configuration": [
              {
                "key_algorithm": "RSA_4096",
                "signing_algorithm": "SHA512WITHRSA",
                "subject": [
                  {
                    "common_name": "vb.ecs-mesh",
                    "country": "",
                    "distinguished_name_qualifier": "",
                    "generation_qualifier": "",
                    "given_name": "",
                    "initials": "",
                    "locality": "",
                    "organization": "",
                    "organizational_unit": "",
                    "pseudonym": "",
                    "state": "",
                    "surname": "",
                    "title": ""
                  }
                ]
              }
            ],
            "certificate_chain": "",
            "certificate_signing_request": "-----BEGIN CERTIFICATE REQUEST-----\nMIIEfTCCAmUCAQAwFjEUMBIGA1UEAwwLdmIuZWNzLW1lc2gwggIiMA0GCSqGSIb3\nDQEBAQUAA4ICDwAwggIKAoICAQD1V+k7ge2t+ZYUrioyDrOukIeR8Bq6zPKwxUDB\nm34BafZNwWcEaOWhNaaP+rB+4AvdOqEFA7Bop8E3FJHbI/OlylB2P+1uEfBxxWcF\npcJfSJ5JT371riQ49Y1uLkdvl5UPR1goOm9Pve2S2PV0oN+yiEgfeenfn3ONsbKs\nqpaEU7EnYhgy5pAVMljehjqRmKPFrbcXKSYH6zXZoxZ4F44g3WoILaO7f80JqvTN\nvCXHk0XdeaitrmR0XcQnE42H8cQie4MB5bc1p1TwKd6K04xM4FVVkRjd52N7mdr7\noUFqb3cJltlNiAZE4WXokGgKJVLJkA3P51k3xjL7Xo2vH9jXrgZ42uE0Dei1GqHF\nNvpTaN/JEO40dCc/6+Cd/SDJV+aN+zTUYNOUOXvDRmyT+J4f5vqyRH7PMIvc6SZY\njoLI7DmRxKCdSVKPmDxNEhZeQKs+DAhp9BaTt8+q1F29USSxdBcaxFUnikq0r1/7\nGq4b/vrz9lv/7k0SAK+ax/+vFRvi/4A8S5Hi+1osEsIlubylItswslcfEgaWO1xW\njiJbxg5D13X0birW33fygOtQW4ABay+U0hF+vhlDkFPjWde/2R1VJKYEACw+23+o\n53V1KvHauA3CQFJI9CyVhTzZWbXSltFL24T0kTlY4Vr95rgLG4bZqLXYtH4YNA/N\nFSBYUQIDAQABoCIwIAYJKoZIhvcNAQkOMRMwETAPBgNVHRMBAf8EBTADAQH/MA0G\nCSqGSIb3DQEBDQUAA4ICAQBDy3twH4vCft0mzGfWcAOB6eU9MA9/U1m+ijkizF1S\nOdEGUdEmBTdidjHAeHPvf05kwhO406bWjstNSuPBiiIUiasd97b7qK/lG0JjjaT4\nPAIN19+FRXvmv9DDmsvgPVnRC6d1XYjZfBRbZ5nHmHW8uAtHYZAqYCZxYhsNUbF7\nRDFlRNk6QnKzd2VJa3A8ur9JfVMgS7DXminJO9Qj1pjjcN8IV53kTGG/xC6c2XZ2\nHOoPmnWs8OcnZdOa0/AC74bqKasW1NHSgQIsxOtuYQ9/OcJvD3+sCZwBTGBB3hkw\nkxNcajl4k40pT4pCOkEGFXF43HD94rLXHYaHg+qtG8tchpVL9JvNtPohw2poU71m\nAaBAlNjItwyJrnPvT8cNrr98wRuBQ9Qv2q4g+KA9IxjDKDL3IYCHbbkZUhxh5cqc\nydbhzOWKiJg6k9oK62u6gUb35jcV5TV4AoIdu1Ek1Su+TipPqOZzTHhKVCd+Aobu\nNhuxXuYxNR98AL+kok+gexEvIambhV/SQZtt/w14kZwtnLozHM2gvv6WQq3z7qsA\nkOe0pJJqq+2Kud8mij7T4SaqqP9qbmBTGGB3rlbxp/phEc3eVExC2bHX5Wc7LsPV\nd7vZFS4MzCDCB14Ump22LC/6LAq/fEbQ0nivZ5KYa7LYs9EecoUFy6tFlNrkKmVR\nuQ==\n-----END CERTIFICATE REQUEST-----",
            "enabled": true,
            "id": "arn:aws:acm-pca:us-east-1:514072627411:certificate-authority/cf326a35-cb7f-409a-bb91-48edd75327d3",
            "not_after": "2024-10-15T18:40:57Z",
            "not_before": "2021-10-15T17:40:57Z",
            "permanent_deletion_time_in_days": 30,
            "revocation_configuration": [
              {
                "crl_configuration": [
                  {
                    "custom_cname": "",
                    "enabled": false,
                    "expiration_in_days": 0,
                    "s3_bucket_name": "",
                    "s3_object_acl": ""
                  }
                ]
              }
            ],
            "serial": "177027814592305489685844232426840356362",
            "status": "ACTIVE",
            "tags": {},
            "tags_all": {},
            "timeouts": null,
            "type": "ROOT"
          },
          "sensitive_attributes": [],
          "private": "eyJlMmJmYjczMC1lY2FhLTExZTYtOGY4OC0zNDM2M2JjN2M0YzAiOnsiY3JlYXRlIjo2MDAwMDAwMDAwMH0sInNjaGVtYV92ZXJzaW9uIjoiMSJ9",
          "create_before_destroy": true
        }
      ]
    },
    {
      "mode": "managed",
      "type": "aws_acmpca_certificate_authority_certificate",
      "name": "mesh_ca",
      "provider": "provider[\"registry.terraform.io/hashicorp/aws\"]",
      "instances": [
        {
          "schema_version": 0,
          "attributes": {
            "certificate": "-----BEGIN CERTIFICATE-----\nMIIE+TCCAuGgAwIBAgIRAIUuUSEY6xDum0Hlg0zjdgowDQYJKoZIhvcNAQENBQAw\nFjEUMBIGA1UEAwwLdmIuZWNzLW1lc2gwHhcNMjExMDE1MTc0MDU3WhcNMjQxMDE1\nMTg0MDU3WjAWMRQwEgYDVQQDDAt2Yi5lY3MtbWVzaDCCAiIwDQYJKoZIhvcNAQEB\nBQADggIPADCCAgoCggIBAPVX6TuB7a35lhSuKjIOs66Qh5HwGrrM8rDFQMGbfgFp\n9k3BZwRo5aE1po/6sH7gC906oQUDsGinwTcUkdsj86XKUHY/7W4R8HHFZwWlwl9I\nnklPfvWuJDj1jW4uR2+XlQ9HWCg6b0+97ZLY9XSg37KISB956d+fc42xsqyqloRT\nsSdiGDLmkBUyWN6GOpGYo8WttxcpJgfrNdmjFngXjiDdaggto7t/zQmq9M28JceT\nRd15qK2uZHRdxCcTjYfxxCJ7gwHltzWnVPAp3orTjEzgVVWRGN3nY3uZ2vuhQWpv\ndwmW2U2IBkThZeiQaAolUsmQDc/nWTfGMvteja8f2NeuBnja4TQN6LUaocU2+lNo\n38kQ7jR0Jz/r4J39IMlX5o37NNRg05Q5e8NGbJP4nh/m+rJEfs8wi9zpJliOgsjs\nOZHEoJ1JUo+YPE0SFl5Aqz4MCGn0FpO3z6rUXb1RJLF0FxrEVSeKSrSvX/sarhv+\n+vP2W//uTRIAr5rH/68VG+L/gDxLkeL7WiwSwiW5vKUi2zCyVx8SBpY7XFaOIlvG\nDkPXdfRuKtbfd/KA61BbgAFrL5TSEX6+GUOQU+NZ17/ZHVUkpgQALD7bf6jndXUq\n8dq4DcJAUkj0LJWFPNlZtdKW0UvbhPSROVjhWv3muAsbhtmotdi0fhg0D80VIFhR\nAgMBAAGjQjBAMA8GA1UdEwEB/wQFMAMBAf8wHQYDVR0OBBYEFC03s7Vfq+e3FGgM\njXEUlIluBA2gMA4GA1UdDwEB/wQEAwIBhjANBgkqhkiG9w0BAQ0FAAOCAgEAiGpf\n58gPP6HAJjOjODh43m2RBLSeOiXoUmpQt9DLfKXJ4iNX/zlVR2gEHmFU+Dursd5I\n1PB/BeaZH/RL2ETa4n4F3a7p9exswx3RoR0t6sm6fDrTdbev1uH+zlYjziha/UgZ\nW2h5i+UqvmiIy+xi8xPusDJLalpCSKdGg+vKkl3Jkd4h6Pw9C3qxWG38zd8Wz2Ya\n9chUw4j6gKcPHfBT3lm9o7hJV+DPvcNmSL84E4KcPl7/6R6qVPTqDpCFj9fQH2XZ\neyOXoI1Qt+HwB08sFvZHjkQrXc4zaL2PfN5qjXqfaPnYssxqeiiPgNi/MuK0m5/R\nj9Fs2KcY7g8N7BwT4JpQveY13spg+MQNqs1spdaqtRry0U+zSph1r39V+qE9gyht\nKcxiaXCQqKeEblR+Hkw9PJ3X5ImsUGXN4/1Rgcur0Op+psGsSOhYSUf05eYzlf9T\ne7Bzm2sRZQDYkAImEmsAgO0cWV8AikcRqpJlA+RdZsTV0Lwt2lSOm7zuRNXHIn9E\nJDzwEMub4mly870BLPUsnsFvLROh6c1pNioCL3pGN7CtQwqmkZnOAnUrlMLBnqHQ\naeJcE/NwezMB6isLfmyM2xL9gxpTwxg7kdX96Yisl26cHV9Q3xAWnsIc0hOZ+b/h\nOAKe/i2ZBFy2384ZNgMvoOUxdBHfH7+SoPYrNAo=\n-----END CERTIFICATE-----",
            "certificate_authority_arn": "arn:aws:acm-pca:us-east-1:514072627411:certificate-authority/cf326a35-cb7f-409a-bb91-48edd75327d3",
            "certificate_chain": "",
            "id": "arn:aws:acm-pca:us-east-1:514072627411:certificate-authority/cf326a35-cb7f-409a-bb91-48edd75327d3"
          },
          "sensitive_attributes": [],
          "private": "bnVsbA==",
          "dependencies": [
            "data.aws_partition.current",
            "aws_acmpca_certificate.mesh_ca",
            "aws_acmpca_certificate_authority.mesh_ca"
          ]
        }
      ]
    },
    {
      "mode": "managed",
      "type": "aws_alb",
      "name": "ecs_vpc",
      "provider": "provider[\"registry.terraform.io/hashicorp/aws\"]",
      "instances": [
        {
          "schema_version": 0,
          "attributes": {
            "access_logs": [
              {
                "bucket": "",
                "enabled": false,
                "prefix": ""
              }
            ],
            "arn": "arn:aws:elasticloadbalancing:us-east-1:514072627411:loadbalancer/app/vb-poc-app-gateway/28e214199ef2002f",
            "arn_suffix": "app/vb-poc-app-gateway/28e214199ef2002f",
            "customer_owned_ipv4_pool": "",
            "dns_name": "vb-poc-app-gateway-990426501.us-east-1.elb.amazonaws.com",
            "drop_invalid_header_fields": false,
            "enable_cross_zone_load_balancing": null,
            "enable_deletion_protection": false,
            "enable_http2": true,
            "id": "arn:aws:elasticloadbalancing:us-east-1:514072627411:loadbalancer/app/vb-poc-app-gateway/28e214199ef2002f",
            "idle_timeout": 60,
            "internal": false,
            "ip_address_type": "ipv4",
            "load_balancer_type": "application",
            "name": "vb-poc-app-gateway",
            "name_prefix": null,
            "security_groups": [
              "sg-0a4243cd0987292fa"
            ],
            "subnet_mapping": [
              {
                "allocation_id": "",
                "ipv6_address": "",
                "outpost_id": "",
                "private_ipv4_address": "",
                "subnet_id": "subnet-02f7e0208f1dc7eaf"
              },
              {
                "allocation_id": "",
                "ipv6_address": "",
                "outpost_id": "",
                "private_ipv4_address": "",
                "subnet_id": "subnet-07b8b5db62fe3e979"
              }
            ],
            "subnets": [
              "subnet-02f7e0208f1dc7eaf",
              "subnet-07b8b5db62fe3e979"
            ],
            "tags": {},
            "tags_all": {},
            "timeouts": null,
            "vpc_id": "vpc-0eaebb0ac2ce017fe",
            "zone_id": "Z35SXDOTRQ7X7K"
          },
          "sensitive_attributes": [],
          "private": "eyJlMmJmYjczMC1lY2FhLTExZTYtOGY4OC0zNDM2M2JjN2M0YzAiOnsiY3JlYXRlIjo2MDAwMDAwMDAwMDAsImRlbGV0ZSI6NjAwMDAwMDAwMDAwLCJ1cGRhdGUiOjYwMDAwMDAwMDAwMH19",
          "dependencies": [
            "aws_security_group.lb",
            "aws_subnet.public_ecs",
            "aws_vpc.ecs_vpc",
            "data.aws_availability_zones.available"
          ]
        }
      ]
    },
    {
      "mode": "managed",
      "type": "aws_alb_listener",
      "name": "app_gateway",
      "provider": "provider[\"registry.terraform.io/hashicorp/aws\"]",
      "instances": [
        {
          "schema_version": 0,
          "attributes": {
            "alpn_policy": null,
            "arn": "arn:aws:elasticloadbalancing:us-east-1:514072627411:listener/app/vb-poc-app-gateway/28e214199ef2002f/ac37c60c69e4f8ee",
            "certificate_arn": null,
            "default_action": [
              {
                "authenticate_cognito": [],
                "authenticate_oidc": [],
                "fixed_response": [],
                "forward": [],
                "order": 1,
                "redirect": [],
                "target_group_arn": "arn:aws:elasticloadbalancing:us-east-1:514072627411:targetgroup/vb-poc-app-gateway/c5f0521e10d2001a",
                "type": "forward"
              }
            ],
            "id": "arn:aws:elasticloadbalancing:us-east-1:514072627411:listener/app/vb-poc-app-gateway/28e214199ef2002f/ac37c60c69e4f8ee",
            "load_balancer_arn": "arn:aws:elasticloadbalancing:us-east-1:514072627411:loadbalancer/app/vb-poc-app-gateway/28e214199ef2002f",
            "port": 80,
            "protocol": "HTTP",
            "ssl_policy": "",
            "tags": {},
            "tags_all": {},
            "timeouts": null
          },
          "sensitive_attributes": [],
          "private": "eyJlMmJmYjczMC1lY2FhLTExZTYtOGY4OC0zNDM2M2JjN2M0YzAiOnsicmVhZCI6NjAwMDAwMDAwMDAwfX0=",
          "dependencies": [
            "aws_alb_target_group.app_gateway",
            "aws_security_group.lb",
            "aws_subnet.public_ecs",
            "aws_vpc.ecs_vpc",
            "data.aws_availability_zones.available",
            "aws_alb.ecs_vpc"
          ]
        }
      ]
    },
    {
      "mode": "managed",
      "type": "aws_alb_target_group",
      "name": "app_gateway",
      "provider": "provider[\"registry.terraform.io/hashicorp/aws\"]",
      "instances": [
        {
          "schema_version": 0,
          "attributes": {
            "arn": "arn:aws:elasticloadbalancing:us-east-1:514072627411:targetgroup/vb-poc-app-gateway/c5f0521e10d2001a",
            "arn_suffix": "targetgroup/vb-poc-app-gateway/c5f0521e10d2001a",
            "deregistration_delay": 300,
            "health_check": [
              {
                "enabled": true,
                "healthy_threshold": 5,
                "interval": 30,
                "matcher": "200",
                "path": "/",
                "port": "traffic-port",
                "protocol": "HTTPS",
                "timeout": 5,
                "unhealthy_threshold": 2
              }
            ],
            "id": "arn:aws:elasticloadbalancing:us-east-1:514072627411:targetgroup/vb-poc-app-gateway/c5f0521e10d2001a",
            "lambda_multi_value_headers_enabled": false,
            "load_balancing_algorithm_type": "round_robin",
            "name": "vb-poc-app-gateway",
            "name_prefix": null,
            "port": 8080,
            "preserve_client_ip": null,
            "protocol": "HTTPS",
            "protocol_version": "HTTP1",
            "proxy_protocol_v2": false,
            "slow_start": 0,
            "stickiness": [
              {
                "cookie_duration": 86400,
                "cookie_name": "",
                "enabled": false,
                "type": "lb_cookie"
              }
            ],
            "tags": {},
            "tags_all": {},
            "target_type": "ip",
            "vpc_id": "vpc-0eaebb0ac2ce017fe"
          },
          "sensitive_attributes": [],
          "private": "bnVsbA==",
          "dependencies": [
            "aws_vpc.ecs_vpc"
          ]
        }
      ]
    },
    {
      "mode": "managed",
      "type": "aws_appmesh_gateway_route",
      "name": "frontend",
      "provider": "provider[\"registry.terraform.io/hashicorp/aws\"]",
      "instances": [
        {
          "schema_version": 0,
          "attributes": {
            "arn": "arn:aws:appmesh:us-east-1:514072627411:mesh/vb-poc/virtualGateway/vb-poc-app_gateway/gatewayRoute/vb-poc-frontend-route",
            "created_date": "2021-10-18T23:39:41Z",
            "id": "737c8c74-9a79-4a90-bb7a-06d7142499f4",
            "last_updated_date": "2021-10-18T23:39:41Z",
            "mesh_name": "vb-poc",
            "mesh_owner": "514072627411",
            "name": "vb-poc-frontend-route",
            "resource_owner": "514072627411",
            "spec": [
              {
                "grpc_route": [],
                "http2_route": [],
                "http_route": [
                  {
                    "action": [
                      {
                        "target": [
                          {
                            "virtual_service": [
                              {
                                "virtual_service_name": "frontend.vb.ecs-mesh"
                              }
                            ]
                          }
                        ]
                      }
                    ],
                    "match": [
                      {
                        "prefix": "/"
                      }
                    ]
                  }
                ]
              }
            ],
            "tags": {},
            "tags_all": {},
            "virtual_gateway_name": "vb-poc-app_gateway"
          },
          "sensitive_attributes": [],
          "private": "bnVsbA==",
          "dependencies": [
            "aws_acm_certificate.frontend_cert",
            "aws_service_discovery_service.frontend",
            "aws_acm_certificate.backend_cert",
            "aws_appmesh_virtual_gateway.app_gateway",
            "aws_service_discovery_private_dns_namespace.main",
            "aws_acm_certificate.gateway_cert",
            "aws_acmpca_certificate_authority.mesh_ca",
            "aws_appmesh_virtual_node.frontend",
            "aws_appmesh_virtual_service.backend",
            "aws_service_discovery_service.backend",
            "aws_vpc.ecs_vpc",
            "aws_appmesh_mesh.ecs_mesh",
            "aws_appmesh_virtual_node.backend",
            "aws_appmesh_virtual_service.frontend"
          ]
        }
      ]
    },
    {
      "mode": "managed",
      "type": "aws_appmesh_mesh",
      "name": "ecs_mesh",
      "provider": "provider[\"registry.terraform.io/hashicorp/aws\"]",
      "instances": [
        {
          "schema_version": 0,
          "attributes": {
            "arn": "arn:aws:appmesh:us-east-1:514072627411:mesh/vb-poc",
            "created_date": "2021-10-15T17:43:50Z",
            "id": "vb-poc",
            "last_updated_date": "2021-10-15T17:43:50Z",
            "mesh_owner": "514072627411",
            "name": "vb-poc",
            "resource_owner": "514072627411",
            "spec": [
              {
                "egress_filter": [
                  {
                    "type": "DROP_ALL"
                  }
                ]
              }
            ],
            "tags": {},
            "tags_all": {}
          },
          "sensitive_attributes": [],
          "private": "bnVsbA=="
        }
      ]
    },
    {
      "mode": "managed",
      "type": "aws_appmesh_virtual_gateway",
      "name": "app_gateway",
      "provider": "provider[\"registry.terraform.io/hashicorp/aws\"]",
      "instances": [
        {
          "schema_version": 0,
          "attributes": {
            "arn": "arn:aws:appmesh:us-east-1:514072627411:mesh/vb-poc/virtualGateway/vb-poc-app_gateway",
            "created_date": "2021-10-15T17:43:52Z",
            "id": "64fe4b24-163b-4c84-971e-31f86cb51646",
            "last_updated_date": "2021-10-18T23:40:20Z",
            "mesh_name": "vb-poc",
            "mesh_owner": "514072627411",
            "name": "vb-poc-app_gateway",
            "resource_owner": "514072627411",
            "spec": [
              {
                "backend_defaults": [
                  {
                    "client_policy": [
                      {
                        "tls": [
                          {
                            "certificate": [],
                            "enforce": true,
                            "ports": [],
                            "validation": [
                              {
                                "subject_alternative_names": [
                                  {
                                    "match": [
                                      {
                                        "exact": [
                                          "frontend.vb.ecs-mesh"
                                        ]
                                      }
                                    ]
                                  }
                                ],
                                "trust": [
                                  {
                                    "acm": [
                                      {
                                        "certificate_authority_arns": [
                                          "arn:aws:acm-pca:us-east-1:514072627411:certificate-authority/cf326a35-cb7f-409a-bb91-48edd75327d3"
                                        ]
                                      }
                                    ],
                                    "file": [],
                                    "sds": []
                                  }
                                ]
                              }
                            ]
                          }
                        ]
                      }
                    ]
                  }
                ],
                "listener": [
                  {
                    "connection_pool": [],
                    "health_check": [
                      {
                        "healthy_threshold": 2,
                        "interval_millis": 5000,
                        "path": "/",
                        "port": 8080,
                        "protocol": "http",
                        "timeout_millis": 2000,
                        "unhealthy_threshold": 2
                      }
                    ],
                    "port_mapping": [
                      {
                        "port": 8080,
                        "protocol": "http"
                      }
                    ],
                    "tls": [
                      {
                        "certificate": [
                          {
                            "acm": [
                              {
                                "certificate_arn": "arn:aws:acm:us-east-1:514072627411:certificate/eaa5c20a-d01c-4e13-9da8-c70daff6a620"
                              }
                            ],
                            "file": [],
                            "sds": []
                          }
                        ],
                        "mode": "STRICT",
                        "validation": []
                      }
                    ]
                  }
                ],
                "logging": [
                  {
                    "access_log": [
                      {
                        "file": [
                          {
                            "path": "/dev/stdout"
                          }
                        ]
                      }
                    ]
                  }
                ]
              }
            ],
            "tags": {},
            "tags_all": {}
          },
          "sensitive_attributes": [],
          "private": "bnVsbA==",
          "dependencies": [
            "aws_acm_certificate.gateway_cert",
            "aws_acmpca_certificate_authority.mesh_ca",
            "aws_appmesh_mesh.ecs_mesh",
            "aws_appmesh_virtual_service.frontend"
          ]
        }
      ]
    },
    {
      "mode": "managed",
      "type": "aws_appmesh_virtual_node",
      "name": "backend",
      "provider": "provider[\"registry.terraform.io/hashicorp/aws\"]",
      "instances": [
        {
          "schema_version": 1,
          "attributes": {
            "arn": "arn:aws:appmesh:us-east-1:514072627411:mesh/vb-poc/virtualNode/vb-poc-backend",
            "created_date": "2021-10-15T17:45:21Z",
            "id": "04e7d722-3072-46de-935b-7dbdf438954f",
            "last_updated_date": "2021-10-15T20:23:41Z",
            "mesh_name": "vb-poc",
            "mesh_owner": "514072627411",
            "name": "vb-poc-backend",
            "resource_owner": "514072627411",
            "spec": [
              {
                "backend": [],
                "backend_defaults": [],
                "listener": [
                  {
                    "connection_pool": [],
                    "health_check": [],
                    "outlier_detection": [],
                    "port_mapping": [
                      {
                        "port": 3000,
                        "protocol": "http"
                      }
                    ],
                    "timeout": [],
                    "tls": [
                      {
                        "certificate": [
                          {
                            "acm": [
                              {
                                "certificate_arn": "arn:aws:acm:us-east-1:514072627411:certificate/b64ea140-de31-459f-af2c-993f2cd1487d"
                              }
                            ],
                            "file": [],
                            "sds": []
                          }
                        ],
                        "mode": "STRICT",
                        "validation": []
                      }
                    ]
                  }
                ],
                "logging": [
                  {
                    "access_log": [
                      {
                        "file": [
                          {
                            "path": "/dev/stdout"
                          }
                        ]
                      }
                    ]
                  }
                ],
                "service_discovery": [
                  {
                    "aws_cloud_map": [
                      {
                        "attributes": {},
                        "namespace_name": "vb.ecs-mesh",
                        "service_name": "backend"
                      }
                    ],
                    "dns": []
                  }
                ]
              }
            ],
            "tags": {},
            "tags_all": {}
          },
          "sensitive_attributes": [],
          "private": "eyJzY2hlbWFfdmVyc2lvbiI6IjEifQ==",
          "dependencies": [
            "aws_acm_certificate.backend_cert",
            "aws_acmpca_certificate_authority.mesh_ca",
            "aws_appmesh_mesh.ecs_mesh",
            "aws_service_discovery_private_dns_namespace.main",
            "aws_service_discovery_service.backend",
            "aws_vpc.ecs_vpc"
          ]
        }
      ]
    },
    {
      "mode": "managed",
      "type": "aws_appmesh_virtual_node",
      "name": "frontend",
      "provider": "provider[\"registry.terraform.io/hashicorp/aws\"]",
      "instances": [
        {
          "schema_version": 1,
          "attributes": {
            "arn": "arn:aws:appmesh:us-east-1:514072627411:mesh/vb-poc/virtualNode/vb-poc-frontend",
            "created_date": "2021-10-15T17:45:24Z",
            "id": "94b274a4-7fc9-4333-9037-60e506deb0b4",
            "last_updated_date": "2021-10-18T23:21:11Z",
            "mesh_name": "vb-poc",
            "mesh_owner": "514072627411",
            "name": "vb-poc-frontend",
            "resource_owner": "514072627411",
            "spec": [
              {
                "backend": [
                  {
                    "virtual_service": [
                      {
                        "client_policy": [
                          {
                            "tls": [
                              {
                                "certificate": [],
                                "enforce": true,
                                "ports": [],
                                "validation": [
                                  {
                                    "subject_alternative_names": [
                                      {
                                        "match": [
                                          {
                                            "exact": [
                                              "backend.vb.ecs-mesh"
                                            ]
                                          }
                                        ]
                                      }
                                    ],
                                    "trust": [
                                      {
                                        "acm": [
                                          {
                                            "certificate_authority_arns": [
                                              "arn:aws:acm-pca:us-east-1:514072627411:certificate-authority/cf326a35-cb7f-409a-bb91-48edd75327d3"
                                            ]
                                          }
                                        ],
                                        "file": [],
                                        "sds": []
                                      }
                                    ]
                                  }
                                ]
                              }
                            ]
                          }
                        ],
                        "virtual_service_name": "backend.vb.ecs-mesh"
                      }
                    ]
                  }
                ],
                "backend_defaults": [],
                "listener": [
                  {
                    "connection_pool": [],
                    "health_check": [],
                    "outlier_detection": [],
                    "port_mapping": [
                      {
                        "port": 3000,
                        "protocol": "http"
                      }
                    ],
                    "timeout": [],
                    "tls": [
                      {
                        "certificate": [
                          {
                            "acm": [
                              {
                                "certificate_arn": "arn:aws:acm:us-east-1:514072627411:certificate/95efb84a-f43f-4f7a-af46-0e3c48608996"
                              }
                            ],
                            "file": [],
                            "sds": []
                          }
                        ],
                        "mode": "STRICT",
                        "validation": []
                      }
                    ]
                  }
                ],
                "logging": [
                  {
                    "access_log": [
                      {
                        "file": [
                          {
                            "path": "/dev/stdout"
                          }
                        ]
                      }
                    ]
                  }
                ],
                "service_discovery": [
                  {
                    "aws_cloud_map": [
                      {
                        "attributes": {},
                        "namespace_name": "vb.ecs-mesh",
                        "service_name": "frontend"
                      }
                    ],
                    "dns": []
                  }
                ]
              }
            ],
            "tags": {},
            "tags_all": {}
          },
          "sensitive_attributes": [],
          "private": "eyJzY2hlbWFfdmVyc2lvbiI6IjEifQ==",
          "dependencies": [
            "aws_service_discovery_private_dns_namespace.main",
            "aws_service_discovery_service.backend",
            "aws_service_discovery_service.frontend",
            "aws_acm_certificate.backend_cert",
            "aws_acm_certificate.frontend_cert",
            "aws_appmesh_mesh.ecs_mesh",
            "aws_appmesh_virtual_node.backend",
            "aws_appmesh_virtual_service.backend",
            "aws_acmpca_certificate_authority.mesh_ca",
            "aws_vpc.ecs_vpc"
          ]
        }
      ]
    },
    {
      "mode": "managed",
      "type": "aws_appmesh_virtual_service",
      "name": "backend",
      "provider": "provider[\"registry.terraform.io/hashicorp/aws\"]",
      "instances": [
        {
          "schema_version": 0,
          "attributes": {
            "arn": "arn:aws:appmesh:us-east-1:514072627411:mesh/vb-poc/virtualService/backend.vb.ecs-mesh",
            "created_date": "2021-10-15T17:45:22Z",
            "id": "9f51e609-4b0c-4a25-962e-9cba3ef025f2",
            "last_updated_date": "2021-10-15T17:45:22Z",
            "mesh_name": "vb-poc",
            "mesh_owner": "514072627411",
            "name": "backend.vb.ecs-mesh",
            "resource_owner": "514072627411",
            "spec": [
              {
                "provider": [
                  {
                    "virtual_node": [
                      {
                        "virtual_node_name": "vb-poc-backend"
                      }
                    ],
                    "virtual_router": []
                  }
                ]
              }
            ],
            "tags": {},
            "tags_all": {}
          },
          "sensitive_attributes": [],
          "private": "bnVsbA==",
          "dependencies": [
            "aws_acm_certificate.backend_cert",
            "aws_acmpca_certificate_authority.mesh_ca",
            "aws_appmesh_mesh.ecs_mesh",
            "aws_appmesh_virtual_node.backend",
            "aws_service_discovery_private_dns_namespace.main",
            "aws_service_discovery_service.backend",
            "aws_vpc.ecs_vpc"
          ]
        }
      ]
    },
    {
      "mode": "managed",
      "type": "aws_appmesh_virtual_service",
      "name": "frontend",
      "provider": "provider[\"registry.terraform.io/hashicorp/aws\"]",
      "instances": [
        {
          "schema_version": 0,
          "attributes": {
            "arn": "arn:aws:appmesh:us-east-1:514072627411:mesh/vb-poc/virtualService/frontend.vb.ecs-mesh",
            "created_date": "2021-10-18T23:39:14Z",
            "id": "611c8a77-5525-4f11-b8f1-736e58c6293a",
            "last_updated_date": "2021-10-18T23:39:14Z",
            "mesh_name": "vb-poc",
            "mesh_owner": "514072627411",
            "name": "frontend.vb.ecs-mesh",
            "resource_owner": "514072627411",
            "spec": [
              {
                "provider": [
                  {
                    "virtual_node": [
                      {
                        "virtual_node_name": "vb-poc-frontend"
                      }
                    ],
                    "virtual_router": []
                  }
                ]
              }
            ],
            "tags": {},
            "tags_all": {}
          },
          "sensitive_attributes": [],
          "private": "bnVsbA==",
          "dependencies": [
            "aws_acm_certificate.frontend_cert",
            "aws_acmpca_certificate_authority.mesh_ca",
            "aws_appmesh_virtual_node.frontend",
            "aws_appmesh_virtual_service.backend",
            "aws_service_discovery_private_dns_namespace.main",
            "aws_service_discovery_service.backend",
            "aws_service_discovery_service.frontend",
            "aws_acm_certificate.backend_cert",
            "aws_appmesh_mesh.ecs_mesh",
            "aws_appmesh_virtual_node.backend",
            "aws_vpc.ecs_vpc"
          ]
        }
      ]
    },
    {
      "mode": "managed",
      "type": "aws_ecr_repository",
      "name": "backend",
      "provider": "provider[\"registry.terraform.io/hashicorp/aws\"]",
      "instances": [
        {
          "schema_version": 0,
          "attributes": {
            "arn": "arn:aws:ecr:us-east-1:514072627411:repository/backend",
            "encryption_configuration": [
              {
                "encryption_type": "AES256",
                "kms_key": ""
              }
            ],
            "id": "backend",
            "image_scanning_configuration": [
              {
                "scan_on_push": false
              }
            ],
            "image_tag_mutability": "MUTABLE",
            "name": "backend",
            "registry_id": "514072627411",
            "repository_url": "514072627411.dkr.ecr.us-east-1.amazonaws.com/backend",
            "tags": {},
            "tags_all": {},
            "timeouts": null
          },
          "sensitive_attributes": [],
          "private": "eyJlMmJmYjczMC1lY2FhLTExZTYtOGY4OC0zNDM2M2JjN2M0YzAiOnsiZGVsZXRlIjoxMjAwMDAwMDAwMDAwfX0="
        }
      ]
    },
    {
      "mode": "managed",
      "type": "aws_ecr_repository",
      "name": "frontend",
      "provider": "provider[\"registry.terraform.io/hashicorp/aws\"]",
      "instances": [
        {
          "schema_version": 0,
          "attributes": {
            "arn": "arn:aws:ecr:us-east-1:514072627411:repository/frontend",
            "encryption_configuration": [
              {
                "encryption_type": "AES256",
                "kms_key": ""
              }
            ],
            "id": "frontend",
            "image_scanning_configuration": [
              {
                "scan_on_push": false
              }
            ],
            "image_tag_mutability": "MUTABLE",
            "name": "frontend",
            "registry_id": "514072627411",
            "repository_url": "514072627411.dkr.ecr.us-east-1.amazonaws.com/frontend",
            "tags": {},
            "tags_all": {},
            "timeouts": null
          },
          "sensitive_attributes": [],
          "private": "eyJlMmJmYjczMC1lY2FhLTExZTYtOGY4OC0zNDM2M2JjN2M0YzAiOnsiZGVsZXRlIjoxMjAwMDAwMDAwMDAwfX0="
        }
      ]
    },
    {
      "mode": "managed",
      "type": "aws_ecs_cluster",
      "name": "ecs_vpc",
      "provider": "provider[\"registry.terraform.io/hashicorp/aws\"]",
      "instances": [
        {
          "schema_version": 0,
          "attributes": {
            "arn": "arn:aws:ecs:us-east-1:514072627411:cluster/vb-poc",
            "capacity_providers": [],
            "configuration": [],
            "default_capacity_provider_strategy": [],
            "id": "arn:aws:ecs:us-east-1:514072627411:cluster/vb-poc",
            "name": "vb-poc",
            "setting": [
              {
                "name": "containerInsights",
                "value": "disabled"
              }
            ],
            "tags": {},
            "tags_all": {}
          },
          "sensitive_attributes": [],
          "private": "bnVsbA=="
        }
      ]
    },
    {
      "mode": "managed",
      "type": "aws_ecs_service",
      "name": "app_gateway",
      "provider": "provider[\"registry.terraform.io/hashicorp/aws\"]",
      "instances": [
        {
          "schema_version": 0,
          "attributes": {
            "capacity_provider_strategy": [],
            "cluster": "arn:aws:ecs:us-east-1:514072627411:cluster/vb-poc",
            "deployment_circuit_breaker": [
              {
                "enable": false,
                "rollback": false
              }
            ],
            "deployment_controller": [
              {
                "type": "ECS"
              }
            ],
            "deployment_maximum_percent": 200,
            "deployment_minimum_healthy_percent": 100,
            "desired_count": 2,
            "enable_ecs_managed_tags": false,
            "enable_execute_command": false,
            "force_new_deployment": null,
            "health_check_grace_period_seconds": 0,
            "iam_role": "aws-service-role",
            "id": "arn:aws:ecs:us-east-1:514072627411:service/vb-poc/vb-poc-app_gateway",
            "launch_type": "FARGATE",
            "load_balancer": [
              {
                "container_name": "vb-poc-app_gateway",
                "container_port": 8080,
                "elb_name": "",
                "target_group_arn": "arn:aws:elasticloadbalancing:us-east-1:514072627411:targetgroup/vb-poc-app-gateway/c5f0521e10d2001a"
              }
            ],
            "name": "vb-poc-app_gateway",
            "network_configuration": [
              {
                "assign_public_ip": false,
                "security_groups": [
                  "sg-051b6a97d78362b3e",
                  "sg-07133eba282279f21"
                ],
                "subnets": [
                  "subnet-017fc06e9855c597b",
                  "subnet-049ec63d3d48c0817"
                ]
              }
            ],
            "ordered_placement_strategy": [],
            "placement_constraints": [],
            "platform_version": "LATEST",
            "propagate_tags": "NONE",
            "scheduling_strategy": "REPLICA",
            "service_registries": [
              {
                "container_name": "",
                "container_port": 0,
                "port": 0,
                "registry_arn": "arn:aws:servicediscovery:us-east-1:514072627411:service/srv-ulwvsas6etqvoz6p"
              }
            ],
            "tags": {},
            "tags_all": {},
            "task_definition": "arn:aws:ecs:us-east-1:514072627411:task-definition/vb-poc-app_gateway:3",
            "timeouts": null,
            "wait_for_steady_state": false
          },
          "sensitive_attributes": [],
          "private": "eyJlMmJmYjczMC1lY2FhLTExZTYtOGY4OC0zNDM2M2JjN2M0YzAiOnsiZGVsZXRlIjoxMjAwMDAwMDAwMDAwfX0=",
          "dependencies": [
            "data.aws_availability_zones.available",
            "aws_alb_listener.app_gateway",
            "aws_iam_role.ecs_task_execution_role",
            "aws_subnet.public_ecs",
            "aws_vpc.ecs_vpc",
            "data.aws_iam_policy_document.ecs_task_execution_role",
            "aws_alb.ecs_vpc",
            "aws_ecs_cluster.ecs_vpc",
            "aws_security_group.lb",
            "aws_ecs_task_definition.app_gateway",
            "aws_security_group.bastion-sg",
            "aws_service_discovery_private_dns_namespace.main",
            "aws_subnet.private_ecs",
            "aws_alb_target_group.app_gateway",
            "aws_security_group.app_gateway",
            "aws_service_discovery_service.app_gateway"
          ]
        }
      ]
    },
    {
      "mode": "managed",
      "type": "aws_ecs_service",
      "name": "backend",
      "provider": "provider[\"registry.terraform.io/hashicorp/aws\"]",
      "instances": [
        {
          "schema_version": 0,
          "attributes": {
            "capacity_provider_strategy": [],
            "cluster": "arn:aws:ecs:us-east-1:514072627411:cluster/vb-poc",
            "deployment_circuit_breaker": [
              {
                "enable": false,
                "rollback": false
              }
            ],
            "deployment_controller": [
              {
                "type": "ECS"
              }
            ],
            "deployment_maximum_percent": 200,
            "deployment_minimum_healthy_percent": 100,
            "desired_count": 2,
            "enable_ecs_managed_tags": false,
            "enable_execute_command": false,
            "force_new_deployment": null,
            "health_check_grace_period_seconds": 0,
            "iam_role": "aws-service-role",
            "id": "arn:aws:ecs:us-east-1:514072627411:service/vb-poc/vb-poc-backend",
            "launch_type": "FARGATE",
            "load_balancer": [],
            "name": "vb-poc-backend",
            "network_configuration": [
              {
                "assign_public_ip": false,
                "security_groups": [
                  "sg-01892acf1be391179"
                ],
                "subnets": [
                  "subnet-017fc06e9855c597b",
                  "subnet-049ec63d3d48c0817"
                ]
              }
            ],
            "ordered_placement_strategy": [],
            "placement_constraints": [],
            "platform_version": "LATEST",
            "propagate_tags": "NONE",
            "scheduling_strategy": "REPLICA",
            "service_registries": [
              {
                "container_name": "",
                "container_port": 0,
                "port": 0,
                "registry_arn": "arn:aws:servicediscovery:us-east-1:514072627411:service/srv-i3zvdolc3xvdfehc"
              }
            ],
            "tags": {},
            "tags_all": {},
            "task_definition": "arn:aws:ecs:us-east-1:514072627411:task-definition/vb-poc-backend:5",
            "timeouts": null,
            "wait_for_steady_state": false
          },
          "sensitive_attributes": [],
          "private": "eyJlMmJmYjczMC1lY2FhLTExZTYtOGY4OC0zNDM2M2JjN2M0YzAiOnsiZGVsZXRlIjoxMjAwMDAwMDAwMDAwfX0=",
          "dependencies": [
            "aws_security_group.app_gateway",
            "aws_security_group.lb",
            "aws_vpc.ecs_vpc",
            "data.aws_availability_zones.available",
            "aws_service_discovery_private_dns_namespace.main",
            "data.aws_iam_policy_document.ecs_task_execution_role",
            "aws_ecs_cluster.ecs_vpc",
            "aws_ecs_task_definition.backend",
            "aws_iam_role.ecs_task_execution_role",
            "aws_subnet.private_ecs",
            "aws_security_group.bastion-sg",
            "aws_security_group.ecs_backend_task",
            "aws_security_group.ecs_frontend_task",
            "aws_service_discovery_service.backend"
          ]
        }
      ]
    },
    {
      "mode": "managed",
      "type": "aws_ecs_service",
      "name": "frontend",
      "provider": "provider[\"registry.terraform.io/hashicorp/aws\"]",
      "instances": [
        {
          "schema_version": 0,
          "attributes": {
            "capacity_provider_strategy": [],
            "cluster": "arn:aws:ecs:us-east-1:514072627411:cluster/vb-poc",
            "deployment_circuit_breaker": [
              {
                "enable": false,
                "rollback": false
              }
            ],
            "deployment_controller": [
              {
                "type": "ECS"
              }
            ],
            "deployment_maximum_percent": 200,
            "deployment_minimum_healthy_percent": 100,
            "desired_count": 2,
            "enable_ecs_managed_tags": false,
            "enable_execute_command": false,
            "force_new_deployment": null,
            "health_check_grace_period_seconds": 0,
            "iam_role": "aws-service-role",
            "id": "arn:aws:ecs:us-east-1:514072627411:service/vb-poc/vb-poc-frontend",
            "launch_type": "FARGATE",
            "load_balancer": [],
            "name": "vb-poc-frontend",
            "network_configuration": [
              {
                "assign_public_ip": false,
                "security_groups": [
                  "sg-0b27d22b02a8223e6"
                ],
                "subnets": [
                  "subnet-017fc06e9855c597b",
                  "subnet-049ec63d3d48c0817"
                ]
              }
            ],
            "ordered_placement_strategy": [],
            "placement_constraints": [],
            "platform_version": "LATEST",
            "propagate_tags": "NONE",
            "scheduling_strategy": "REPLICA",
            "service_registries": [
              {
                "container_name": "",
                "container_port": 0,
                "port": 0,
                "registry_arn": "arn:aws:servicediscovery:us-east-1:514072627411:service/srv-ffw2y6bd3qgnxiba"
              }
            ],
            "tags": {},
            "tags_all": {},
            "task_definition": "arn:aws:ecs:us-east-1:514072627411:task-definition/vb-poc-frontend:5",
            "timeouts": null,
            "wait_for_steady_state": false
          },
          "sensitive_attributes": [],
          "private": "eyJlMmJmYjczMC1lY2FhLTExZTYtOGY4OC0zNDM2M2JjN2M0YzAiOnsiZGVsZXRlIjoxMjAwMDAwMDAwMDAwfX0=",
          "dependencies": [
            "aws_ecs_task_definition.frontend",
            "aws_security_group.app_gateway",
            "aws_security_group.bastion-sg",
            "aws_security_group.ecs_frontend_task",
            "aws_subnet.private_ecs",
            "data.aws_availability_zones.available",
            "data.aws_iam_policy_document.ecs_task_execution_role",
            "aws_ecs_cluster.ecs_vpc",
            "aws_iam_role.ecs_task_execution_role",
            "aws_security_group.lb",
            "aws_service_discovery_private_dns_namespace.main",
            "aws_service_discovery_service.frontend",
            "aws_vpc.ecs_vpc"
          ]
        }
      ]
    },
    {
      "mode": "managed",
      "type": "aws_ecs_task_definition",
      "name": "app_gateway",
      "provider": "provider[\"registry.terraform.io/hashicorp/aws\"]",
      "instances": [
        {
          "schema_version": 1,
          "attributes": {
            "arn": "arn:aws:ecs:us-east-1:514072627411:task-definition/vb-poc-app_gateway:3",
            "container_definitions": "[{\"cpu\":256,\"environment\":[{\"name\":\"APPMESH_VIRTUAL_NODE_NAME\",\"value\":\"mesh/vb-poc/virtualGateway/vb-poc-app_gateway\"},{\"name\":\"ENABLE_ENVOY_XRAY_TRACING\",\"value\":\"1\"}],\"essential\":true,\"healthCheck\":{\"command\":[\"CMD-SHELL\",\"curl -s http://localhost:9901/server_info | grep state | grep -q LIVE\"],\"interval\":5,\"retries\":3,\"startPeriod\":10,\"timeout\":2},\"image\":\"840364872350.dkr.ecr.us-east-1.amazonaws.com/aws-appmesh-envoy:v1.17.2.0-prod\",\"logConfiguration\":{\"logDriver\":\"awslogs\",\"options\":{\"awslogs-group\":\"/ecs/vb\",\"awslogs-region\":\"us-east-1\",\"awslogs-stream-prefix\":\"envoyvb\"}},\"memory\":512,\"mountPoints\":[],\"name\":\"vb-poc-app_gateway\",\"portMappings\":[{\"containerPort\":8080,\"hostPort\":8080,\"protocol\":\"tcp\"},{\"containerPort\":9901,\"hostPort\":9901,\"protocol\":\"tcp\"}],\"ulimits\":[{\"hardLimit\":15000,\"name\":\"nofile\",\"softLimit\":15000}],\"user\":\"1337\",\"volumesFrom\":[]},{\"cpu\":0,\"environment\":[],\"essential\":true,\"image\":\"amazon/aws-xray-daemon\",\"logConfiguration\":{\"logDriver\":\"awslogs\",\"options\":{\"awslogs-group\":\"/ecs/vb\",\"awslogs-region\":\"us-east-1\",\"awslogs-stream-prefix\":\"xrayvb\"}},\"mountPoints\":[],\"name\":\"xray-daemon\",\"portMappings\":[{\"containerPort\":2000,\"hostPort\":2000,\"protocol\":\"udp\"}],\"volumesFrom\":[]}]",
            "cpu": "256",
            "ephemeral_storage": [],
            "execution_role_arn": "arn:aws:iam::514072627411:role/vb-poc-task-execution-role",
            "family": "vb-poc-app_gateway",
            "id": "vb-poc-app_gateway",
            "inference_accelerator": [],
            "ipc_mode": "",
            "memory": "512",
            "network_mode": "awsvpc",
            "pid_mode": "",
            "placement_constraints": [],
            "proxy_configuration": [],
            "requires_compatibilities": [
              "FARGATE"
            ],
            "revision": 3,
            "tags": {},
            "tags_all": {},
            "task_role_arn": "arn:aws:iam::514072627411:role/vb-poc-task-execution-role",
            "volume": []
          },
          "sensitive_attributes": [],
          "private": "eyJzY2hlbWFfdmVyc2lvbiI6IjEifQ==",
          "dependencies": [
            "aws_iam_role.ecs_task_execution_role",
            "data.aws_iam_policy_document.ecs_task_execution_role"
          ]
        }
      ]
    },
    {
      "mode": "managed",
      "type": "aws_ecs_task_definition",
      "name": "backend",
      "provider": "provider[\"registry.terraform.io/hashicorp/aws\"]",
      "instances": [
        {
          "schema_version": 1,
          "attributes": {
            "arn": "arn:aws:ecs:us-east-1:514072627411:task-definition/vb-poc-backend:5",
            "container_definitions": "[{\"cpu\":256,\"environment\":[],\"essential\":true,\"image\":\"514072627411.dkr.ecr.us-east-2.amazonaws.com/backend:0.0.3\",\"logConfiguration\":{\"logDriver\":\"awslogs\",\"options\":{\"awslogs-group\":\"/ecs/vb\",\"awslogs-region\":\"us-east-1\",\"awslogs-stream-prefix\":\"backendvb\"}},\"memory\":512,\"mountPoints\":[],\"name\":\"vb-poc-backend\",\"portMappings\":[{\"containerPort\":3000,\"hostPort\":3000,\"protocol\":\"tcp\"}],\"volumesFrom\":[]},{\"cpu\":0,\"environment\":[{\"name\":\"APPMESH_VIRTUAL_NODE_NAME\",\"value\":\"mesh/vb-poc/virtualNode/vb-poc-backend\"},{\"name\":\"ENABLE_ENVOY_XRAY_TRACING\",\"value\":\"1\"}],\"essential\":true,\"healthCheck\":{\"command\":[\"CMD-SHELL\",\"curl -s http://localhost:9901/server_info | grep state | grep -q LIVE\"],\"interval\":5,\"retries\":3,\"startPeriod\":10,\"timeout\":2},\"image\":\"840364872350.dkr.ecr.us-east-1.amazonaws.com/aws-appmesh-envoy:v1.17.2.0-prod\",\"logConfiguration\":{\"logDriver\":\"awslogs\",\"options\":{\"awslogs-group\":\"/ecs/vb\",\"awslogs-region\":\"us-east-1\",\"awslogs-stream-prefix\":\"envoyvb\"}},\"memoryReservation\":256,\"mountPoints\":[],\"name\":\"vb-poc-backend-proxy\",\"portMappings\":[{\"containerPort\":9901,\"hostPort\":9901,\"protocol\":\"tcp\"}],\"ulimits\":[{\"hardLimit\":15000,\"name\":\"nofile\",\"softLimit\":15000}],\"user\":\"1337\",\"volumesFrom\":[]},{\"cpu\":0,\"environment\":[],\"essential\":true,\"image\":\"amazon/aws-xray-daemon\",\"logConfiguration\":{\"logDriver\":\"awslogs\",\"options\":{\"awslogs-group\":\"/ecs/vb\",\"awslogs-region\":\"us-east-1\",\"awslogs-stream-prefix\":\"xrayvb\"}},\"mountPoints\":[],\"name\":\"xray-daemon\",\"portMappings\":[{\"containerPort\":2000,\"hostPort\":2000,\"protocol\":\"udp\"}],\"volumesFrom\":[]}]",
            "cpu": "256",
            "ephemeral_storage": [],
            "execution_role_arn": "arn:aws:iam::514072627411:role/vb-poc-task-execution-role",
            "family": "vb-poc-backend",
            "id": "vb-poc-backend",
            "inference_accelerator": [],
            "ipc_mode": "",
            "memory": "512",
            "network_mode": "awsvpc",
            "pid_mode": "",
            "placement_constraints": [],
            "proxy_configuration": [
              {
                "container_name": "vb-poc-backend-proxy",
                "properties": {
                  "AppPorts": "3000",
                  "EgressIgnoredIPs": "169.254.170.2,169.254.169.254",
                  "IgnoredUID": "1337",
                  "ProxyEgressPort": "15001",
                  "ProxyIngressPort": "15000"
                },
                "type": "APPMESH"
              }
            ],
            "requires_compatibilities": [
              "FARGATE"
            ],
            "revision": 5,
            "tags": {},
            "tags_all": {},
            "task_role_arn": "arn:aws:iam::514072627411:role/vb-poc-task-execution-role",
            "volume": []
          },
          "sensitive_attributes": [],
          "private": "eyJzY2hlbWFfdmVyc2lvbiI6IjEifQ==",
          "dependencies": [
            "data.aws_iam_policy_document.ecs_task_execution_role",
            "aws_iam_role.ecs_task_execution_role"
          ]
        }
      ]
    },
    {
      "mode": "managed",
      "type": "aws_ecs_task_definition",
      "name": "frontend",
      "provider": "provider[\"registry.terraform.io/hashicorp/aws\"]",
      "instances": [
        {
          "schema_version": 1,
          "attributes": {
            "arn": "arn:aws:ecs:us-east-1:514072627411:task-definition/vb-poc-frontend:5",
            "container_definitions": "[{\"cpu\":256,\"environment\":[{\"name\":\"BACKEND_URL\",\"value\":\"http://backend.vb.ecs-mesh:3000\"}],\"essential\":true,\"image\":\"514072627411.dkr.ecr.us-east-2.amazonaws.com/frontend:0.0.6\",\"logConfiguration\":{\"logDriver\":\"awslogs\",\"options\":{\"awslogs-group\":\"/ecs/vb\",\"awslogs-region\":\"us-east-1\",\"awslogs-stream-prefix\":\"frontendvb\"}},\"memory\":512,\"mountPoints\":[],\"name\":\"vb-poc-frontend\",\"portMappings\":[{\"containerPort\":3000,\"hostPort\":3000,\"protocol\":\"tcp\"}],\"volumesFrom\":[]},{\"cpu\":0,\"environment\":[{\"name\":\"APPMESH_VIRTUAL_NODE_NAME\",\"value\":\"mesh/vb-poc/virtualNode/vb-poc-frontend\"},{\"name\":\"ENABLE_ENVOY_XRAY_TRACING\",\"value\":\"1\"}],\"essential\":true,\"healthCheck\":{\"command\":[\"CMD-SHELL\",\"curl -s http://localhost:9901/server_info | grep state | grep -q LIVE\"],\"interval\":5,\"retries\":3,\"startPeriod\":10,\"timeout\":2},\"image\":\"840364872350.dkr.ecr.us-east-1.amazonaws.com/aws-appmesh-envoy:v1.17.2.0-prod\",\"logConfiguration\":{\"logDriver\":\"awslogs\",\"options\":{\"awslogs-group\":\"/ecs/vb\",\"awslogs-region\":\"us-east-1\",\"awslogs-stream-prefix\":\"envoyvb\"}},\"memoryReservation\":256,\"mountPoints\":[],\"name\":\"vb-poc-frontend-proxy\",\"portMappings\":[{\"containerPort\":9901,\"hostPort\":9901,\"protocol\":\"tcp\"}],\"ulimits\":[{\"hardLimit\":15000,\"name\":\"nofile\",\"softLimit\":15000}],\"user\":\"1337\",\"volumesFrom\":[]},{\"cpu\":0,\"environment\":[],\"essential\":true,\"image\":\"amazon/aws-xray-daemon\",\"logConfiguration\":{\"logDriver\":\"awslogs\",\"options\":{\"awslogs-group\":\"/ecs/vb\",\"awslogs-region\":\"us-east-1\",\"awslogs-stream-prefix\":\"xrayvb\"}},\"mountPoints\":[],\"name\":\"xray-daemon\",\"portMappings\":[{\"containerPort\":2000,\"hostPort\":2000,\"protocol\":\"udp\"}],\"volumesFrom\":[]}]",
            "cpu": "256",
            "ephemeral_storage": [],
            "execution_role_arn": "arn:aws:iam::514072627411:role/vb-poc-task-execution-role",
            "family": "vb-poc-frontend",
            "id": "vb-poc-frontend",
            "inference_accelerator": [],
            "ipc_mode": "",
            "memory": "512",
            "network_mode": "awsvpc",
            "pid_mode": "",
            "placement_constraints": [],
            "proxy_configuration": [
              {
                "container_name": "vb-poc-frontend-proxy",
                "properties": {
                  "AppPorts": "3000",
                  "EgressIgnoredIPs": "169.254.170.2,169.254.169.254",
                  "IgnoredUID": "1337",
                  "ProxyEgressPort": "15001",
                  "ProxyIngressPort": "15000"
                },
                "type": "APPMESH"
              }
            ],
            "requires_compatibilities": [
              "FARGATE"
            ],
            "revision": 5,
            "tags": {},
            "tags_all": {},
            "task_role_arn": "arn:aws:iam::514072627411:role/vb-poc-task-execution-role",
            "volume": []
          },
          "sensitive_attributes": [],
          "private": "eyJzY2hlbWFfdmVyc2lvbiI6IjEifQ==",
          "dependencies": [
            "aws_iam_role.ecs_task_execution_role",
            "data.aws_iam_policy_document.ecs_task_execution_role"
          ]
        }
      ]
    },
    {
      "mode": "managed",
      "type": "aws_eip",
      "name": "gw",
      "provider": "provider[\"registry.terraform.io/hashicorp/aws\"]",
      "instances": [
        {
          "index_key": 0,
          "schema_version": 0,
          "attributes": {
            "address": null,
            "allocation_id": null,
            "associate_with_private_ip": null,
            "association_id": "eipassoc-0b1f7738d28efd3c7",
            "carrier_ip": "",
            "customer_owned_ip": "",
            "customer_owned_ipv4_pool": "",
            "domain": "vpc",
            "id": "eipalloc-0b357207dec50167a",
            "instance": "",
            "network_border_group": "us-east-1",
            "network_interface": "eni-0afd800e39751a600",
            "private_dns": "ip-172-17-2-113.ec2.internal",
            "private_ip": "172.17.2.113",
            "public_dns": "ec2-54-82-33-65.compute-1.amazonaws.com",
            "public_ip": "54.82.33.65",
            "public_ipv4_pool": "amazon",
            "tags": {},
            "tags_all": {},
            "timeouts": null,
            "vpc": true
          },
          "sensitive_attributes": [],
          "private": "eyJlMmJmYjczMC1lY2FhLTExZTYtOGY4OC0zNDM2M2JjN2M0YzAiOnsiZGVsZXRlIjoxODAwMDAwMDAwMDAsInJlYWQiOjkwMDAwMDAwMDAwMCwidXBkYXRlIjozMDAwMDAwMDAwMDB9fQ==",
          "dependencies": [
            "aws_vpc.ecs_vpc",
            "aws_internet_gateway.gw"
          ]
        },
        {
          "index_key": 1,
          "schema_version": 0,
          "attributes": {
            "address": null,
            "allocation_id": null,
            "associate_with_private_ip": null,
            "association_id": "eipassoc-056645b2afb20892c",
            "carrier_ip": "",
            "customer_owned_ip": "",
            "customer_owned_ipv4_pool": "",
            "domain": "vpc",
            "id": "eipalloc-08753c8ccb35d9538",
            "instance": "",
            "network_border_group": "us-east-1",
            "network_interface": "eni-08c56390ad4664b73",
            "private_dns": "ip-172-17-3-96.ec2.internal",
            "private_ip": "172.17.3.96",
            "public_dns": "ec2-3-225-238-200.compute-1.amazonaws.com",
            "public_ip": "3.225.238.200",
            "public_ipv4_pool": "amazon",
            "tags": {},
            "tags_all": {},
            "timeouts": null,
            "vpc": true
          },
          "sensitive_attributes": [],
          "private": "eyJlMmJmYjczMC1lY2FhLTExZTYtOGY4OC0zNDM2M2JjN2M0YzAiOnsiZGVsZXRlIjoxODAwMDAwMDAwMDAsInJlYWQiOjkwMDAwMDAwMDAwMCwidXBkYXRlIjozMDAwMDAwMDAwMDB9fQ==",
          "dependencies": [
            "aws_vpc.ecs_vpc",
            "aws_internet_gateway.gw"
          ]
        }
      ]
    },
    {
      "mode": "managed",
      "type": "aws_iam_policy",
      "name": "get-acm-policy",
      "provider": "provider[\"registry.terraform.io/hashicorp/aws\"]",
      "instances": [
        {
          "schema_version": 0,
          "attributes": {
            "arn": "arn:aws:iam::514072627411:policy/get-acm-policy",
            "description": "get-acm-policy",
            "id": "arn:aws:iam::514072627411:policy/get-acm-policy",
            "name": "get-acm-policy",
            "name_prefix": null,
            "path": "/",
            "policy": "{\n    \"Version\": \"2012-10-17\",\n    \"Statement\": [\n        {\n            \"Sid\": \"\",\n            \"Effect\": \"Allow\",\n            \"Action\": \"acm:ExportCertificate\",\n            \"Resource\": \"arn:aws:acm:us-east-1:514072627411:certificate/95efb84a-f43f-4f7a-af46-0e3c48608996\"\n        },\n        {\n            \"Sid\": \"\",\n            \"Effect\": \"Allow\",\n            \"Action\": \"acm:ExportCertificate\",\n            \"Resource\": \"arn:aws:acm:us-east-1:514072627411:certificate/b64ea140-de31-459f-af2c-993f2cd1487d\"\n        },\n        {\n            \"Sid\": \"\",\n            \"Effect\": \"Allow\",\n            \"Action\": \"acm:ExportCertificate\",\n            \"Resource\": \"arn:aws:acm:us-east-1:514072627411:certificate/eaa5c20a-d01c-4e13-9da8-c70daff6a620\"\n        },\n        {\n            \"Sid\": \"\",\n            \"Effect\": \"Allow\",\n            \"Action\": \"acm-pca:GetCertificateAuthorityCertificate\",\n            \"Resource\": \"arn:aws:acm-pca:us-east-1:514072627411:certificate-authority/cf326a35-cb7f-409a-bb91-48edd75327d3\"\n        }\n    ]\n}\n",
            "policy_id": "ANPAXPMI5ZDJ2LJPMPCFQ",
            "tags": {},
            "tags_all": {}
          },
          "sensitive_attributes": [],
          "private": "bnVsbA==",
          "dependencies": [
            "aws_acm_certificate.frontend_cert",
            "aws_acm_certificate.gateway_cert",
            "aws_acmpca_certificate_authority.mesh_ca",
            "aws_acm_certificate.backend_cert"
          ]
        }
      ]
    },
    {
      "mode": "managed",
      "type": "aws_iam_role",
      "name": "ecs_task_execution_role",
      "provider": "provider[\"registry.terraform.io/hashicorp/aws\"]",
      "instances": [
        {
          "schema_version": 0,
          "attributes": {
            "arn": "arn:aws:iam::514072627411:role/vb-poc-task-execution-role",
            "assume_role_policy": "{\"Version\":\"2012-10-17\",\"Statement\":[{\"Sid\":\"\",\"Effect\":\"Allow\",\"Principal\":{\"Service\":\"ecs-tasks.amazonaws.com\"},\"Action\":\"sts:AssumeRole\"}]}",
            "create_date": "2021-10-15T17:43:50Z",
            "description": "",
            "force_detach_policies": false,
            "id": "vb-poc-task-execution-role",
            "inline_policy": [
              {
                "name": "",
                "policy": ""
              }
            ],
            "managed_policy_arns": [
              "arn:aws:iam::514072627411:policy/get-acm-policy",
              "arn:aws:iam::aws:policy/AWSAppMeshEnvoyAccess",
              "arn:aws:iam::aws:policy/AWSXRayDaemonWriteAccess",
              "arn:aws:iam::aws:policy/service-role/AmazonECSTaskExecutionRolePolicy"
            ],
            "max_session_duration": 3600,
            "name": "vb-poc-task-execution-role",
            "name_prefix": "",
            "path": "/",
            "permissions_boundary": null,
            "tags": {},
            "tags_all": {},
            "unique_id": "AROAXPMI5ZDJZ36Y4WPZJ"
          },
          "sensitive_attributes": [],
          "private": "bnVsbA==",
          "dependencies": [
            "data.aws_iam_policy_document.ecs_task_execution_role"
          ]
        }
      ]
    },
    {
      "mode": "managed",
      "type": "aws_iam_role_policy_attachment",
      "name": "cert-policy",
      "provider": "provider[\"registry.terraform.io/hashicorp/aws\"]",
      "instances": [
        {
          "schema_version": 0,
          "attributes": {
            "id": "vb-poc-task-execution-role-20211015202341883100000003",
            "policy_arn": "arn:aws:iam::514072627411:policy/get-acm-policy",
            "role": "vb-poc-task-execution-role"
          },
          "sensitive_attributes": [],
          "private": "bnVsbA==",
          "dependencies": [
            "aws_acm_certificate.frontend_cert",
            "aws_acm_certificate.gateway_cert",
            "aws_acmpca_certificate_authority.mesh_ca",
            "aws_iam_policy.get-acm-policy",
            "aws_iam_role.ecs_task_execution_role",
            "data.aws_iam_policy_document.ecs_task_execution_role",
            "aws_acm_certificate.backend_cert"
          ]
        }
      ]
    },
    {
      "mode": "managed",
      "type": "aws_iam_role_policy_attachment",
      "name": "ecs_appmesh_envoy_access_role",
      "provider": "provider[\"registry.terraform.io/hashicorp/aws\"]",
      "instances": [
        {
          "schema_version": 0,
          "attributes": {
            "id": "vb-poc-task-execution-role-20211015174353651300000003",
            "policy_arn": "arn:aws:iam::aws:policy/AWSAppMeshEnvoyAccess",
            "role": "vb-poc-task-execution-role"
          },
          "sensitive_attributes": [],
          "private": "bnVsbA==",
          "dependencies": [
            "data.aws_iam_policy_document.ecs_task_execution_role",
            "aws_iam_role.ecs_task_execution_role"
          ]
        }
      ]
    },
    {
      "mode": "managed",
      "type": "aws_iam_role_policy_attachment",
      "name": "ecs_task_execution_role",
      "provider": "provider[\"registry.terraform.io/hashicorp/aws\"]",
      "instances": [
        {
          "schema_version": 0,
          "attributes": {
            "id": "vb-poc-task-execution-role-20211015174353526900000002",
            "policy_arn": "arn:aws:iam::aws:policy/service-role/AmazonECSTaskExecutionRolePolicy",
            "role": "vb-poc-task-execution-role"
          },
          "sensitive_attributes": [],
          "private": "bnVsbA==",
          "dependencies": [
            "data.aws_iam_policy_document.ecs_task_execution_role",
            "aws_iam_role.ecs_task_execution_role"
          ]
        }
      ]
    },
    {
      "mode": "managed",
      "type": "aws_iam_role_policy_attachment",
      "name": "ecs_xray_write_role",
      "provider": "provider[\"registry.terraform.io/hashicorp/aws\"]",
      "instances": [
        {
          "schema_version": 0,
          "attributes": {
            "id": "vb-poc-task-execution-role-20211015174352616700000001",
            "policy_arn": "arn:aws:iam::aws:policy/AWSXRayDaemonWriteAccess",
            "role": "vb-poc-task-execution-role"
          },
          "sensitive_attributes": [],
          "private": "bnVsbA==",
          "dependencies": [
            "aws_iam_role.ecs_task_execution_role",
            "data.aws_iam_policy_document.ecs_task_execution_role"
          ]
        }
      ]
    },
    {
      "mode": "managed",
      "type": "aws_instance",
      "name": "bastion",
      "provider": "provider[\"registry.terraform.io/hashicorp/aws\"]",
      "instances": [
        {
          "schema_version": 1,
          "attributes": {
            "ami": "ami-0133407e358cc1af0",
            "arn": "arn:aws:ec2:us-east-1:514072627411:instance/i-0d3f42b57ce45e4c8",
            "associate_public_ip_address": true,
            "availability_zone": "us-east-1a",
            "capacity_reservation_specification": [
              {
                "capacity_reservation_preference": "open",
                "capacity_reservation_target": []
              }
            ],
            "cpu_core_count": 1,
            "cpu_threads_per_core": 1,
            "credit_specification": [
              {
                "cpu_credits": "standard"
              }
            ],
            "disable_api_termination": false,
            "ebs_block_device": [],
            "ebs_optimized": false,
            "enclave_options": [
              {
                "enabled": false
              }
            ],
            "ephemeral_block_device": [],
            "get_password_data": false,
            "hibernation": false,
            "host_id": null,
            "iam_instance_profile": "",
            "id": "i-0d3f42b57ce45e4c8",
            "instance_initiated_shutdown_behavior": "stop",
            "instance_state": "running",
            "instance_type": "t2.micro",
            "ipv6_address_count": 0,
            "ipv6_addresses": [],
            "key_name": "bastion",
            "launch_template": [],
            "metadata_options": [
              {
                "http_endpoint": "enabled",
                "http_put_response_hop_limit": 1,
                "http_tokens": "optional"
              }
            ],
            "monitoring": false,
            "network_interface": [],
            "outpost_arn": "",
            "password_data": "",
            "placement_group": "",
            "primary_network_interface_id": "eni-052d8f9bac2a05c14",
            "private_dns": "ip-172-17-2-68.ec2.internal",
            "private_ip": "172.17.2.68",
            "public_dns": "ec2-34-228-64-122.compute-1.amazonaws.com",
            "public_ip": "34.228.64.122",
            "root_block_device": [
              {
                "delete_on_termination": true,
                "device_name": "/dev/sda1",
                "encrypted": false,
                "iops": 100,
                "kms_key_id": "",
                "tags": {},
                "throughput": 0,
                "volume_id": "vol-037722e2216b6e6c1",
                "volume_size": 8,
                "volume_type": "gp2"
              }
            ],
            "secondary_private_ips": [],
            "security_groups": [],
            "source_dest_check": true,
            "subnet_id": "subnet-02f7e0208f1dc7eaf",
            "tags": {},
            "tags_all": {},
            "tenancy": "default",
            "timeouts": null,
            "user_data": null,
            "user_data_base64": null,
            "volume_tags": null,
            "vpc_security_group_ids": [
              "sg-07133eba282279f21"
            ]
          },
          "sensitive_attributes": [],
          "private": "eyJlMmJmYjczMC1lY2FhLTExZTYtOGY4OC0zNDM2M2JjN2M0YzAiOnsiY3JlYXRlIjo2MDAwMDAwMDAwMDAsImRlbGV0ZSI6MTIwMDAwMDAwMDAwMCwidXBkYXRlIjo2MDAwMDAwMDAwMDB9LCJzY2hlbWFfdmVyc2lvbiI6IjEifQ==",
          "dependencies": [
            "aws_security_group.bastion-sg",
            "aws_subnet.public_ecs",
            "aws_vpc.ecs_vpc",
            "data.aws_availability_zones.available",
            "aws_key_pair.bastion_key"
          ]
        }
      ]
    },
    {
      "mode": "managed",
      "type": "aws_internet_gateway",
      "name": "gw",
      "provider": "provider[\"registry.terraform.io/hashicorp/aws\"]",
      "instances": [
        {
          "schema_version": 0,
          "attributes": {
            "arn": "arn:aws:ec2:us-east-1:514072627411:internet-gateway/igw-0fd56e5aacba12d98",
            "id": "igw-0fd56e5aacba12d98",
            "owner_id": "514072627411",
            "tags": {},
            "tags_all": {},
            "vpc_id": "vpc-0eaebb0ac2ce017fe"
          },
          "sensitive_attributes": [],
          "private": "bnVsbA==",
          "dependencies": [
            "aws_vpc.ecs_vpc"
          ]
        }
      ]
    },
    {
      "mode": "managed",
      "type": "aws_key_pair",
      "name": "bastion_key",
      "provider": "provider[\"registry.terraform.io/hashicorp/aws\"]",
      "instances": [
        {
          "schema_version": 1,
          "attributes": {
            "arn": "arn:aws:ec2:us-east-1:514072627411:key-pair/bastion",
            "fingerprint": "ee:ff:3a:ac:da:44:46:57:c3:9b:9a:f3:6b:47:6b:5b",
            "id": "bastion",
            "key_name": "bastion",
            "key_name_prefix": null,
            "key_pair_id": "key-012e6a09d707a9293",
            "public_key": "ssh-rsa AAAAB3NzaC1yc2EAAAADAQABAAACAQDNHqHEhyJVy5vlPacO1QqOdVNXJB/jSYHoSykLeK/8NvfGc7SdPi4WmvbCrBL/12qSvhVi7/8VYgclVM1QfqZ3OBLShTJSAVr5pn67Z1KrG5GALlS0qJadEmqVzjjxy9sy//WS2xAw0yxiwWjRjj0KMlAb3SBqxqeTIJVGd5DVlC091zyRCJq3G4xYGpHOPF7t3mWTJyW0jCeFQqO3fux6cqGjNG9hE3WcHDzxGjG2JofVwTjAZC/rjPRYGHF1Cg0MaJXUyJhbbMKiUooN8xxmDt5qRGKq0CzM3nuxsP3H8bV6St/DwQQTchs8Vz5XWOjHPibOjTWIQsZcfycbtckO/R3fMg7RsEzHm1dVSgqg/tDRNDJG+sFZQcM+BAf19xL5Ea3HIt5NbdQ+okTkv2fZJBRrreJh7iDf8R6Uu6whX7PRGdZ/77/qVSzrYM8Mek/UiEZ1Yn2pJrszIuBOiF7VuqcbhRP4juc7EW3KlOR3+AJXUVWSGUbyP+8Q26LWaxkkucyPGxF8u2nEQ8+tkQBpIqFXpDowCoFVR3+OFwUTnKF4IiJYB2dExwHAyfesy5BFFcyLTOYs/LdpCenqneP5ONDmlksAqLilDse2oOv7hmhjgUeqmoOA+Ukygr7R9DrU23CVxjtjIhUzeoAf3ya0KUt9mxhBd5kXOf/UllEAyQ== vitalii.burak@jmpchase.com",
            "tags": {},
            "tags_all": {}
          },
          "sensitive_attributes": [],
          "private": "eyJzY2hlbWFfdmVyc2lvbiI6IjEifQ=="
        }
      ]
    },
    {
      "mode": "managed",
      "type": "aws_nat_gateway",
      "name": "gw",
      "provider": "provider[\"registry.terraform.io/hashicorp/aws\"]",
      "instances": [
        {
          "index_key": 0,
          "schema_version": 0,
          "attributes": {
            "allocation_id": "eipalloc-0b357207dec50167a",
            "connectivity_type": "public",
            "id": "nat-0fea691c703bba3df",
            "network_interface_id": "eni-0afd800e39751a600",
            "private_ip": "172.17.2.113",
            "public_ip": "54.82.33.65",
            "subnet_id": "subnet-02f7e0208f1dc7eaf",
            "tags": {},
            "tags_all": {}
          },
          "sensitive_attributes": [],
          "private": "bnVsbA==",
          "dependencies": [
            "aws_internet_gateway.gw",
            "aws_subnet.public_ecs",
            "aws_vpc.ecs_vpc",
            "data.aws_availability_zones.available",
            "aws_eip.gw"
          ]
        },
        {
          "index_key": 1,
          "schema_version": 0,
          "attributes": {
            "allocation_id": "eipalloc-08753c8ccb35d9538",
            "connectivity_type": "public",
            "id": "nat-0429b27b91dfb811c",
            "network_interface_id": "eni-08c56390ad4664b73",
            "private_ip": "172.17.3.96",
            "public_ip": "3.225.238.200",
            "subnet_id": "subnet-07b8b5db62fe3e979",
            "tags": {},
            "tags_all": {}
          },
          "sensitive_attributes": [],
          "private": "bnVsbA==",
          "dependencies": [
            "data.aws_availability_zones.available",
            "aws_eip.gw",
            "aws_internet_gateway.gw",
            "aws_subnet.public_ecs",
            "aws_vpc.ecs_vpc"
          ]
        }
      ]
    },
    {
      "mode": "managed",
      "type": "aws_route",
      "name": "internet_access",
      "provider": "provider[\"registry.terraform.io/hashicorp/aws\"]",
      "instances": [
        {
          "schema_version": 0,
          "attributes": {
            "carrier_gateway_id": "",
            "destination_cidr_block": "0.0.0.0/0",
            "destination_ipv6_cidr_block": "",
            "destination_prefix_list_id": "",
            "egress_only_gateway_id": "",
            "gateway_id": "igw-0fd56e5aacba12d98",
            "id": "r-rtb-02cddeb6e404ee7ed1080289494",
            "instance_id": "",
            "instance_owner_id": "",
            "local_gateway_id": "",
            "nat_gateway_id": "",
            "network_interface_id": "",
            "origin": "CreateRoute",
            "route_table_id": "rtb-02cddeb6e404ee7ed",
            "state": "active",
            "timeouts": null,
            "transit_gateway_id": "",
            "vpc_endpoint_id": "",
            "vpc_peering_connection_id": ""
          },
          "sensitive_attributes": [],
          "private": "eyJlMmJmYjczMC1lY2FhLTExZTYtOGY4OC0zNDM2M2JjN2M0YzAiOnsiY3JlYXRlIjoxMjAwMDAwMDAwMDAsImRlbGV0ZSI6MzAwMDAwMDAwMDAwfX0=",
          "dependencies": [
            "aws_vpc.ecs_vpc",
            "aws_internet_gateway.gw"
          ]
        }
      ]
    },
    {
      "mode": "managed",
      "type": "aws_route_table",
      "name": "private_ecs",
      "provider": "provider[\"registry.terraform.io/hashicorp/aws\"]",
      "instances": [
        {
          "index_key": 0,
          "schema_version": 0,
          "attributes": {
            "arn": "arn:aws:ec2:us-east-1:514072627411:route-table/rtb-0d5496e712aa95a88",
            "id": "rtb-0d5496e712aa95a88",
            "owner_id": "514072627411",
            "propagating_vgws": [],
            "route": [
              {
                "carrier_gateway_id": "",
                "cidr_block": "0.0.0.0/0",
                "destination_prefix_list_id": "",
                "egress_only_gateway_id": "",
                "gateway_id": "",
                "instance_id": "",
                "ipv6_cidr_block": "",
                "local_gateway_id": "",
                "nat_gateway_id": "nat-0fea691c703bba3df",
                "network_interface_id": "",
                "transit_gateway_id": "",
                "vpc_endpoint_id": "",
                "vpc_peering_connection_id": ""
              }
            ],
            "tags": {},
            "tags_all": {},
            "vpc_id": "vpc-0eaebb0ac2ce017fe"
          },
          "sensitive_attributes": [],
          "private": "bnVsbA==",
          "dependencies": [
            "aws_eip.gw",
            "aws_internet_gateway.gw",
            "aws_nat_gateway.gw",
            "aws_subnet.public_ecs",
            "aws_vpc.ecs_vpc",
            "data.aws_availability_zones.available"
          ]
        },
        {
          "index_key": 1,
          "schema_version": 0,
          "attributes": {
            "arn": "arn:aws:ec2:us-east-1:514072627411:route-table/rtb-0e7a5763e3c298f9d",
            "id": "rtb-0e7a5763e3c298f9d",
            "owner_id": "514072627411",
            "propagating_vgws": [],
            "route": [
              {
                "carrier_gateway_id": "",
                "cidr_block": "0.0.0.0/0",
                "destination_prefix_list_id": "",
                "egress_only_gateway_id": "",
                "gateway_id": "",
                "instance_id": "",
                "ipv6_cidr_block": "",
                "local_gateway_id": "",
                "nat_gateway_id": "nat-0429b27b91dfb811c",
                "network_interface_id": "",
                "transit_gateway_id": "",
                "vpc_endpoint_id": "",
                "vpc_peering_connection_id": ""
              }
            ],
            "tags": {},
            "tags_all": {},
            "vpc_id": "vpc-0eaebb0ac2ce017fe"
          },
          "sensitive_attributes": [],
          "private": "bnVsbA==",
          "dependencies": [
            "aws_eip.gw",
            "aws_internet_gateway.gw",
            "aws_nat_gateway.gw",
            "aws_subnet.public_ecs",
            "aws_vpc.ecs_vpc",
            "data.aws_availability_zones.available"
          ]
        }
      ]
    },
    {
      "mode": "managed",
      "type": "aws_route_table_association",
      "name": "private_ecs",
      "provider": "provider[\"registry.terraform.io/hashicorp/aws\"]",
      "instances": [
        {
          "index_key": 0,
          "schema_version": 0,
          "attributes": {
            "gateway_id": "",
            "id": "rtbassoc-016eefecc08775d0e",
            "route_table_id": "rtb-0d5496e712aa95a88",
            "subnet_id": "subnet-049ec63d3d48c0817"
          },
          "sensitive_attributes": [],
          "private": "bnVsbA==",
          "dependencies": [
            "aws_subnet.private_ecs",
            "aws_subnet.public_ecs",
            "aws_vpc.ecs_vpc",
            "data.aws_availability_zones.available",
            "aws_eip.gw",
            "aws_internet_gateway.gw",
            "aws_nat_gateway.gw",
            "aws_route_table.private_ecs"
          ]
        },
        {
          "index_key": 1,
          "schema_version": 0,
          "attributes": {
            "gateway_id": "",
            "id": "rtbassoc-0c6ea8dacb36d14c9",
            "route_table_id": "rtb-0e7a5763e3c298f9d",
            "subnet_id": "subnet-017fc06e9855c597b"
          },
          "sensitive_attributes": [],
          "private": "bnVsbA==",
          "dependencies": [
            "aws_vpc.ecs_vpc",
            "data.aws_availability_zones.available",
            "aws_eip.gw",
            "aws_internet_gateway.gw",
            "aws_nat_gateway.gw",
            "aws_route_table.private_ecs",
            "aws_subnet.private_ecs",
            "aws_subnet.public_ecs"
          ]
        }
      ]
    },
    {
      "mode": "managed",
      "type": "aws_security_group",
      "name": "app_gateway",
      "provider": "provider[\"registry.terraform.io/hashicorp/aws\"]",
      "instances": [
        {
          "schema_version": 1,
          "attributes": {
            "arn": "arn:aws:ec2:us-east-1:514072627411:security-group/sg-051b6a97d78362b3e",
            "description": "allow inbound access from the ALB only",
            "egress": [
              {
                "cidr_blocks": [
                  "0.0.0.0/0"
                ],
                "description": "",
                "from_port": 0,
                "ipv6_cidr_blocks": [],
                "prefix_list_ids": [],
                "protocol": "-1",
                "security_groups": [],
                "self": false,
                "to_port": 0
              }
            ],
            "id": "sg-051b6a97d78362b3e",
            "ingress": [
              {
                "cidr_blocks": [],
                "description": "",
                "from_port": 8080,
                "ipv6_cidr_blocks": [],
                "prefix_list_ids": [],
                "protocol": "tcp",
                "security_groups": [
                  "sg-0a4243cd0987292fa"
                ],
                "self": false,
                "to_port": 8080
              },
              {
                "cidr_blocks": [],
                "description": "",
                "from_port": 9901,
                "ipv6_cidr_blocks": [],
                "prefix_list_ids": [],
                "protocol": "tcp",
                "security_groups": [
                  "sg-07133eba282279f21"
                ],
                "self": false,
                "to_port": 9901
              }
            ],
            "name": "vb-poc-app-gateway",
            "name_prefix": "",
            "owner_id": "514072627411",
            "revoke_rules_on_delete": false,
            "tags": {},
            "tags_all": {},
            "timeouts": null,
            "vpc_id": "vpc-0eaebb0ac2ce017fe"
          },
          "sensitive_attributes": [],
          "private": "eyJlMmJmYjczMC1lY2FhLTExZTYtOGY4OC0zNDM2M2JjN2M0YzAiOnsiY3JlYXRlIjo2MDAwMDAwMDAwMDAsImRlbGV0ZSI6OTAwMDAwMDAwMDAwfSwic2NoZW1hX3ZlcnNpb24iOiIxIn0=",
          "dependencies": [
            "aws_security_group.lb",
            "aws_vpc.ecs_vpc",
            "aws_security_group.bastion-sg"
          ]
        }
      ]
    },
    {
      "mode": "managed",
      "type": "aws_security_group",
      "name": "bastion-sg",
      "provider": "provider[\"registry.terraform.io/hashicorp/aws\"]",
      "instances": [
        {
          "schema_version": 1,
          "attributes": {
            "arn": "arn:aws:ec2:us-east-1:514072627411:security-group/sg-07133eba282279f21",
            "description": "Managed by Terraform",
            "egress": [
              {
                "cidr_blocks": [
                  "0.0.0.0/0"
                ],
                "description": "",
                "from_port": 0,
                "ipv6_cidr_blocks": [
                  "::/0"
                ],
                "prefix_list_ids": [],
                "protocol": "-1",
                "security_groups": [],
                "self": false,
                "to_port": 0
              }
            ],
            "id": "sg-07133eba282279f21",
            "ingress": [
              {
                "cidr_blocks": [
                  "69.181.181.129/32"
                ],
                "description": "",
                "from_port": 22,
                "ipv6_cidr_blocks": [
                  "2607:fb90:9eb8:9ba4:f06d:2670:16e9:8b03/128"
                ],
                "prefix_list_ids": [],
                "protocol": "tcp",
                "security_groups": [],
                "self": false,
                "to_port": 22
              }
            ],
            "name": "bastion-security-group",
            "name_prefix": "",
            "owner_id": "514072627411",
            "revoke_rules_on_delete": false,
            "tags": {},
            "tags_all": {},
            "timeouts": null,
            "vpc_id": "vpc-0eaebb0ac2ce017fe"
          },
          "sensitive_attributes": [],
          "private": "eyJlMmJmYjczMC1lY2FhLTExZTYtOGY4OC0zNDM2M2JjN2M0YzAiOnsiY3JlYXRlIjo2MDAwMDAwMDAwMDAsImRlbGV0ZSI6OTAwMDAwMDAwMDAwfSwic2NoZW1hX3ZlcnNpb24iOiIxIn0=",
          "dependencies": [
            "aws_vpc.ecs_vpc"
          ]
        }
      ]
    },
    {
      "mode": "managed",
      "type": "aws_security_group",
      "name": "ecs_backend_task",
      "provider": "provider[\"registry.terraform.io/hashicorp/aws\"]",
      "instances": [
        {
          "schema_version": 1,
          "attributes": {
            "arn": "arn:aws:ec2:us-east-1:514072627411:security-group/sg-01892acf1be391179",
            "description": "Allow from application gateway",
            "egress": [
              {
                "cidr_blocks": [
                  "0.0.0.0/0"
                ],
                "description": "",
                "from_port": 0,
                "ipv6_cidr_blocks": [],
                "prefix_list_ids": [],
                "protocol": "-1",
                "security_groups": [],
                "self": false,
                "to_port": 0
              }
            ],
            "id": "sg-01892acf1be391179",
            "ingress": [
              {
                "cidr_blocks": [],
                "description": "",
                "from_port": 3000,
                "ipv6_cidr_blocks": [],
                "prefix_list_ids": [],
                "protocol": "tcp",
                "security_groups": [
                  "sg-051b6a97d78362b3e",
                  "sg-07133eba282279f21",
                  "sg-0b27d22b02a8223e6"
                ],
                "self": false,
                "to_port": 3000
              },
              {
                "cidr_blocks": [],
                "description": "",
                "from_port": 9901,
                "ipv6_cidr_blocks": [],
                "prefix_list_ids": [],
                "protocol": "tcp",
                "security_groups": [
                  "sg-051b6a97d78362b3e",
                  "sg-07133eba282279f21"
                ],
                "self": false,
                "to_port": 9901
              }
            ],
            "name": "vb-poc-backend",
            "name_prefix": "",
            "owner_id": "514072627411",
            "revoke_rules_on_delete": false,
            "tags": {},
            "tags_all": {},
            "timeouts": null,
            "vpc_id": "vpc-0eaebb0ac2ce017fe"
          },
          "sensitive_attributes": [],
          "private": "eyJlMmJmYjczMC1lY2FhLTExZTYtOGY4OC0zNDM2M2JjN2M0YzAiOnsiY3JlYXRlIjo2MDAwMDAwMDAwMDAsImRlbGV0ZSI6OTAwMDAwMDAwMDAwfSwic2NoZW1hX3ZlcnNpb24iOiIxIn0=",
          "dependencies": [
            "aws_security_group.app_gateway",
            "aws_security_group.bastion-sg",
            "aws_security_group.ecs_frontend_task",
            "aws_security_group.lb",
            "aws_vpc.ecs_vpc"
          ]
        }
      ]
    },
    {
      "mode": "managed",
      "type": "aws_security_group",
      "name": "ecs_frontend_task",
      "provider": "provider[\"registry.terraform.io/hashicorp/aws\"]",
      "instances": [
        {
          "schema_version": 1,
          "attributes": {
            "arn": "arn:aws:ec2:us-east-1:514072627411:security-group/sg-0b27d22b02a8223e6",
            "description": "Allow from application gateway",
            "egress": [
              {
                "cidr_blocks": [
                  "0.0.0.0/0"
                ],
                "description": "",
                "from_port": 0,
                "ipv6_cidr_blocks": [],
                "prefix_list_ids": [],
                "protocol": "-1",
                "security_groups": [],
                "self": false,
                "to_port": 0
              }
            ],
            "id": "sg-0b27d22b02a8223e6",
            "ingress": [
              {
                "cidr_blocks": [],
                "description": "",
                "from_port": 3000,
                "ipv6_cidr_blocks": [],
                "prefix_list_ids": [],
                "protocol": "tcp",
                "security_groups": [
                  "sg-051b6a97d78362b3e",
                  "sg-07133eba282279f21"
                ],
                "self": false,
                "to_port": 3000
              },
              {
                "cidr_blocks": [],
                "description": "",
                "from_port": 9901,
                "ipv6_cidr_blocks": [],
                "prefix_list_ids": [],
                "protocol": "tcp",
                "security_groups": [
                  "sg-07133eba282279f21"
                ],
                "self": false,
                "to_port": 9901
              }
            ],
            "name": "vb-poc-frontend",
            "name_prefix": "",
            "owner_id": "514072627411",
            "revoke_rules_on_delete": false,
            "tags": {},
            "tags_all": {},
            "timeouts": null,
            "vpc_id": "vpc-0eaebb0ac2ce017fe"
          },
          "sensitive_attributes": [],
          "private": "eyJlMmJmYjczMC1lY2FhLTExZTYtOGY4OC0zNDM2M2JjN2M0YzAiOnsiY3JlYXRlIjo2MDAwMDAwMDAwMDAsImRlbGV0ZSI6OTAwMDAwMDAwMDAwfSwic2NoZW1hX3ZlcnNpb24iOiIxIn0=",
          "dependencies": [
            "aws_security_group.app_gateway",
            "aws_security_group.bastion-sg",
            "aws_security_group.lb",
            "aws_vpc.ecs_vpc"
          ]
        }
      ]
    },
    {
      "mode": "managed",
      "type": "aws_security_group",
      "name": "lb",
      "provider": "provider[\"registry.terraform.io/hashicorp/aws\"]",
      "instances": [
        {
          "schema_version": 1,
          "attributes": {
            "arn": "arn:aws:ec2:us-east-1:514072627411:security-group/sg-0a4243cd0987292fa",
            "description": "controls access to the ALB",
            "egress": [
              {
                "cidr_blocks": [
                  "0.0.0.0/0"
                ],
                "description": "",
                "from_port": 0,
                "ipv6_cidr_blocks": [
                  "::/0"
                ],
                "prefix_list_ids": [],
                "protocol": "-1",
                "security_groups": [],
                "self": false,
                "to_port": 0
              }
            ],
            "id": "sg-0a4243cd0987292fa",
            "ingress": [
              {
                "cidr_blocks": [
                  "69.181.181.129/32"
                ],
                "description": "",
                "from_port": 80,
                "ipv6_cidr_blocks": [
                  "2607:fb90:9eb8:9ba4:f06d:2670:16e9:8b03/128"
                ],
                "prefix_list_ids": [],
                "protocol": "tcp",
                "security_groups": [],
                "self": false,
                "to_port": 80
              }
            ],
            "name": "vb-poc-alb",
            "name_prefix": "",
            "owner_id": "514072627411",
            "revoke_rules_on_delete": false,
            "tags": {},
            "tags_all": {},
            "timeouts": null,
            "vpc_id": "vpc-0eaebb0ac2ce017fe"
          },
          "sensitive_attributes": [],
          "private": "eyJlMmJmYjczMC1lY2FhLTExZTYtOGY4OC0zNDM2M2JjN2M0YzAiOnsiY3JlYXRlIjo2MDAwMDAwMDAwMDAsImRlbGV0ZSI6OTAwMDAwMDAwMDAwfSwic2NoZW1hX3ZlcnNpb24iOiIxIn0=",
          "dependencies": [
            "aws_vpc.ecs_vpc"
          ]
        }
      ]
    },
    {
      "mode": "managed",
      "type": "aws_service_discovery_private_dns_namespace",
      "name": "main",
      "provider": "provider[\"registry.terraform.io/hashicorp/aws\"]",
      "instances": [
        {
          "schema_version": 0,
          "attributes": {
            "arn": "arn:aws:servicediscovery:us-east-1:514072627411:namespace/ns-p4n4skbet4tvrt4v",
            "description": "all services will be registered under this common namespace",
            "hosted_zone": "Z04681233MJP9M82SBUNW",
            "id": "ns-p4n4skbet4tvrt4v",
            "name": "vb.ecs-mesh",
            "tags": {},
            "tags_all": {},
            "vpc": "vpc-0eaebb0ac2ce017fe"
          },
          "sensitive_attributes": [],
          "private": "bnVsbA==",
          "dependencies": [
            "aws_vpc.ecs_vpc"
          ]
        }
      ]
    },
    {
      "mode": "managed",
      "type": "aws_service_discovery_service",
      "name": "app_gateway",
      "provider": "provider[\"registry.terraform.io/hashicorp/aws\"]",
      "instances": [
        {
          "schema_version": 0,
          "attributes": {
            "arn": "arn:aws:servicediscovery:us-east-1:514072627411:service/srv-ulwvsas6etqvoz6p",
            "description": "",
            "dns_config": [
              {
                "dns_records": [
                  {
                    "ttl": 10,
                    "type": "A"
                  }
                ],
                "namespace_id": "ns-p4n4skbet4tvrt4v",
                "routing_policy": "MULTIVALUE"
              }
            ],
            "force_destroy": false,
            "health_check_config": [],
            "health_check_custom_config": [
              {
                "failure_threshold": 1
              }
            ],
            "id": "srv-ulwvsas6etqvoz6p",
            "name": "gateway",
            "namespace_id": "ns-p4n4skbet4tvrt4v",
            "tags": {},
            "tags_all": {}
          },
          "sensitive_attributes": [],
          "private": "bnVsbA==",
          "dependencies": [
            "aws_service_discovery_private_dns_namespace.main",
            "aws_vpc.ecs_vpc"
          ]
        }
      ]
    },
    {
      "mode": "managed",
      "type": "aws_service_discovery_service",
      "name": "backend",
      "provider": "provider[\"registry.terraform.io/hashicorp/aws\"]",
      "instances": [
        {
          "schema_version": 0,
          "attributes": {
            "arn": "arn:aws:servicediscovery:us-east-1:514072627411:service/srv-i3zvdolc3xvdfehc",
            "description": "",
            "dns_config": [
              {
                "dns_records": [
                  {
                    "ttl": 10,
                    "type": "A"
                  }
                ],
                "namespace_id": "ns-p4n4skbet4tvrt4v",
                "routing_policy": "MULTIVALUE"
              }
            ],
            "force_destroy": false,
            "health_check_config": [],
            "health_check_custom_config": [
              {
                "failure_threshold": 1
              }
            ],
            "id": "srv-i3zvdolc3xvdfehc",
            "name": "backend",
            "namespace_id": "ns-p4n4skbet4tvrt4v",
            "tags": {},
            "tags_all": {}
          },
          "sensitive_attributes": [],
          "private": "bnVsbA==",
          "dependencies": [
            "aws_service_discovery_private_dns_namespace.main",
            "aws_vpc.ecs_vpc"
          ]
        }
      ]
    },
    {
      "mode": "managed",
      "type": "aws_service_discovery_service",
      "name": "frontend",
      "provider": "provider[\"registry.terraform.io/hashicorp/aws\"]",
      "instances": [
        {
          "schema_version": 0,
          "attributes": {
            "arn": "arn:aws:servicediscovery:us-east-1:514072627411:service/srv-ffw2y6bd3qgnxiba",
            "description": "",
            "dns_config": [
              {
                "dns_records": [
                  {
                    "ttl": 10,
                    "type": "A"
                  }
                ],
                "namespace_id": "ns-p4n4skbet4tvrt4v",
                "routing_policy": "MULTIVALUE"
              }
            ],
            "force_destroy": false,
            "health_check_config": [],
            "health_check_custom_config": [
              {
                "failure_threshold": 1
              }
            ],
            "id": "srv-ffw2y6bd3qgnxiba",
            "name": "frontend",
            "namespace_id": "ns-p4n4skbet4tvrt4v",
            "tags": {},
            "tags_all": {}
          },
          "sensitive_attributes": [],
          "private": "bnVsbA==",
          "dependencies": [
            "aws_service_discovery_private_dns_namespace.main",
            "aws_vpc.ecs_vpc"
          ]
        }
      ]
    },
    {
      "mode": "managed",
      "type": "aws_subnet",
      "name": "private_ecs",
      "provider": "provider[\"registry.terraform.io/hashicorp/aws\"]",
      "instances": [
        {
          "index_key": 0,
          "schema_version": 1,
          "attributes": {
            "arn": "arn:aws:ec2:us-east-1:514072627411:subnet/subnet-049ec63d3d48c0817",
            "assign_ipv6_address_on_creation": false,
            "availability_zone": "us-east-1a",
            "availability_zone_id": "use1-az4",
            "cidr_block": "172.17.0.0/24",
            "customer_owned_ipv4_pool": "",
            "id": "subnet-049ec63d3d48c0817",
            "ipv6_cidr_block": "",
            "ipv6_cidr_block_association_id": "",
            "map_customer_owned_ip_on_launch": false,
            "map_public_ip_on_launch": false,
            "outpost_arn": "",
            "owner_id": "514072627411",
            "tags": {},
            "tags_all": {},
            "timeouts": null,
            "vpc_id": "vpc-0eaebb0ac2ce017fe"
          },
          "sensitive_attributes": [],
          "private": "eyJlMmJmYjczMC1lY2FhLTExZTYtOGY4OC0zNDM2M2JjN2M0YzAiOnsiY3JlYXRlIjo2MDAwMDAwMDAwMDAsImRlbGV0ZSI6MTIwMDAwMDAwMDAwMH0sInNjaGVtYV92ZXJzaW9uIjoiMSJ9",
          "dependencies": [
            "aws_vpc.ecs_vpc",
            "data.aws_availability_zones.available"
          ]
        },
        {
          "index_key": 1,
          "schema_version": 1,
          "attributes": {
            "arn": "arn:aws:ec2:us-east-1:514072627411:subnet/subnet-017fc06e9855c597b",
            "assign_ipv6_address_on_creation": false,
            "availability_zone": "us-east-1b",
            "availability_zone_id": "use1-az6",
            "cidr_block": "172.17.1.0/24",
            "customer_owned_ipv4_pool": "",
            "id": "subnet-017fc06e9855c597b",
            "ipv6_cidr_block": "",
            "ipv6_cidr_block_association_id": "",
            "map_customer_owned_ip_on_launch": false,
            "map_public_ip_on_launch": false,
            "outpost_arn": "",
            "owner_id": "514072627411",
            "tags": {},
            "tags_all": {},
            "timeouts": null,
            "vpc_id": "vpc-0eaebb0ac2ce017fe"
          },
          "sensitive_attributes": [],
          "private": "eyJlMmJmYjczMC1lY2FhLTExZTYtOGY4OC0zNDM2M2JjN2M0YzAiOnsiY3JlYXRlIjo2MDAwMDAwMDAwMDAsImRlbGV0ZSI6MTIwMDAwMDAwMDAwMH0sInNjaGVtYV92ZXJzaW9uIjoiMSJ9",
          "dependencies": [
            "aws_vpc.ecs_vpc",
            "data.aws_availability_zones.available"
          ]
        }
      ]
    },
    {
      "mode": "managed",
      "type": "aws_subnet",
      "name": "public_ecs",
      "provider": "provider[\"registry.terraform.io/hashicorp/aws\"]",
      "instances": [
        {
          "index_key": 0,
          "schema_version": 1,
          "attributes": {
            "arn": "arn:aws:ec2:us-east-1:514072627411:subnet/subnet-02f7e0208f1dc7eaf",
            "assign_ipv6_address_on_creation": false,
            "availability_zone": "us-east-1a",
            "availability_zone_id": "use1-az4",
            "cidr_block": "172.17.2.0/24",
            "customer_owned_ipv4_pool": "",
            "id": "subnet-02f7e0208f1dc7eaf",
            "ipv6_cidr_block": "",
            "ipv6_cidr_block_association_id": "",
            "map_customer_owned_ip_on_launch": false,
            "map_public_ip_on_launch": true,
            "outpost_arn": "",
            "owner_id": "514072627411",
            "tags": {},
            "tags_all": {},
            "timeouts": null,
            "vpc_id": "vpc-0eaebb0ac2ce017fe"
          },
          "sensitive_attributes": [],
          "private": "eyJlMmJmYjczMC1lY2FhLTExZTYtOGY4OC0zNDM2M2JjN2M0YzAiOnsiY3JlYXRlIjo2MDAwMDAwMDAwMDAsImRlbGV0ZSI6MTIwMDAwMDAwMDAwMH0sInNjaGVtYV92ZXJzaW9uIjoiMSJ9",
          "dependencies": [
            "aws_vpc.ecs_vpc",
            "data.aws_availability_zones.available"
          ]
        },
        {
          "index_key": 1,
          "schema_version": 1,
          "attributes": {
            "arn": "arn:aws:ec2:us-east-1:514072627411:subnet/subnet-07b8b5db62fe3e979",
            "assign_ipv6_address_on_creation": false,
            "availability_zone": "us-east-1b",
            "availability_zone_id": "use1-az6",
            "cidr_block": "172.17.3.0/24",
            "customer_owned_ipv4_pool": "",
            "id": "subnet-07b8b5db62fe3e979",
            "ipv6_cidr_block": "",
            "ipv6_cidr_block_association_id": "",
            "map_customer_owned_ip_on_launch": false,
            "map_public_ip_on_launch": true,
            "outpost_arn": "",
            "owner_id": "514072627411",
            "tags": {},
            "tags_all": {},
            "timeouts": null,
            "vpc_id": "vpc-0eaebb0ac2ce017fe"
          },
          "sensitive_attributes": [],
          "private": "eyJlMmJmYjczMC1lY2FhLTExZTYtOGY4OC0zNDM2M2JjN2M0YzAiOnsiY3JlYXRlIjo2MDAwMDAwMDAwMDAsImRlbGV0ZSI6MTIwMDAwMDAwMDAwMH0sInNjaGVtYV92ZXJzaW9uIjoiMSJ9",
          "dependencies": [
            "aws_vpc.ecs_vpc",
            "data.aws_availability_zones.available"
          ]
        }
      ]
    },
    {
      "mode": "managed",
      "type": "aws_vpc",
      "name": "ecs_vpc",
      "provider": "provider[\"registry.terraform.io/hashicorp/aws\"]",
      "instances": [
        {
          "schema_version": 1,
          "attributes": {
            "arn": "arn:aws:ec2:us-east-1:514072627411:vpc/vpc-0eaebb0ac2ce017fe",
            "assign_generated_ipv6_cidr_block": false,
            "cidr_block": "172.17.0.0/16",
            "default_network_acl_id": "acl-0208f27a704622220",
            "default_route_table_id": "rtb-02cddeb6e404ee7ed",
            "default_security_group_id": "sg-0c3d6328d25c1856d",
            "dhcp_options_id": "dopt-54167b2e",
            "enable_classiclink": false,
            "enable_classiclink_dns_support": false,
            "enable_dns_hostnames": true,
            "enable_dns_support": true,
            "id": "vpc-0eaebb0ac2ce017fe",
            "instance_tenancy": "default",
            "ipv6_association_id": "",
            "ipv6_cidr_block": "",
            "main_route_table_id": "rtb-02cddeb6e404ee7ed",
            "owner_id": "514072627411",
            "tags": {},
            "tags_all": {}
          },
          "sensitive_attributes": [],
          "private": "eyJzY2hlbWFfdmVyc2lvbiI6IjEifQ=="
        }
      ]
    }
  ]
}
