{
  "version": 4,
  "terraform_version": "1.0.8",
  "serial": 834,
  "lineage": "ca58efb8-bfb2-bcb4-0cc0-fbadae096c2f",
  "outputs": {
    "alb_hostname": {
      "value": "vb-poc-app-gateway-1024179138.us-east-1.elb.amazonaws.com",
      "type": "string"
    },
    "bastion_public_ip": {
      "value": "54.211.58.72",
      "type": "string"
    }
  },
  "resources": [
    {
      "mode": "data",
      "type": "aws_availability_zones",
      "name": "available",
      "provider": "provider[\"registry.terraform.io/hashicorp/aws\"]",
      "instances": [
        {
          "schema_version": 0,
          "attributes": {
            "all_availability_zones": null,
            "exclude_names": null,
            "exclude_zone_ids": null,
            "filter": null,
            "group_names": [
              "us-east-1"
            ],
            "id": "us-east-1",
            "names": [
              "us-east-1a",
              "us-east-1b",
              "us-east-1c",
              "us-east-1d",
              "us-east-1e",
              "us-east-1f"
            ],
            "state": null,
            "zone_ids": [
              "use1-az4",
              "use1-az6",
              "use1-az1",
              "use1-az2",
              "use1-az3",
              "use1-az5"
            ]
          },
          "sensitive_attributes": []
        }
      ]
    },
    {
      "mode": "data",
      "type": "aws_iam_policy_document",
      "name": "ecs_task_execution_role",
      "provider": "provider[\"registry.terraform.io/hashicorp/aws\"]",
      "instances": [
        {
          "schema_version": 0,
          "attributes": {
            "id": "320642683",
            "json": "{\n  \"Version\": \"2012-10-17\",\n  \"Statement\": [\n    {\n      \"Sid\": \"\",\n      \"Effect\": \"Allow\",\n      \"Action\": \"sts:AssumeRole\",\n      \"Principal\": {\n        \"Service\": \"ecs-tasks.amazonaws.com\"\n      }\n    }\n  ]\n}",
            "override_json": null,
            "override_policy_documents": null,
            "policy_id": null,
            "source_json": null,
            "source_policy_documents": null,
            "statement": [
              {
                "actions": [
                  "sts:AssumeRole"
                ],
                "condition": [],
                "effect": "Allow",
                "not_actions": [],
                "not_principals": [],
                "not_resources": [],
                "principals": [
                  {
                    "identifiers": [
                      "ecs-tasks.amazonaws.com"
                    ],
                    "type": "Service"
                  }
                ],
                "resources": [],
                "sid": ""
              }
            ],
            "version": "2012-10-17"
          },
          "sensitive_attributes": []
        }
      ]
    },
    {
      "mode": "managed",
      "type": "aws_alb",
      "name": "ecs_vpc",
      "provider": "provider[\"registry.terraform.io/hashicorp/aws\"]",
      "instances": [
        {
          "schema_version": 0,
          "attributes": {
            "access_logs": [
              {
                "bucket": "",
                "enabled": false,
                "prefix": ""
              }
            ],
            "arn": "arn:aws:elasticloadbalancing:us-east-1:514072627411:loadbalancer/app/vb-poc-app-gateway/0d57c5f181637bb0",
            "arn_suffix": "app/vb-poc-app-gateway/0d57c5f181637bb0",
            "customer_owned_ipv4_pool": "",
            "dns_name": "vb-poc-app-gateway-1024179138.us-east-1.elb.amazonaws.com",
            "drop_invalid_header_fields": false,
            "enable_cross_zone_load_balancing": null,
            "enable_deletion_protection": false,
            "enable_http2": true,
            "id": "arn:aws:elasticloadbalancing:us-east-1:514072627411:loadbalancer/app/vb-poc-app-gateway/0d57c5f181637bb0",
            "idle_timeout": 60,
            "internal": false,
            "ip_address_type": "ipv4",
            "load_balancer_type": "application",
            "name": "vb-poc-app-gateway",
            "name_prefix": null,
            "security_groups": [
              "sg-03d1ac0fbe22263b1"
            ],
            "subnet_mapping": [
              {
                "allocation_id": "",
                "ipv6_address": "",
                "outpost_id": "",
                "private_ipv4_address": "",
                "subnet_id": "subnet-0233edeaac3b1dcd9"
              },
              {
                "allocation_id": "",
                "ipv6_address": "",
                "outpost_id": "",
                "private_ipv4_address": "",
                "subnet_id": "subnet-062cc8341a279925f"
              }
            ],
            "subnets": [
              "subnet-0233edeaac3b1dcd9",
              "subnet-062cc8341a279925f"
            ],
            "tags": {},
            "tags_all": {},
            "timeouts": null,
            "vpc_id": "vpc-0eaebb0ac2ce017fe",
            "zone_id": "Z35SXDOTRQ7X7K"
          },
          "sensitive_attributes": [],
          "private": "eyJlMmJmYjczMC1lY2FhLTExZTYtOGY4OC0zNDM2M2JjN2M0YzAiOnsiY3JlYXRlIjo2MDAwMDAwMDAwMDAsImRlbGV0ZSI6NjAwMDAwMDAwMDAwLCJ1cGRhdGUiOjYwMDAwMDAwMDAwMH19",
          "dependencies": [
            "aws_security_group.lb",
            "aws_subnet.public_ecs",
            "aws_vpc.ecs_vpc",
            "data.aws_availability_zones.available"
          ]
        }
      ]
    },
    {
      "mode": "managed",
      "type": "aws_alb_listener",
      "name": "app_gateway",
      "provider": "provider[\"registry.terraform.io/hashicorp/aws\"]",
      "instances": [
        {
          "schema_version": 0,
          "attributes": {
            "alpn_policy": null,
            "arn": "arn:aws:elasticloadbalancing:us-east-1:514072627411:listener/app/vb-poc-app-gateway/0d57c5f181637bb0/6166a57812464a61",
            "certificate_arn": null,
            "default_action": [
              {
                "authenticate_cognito": [],
                "authenticate_oidc": [],
                "fixed_response": [],
                "forward": [],
                "order": 1,
                "redirect": [],
                "target_group_arn": "arn:aws:elasticloadbalancing:us-east-1:514072627411:targetgroup/vb-poc-app-gateway/aa8d356eb117bbb7",
                "type": "forward"
              }
            ],
            "id": "arn:aws:elasticloadbalancing:us-east-1:514072627411:listener/app/vb-poc-app-gateway/0d57c5f181637bb0/6166a57812464a61",
            "load_balancer_arn": "arn:aws:elasticloadbalancing:us-east-1:514072627411:loadbalancer/app/vb-poc-app-gateway/0d57c5f181637bb0",
            "port": 80,
            "protocol": "HTTP",
            "ssl_policy": "",
            "tags": {},
            "tags_all": {},
            "timeouts": null
          },
          "sensitive_attributes": [],
          "private": "eyJlMmJmYjczMC1lY2FhLTExZTYtOGY4OC0zNDM2M2JjN2M0YzAiOnsicmVhZCI6NjAwMDAwMDAwMDAwfX0=",
          "dependencies": [
            "aws_alb_target_group.app_gateway",
            "aws_security_group.lb",
            "aws_subnet.public_ecs",
            "aws_vpc.ecs_vpc",
            "data.aws_availability_zones.available",
            "aws_alb.ecs_vpc"
          ]
        }
      ]
    },
    {
      "mode": "managed",
      "type": "aws_alb_target_group",
      "name": "app_gateway",
      "provider": "provider[\"registry.terraform.io/hashicorp/aws\"]",
      "instances": [
        {
          "schema_version": 0,
          "attributes": {
            "arn": "arn:aws:elasticloadbalancing:us-east-1:514072627411:targetgroup/vb-poc-app-gateway/aa8d356eb117bbb7",
            "arn_suffix": "targetgroup/vb-poc-app-gateway/aa8d356eb117bbb7",
            "deregistration_delay": 300,
            "health_check": [
              {
                "enabled": true,
                "healthy_threshold": 5,
                "interval": 30,
                "matcher": "200",
                "path": "/",
                "port": "traffic-port",
                "protocol": "HTTP",
                "timeout": 5,
                "unhealthy_threshold": 2
              }
            ],
            "id": "arn:aws:elasticloadbalancing:us-east-1:514072627411:targetgroup/vb-poc-app-gateway/aa8d356eb117bbb7",
            "lambda_multi_value_headers_enabled": false,
            "load_balancing_algorithm_type": "round_robin",
            "name": "vb-poc-app-gateway",
            "name_prefix": null,
            "port": 8080,
            "preserve_client_ip": null,
            "protocol": "HTTP",
            "protocol_version": "HTTP1",
            "proxy_protocol_v2": false,
            "slow_start": 0,
            "stickiness": [
              {
                "cookie_duration": 86400,
                "cookie_name": "",
                "enabled": false,
                "type": "lb_cookie"
              }
            ],
            "tags": {},
            "tags_all": {},
            "target_type": "ip",
            "vpc_id": "vpc-0eaebb0ac2ce017fe"
          },
          "sensitive_attributes": [],
          "private": "bnVsbA==",
          "dependencies": [
            "aws_vpc.ecs_vpc"
          ]
        }
      ]
    },
    {
      "mode": "managed",
      "type": "aws_appmesh_gateway_route",
      "name": "frontend",
      "provider": "provider[\"registry.terraform.io/hashicorp/aws\"]",
      "instances": [
        {
          "schema_version": 0,
          "attributes": {
            "arn": "arn:aws:appmesh:us-east-1:514072627411:mesh/vb-poc/virtualGateway/vb-poc-app_gateway/gatewayRoute/vb-poc-frontend-route",
            "created_date": "2021-10-14T06:25:22Z",
            "id": "db8571a8-1c6c-4007-8d2c-403d8d26d554",
            "last_updated_date": "2021-10-14T06:25:22Z",
            "mesh_name": "vb-poc",
            "mesh_owner": "514072627411",
            "name": "vb-poc-frontend-route",
            "resource_owner": "514072627411",
            "spec": [
              {
                "grpc_route": [],
                "http2_route": [],
                "http_route": [
                  {
                    "action": [
                      {
                        "target": [
                          {
                            "virtual_service": [
                              {
                                "virtual_service_name": "frontend"
                              }
                            ]
                          }
                        ]
                      }
                    ],
                    "match": [
                      {
                        "prefix": "/"
                      }
                    ]
                  }
                ]
              }
            ],
            "tags": {},
            "tags_all": {},
            "virtual_gateway_name": "vb-poc-app_gateway"
          },
          "sensitive_attributes": [],
          "private": "bnVsbA==",
          "dependencies": [
            "aws_service_discovery_service.backend",
            "aws_appmesh_virtual_node.frontend",
            "aws_appmesh_virtual_service.frontend",
            "aws_appmesh_virtual_node.backend",
            "aws_appmesh_virtual_service.backend",
            "aws_service_discovery_private_dns_namespace.main",
            "aws_service_discovery_service.frontend",
            "aws_vpc.ecs_vpc",
            "aws_appmesh_mesh.ecs_mesh",
            "aws_appmesh_virtual_gateway.app_gateway"
          ]
        }
      ]
    },
    {
      "mode": "managed",
      "type": "aws_appmesh_mesh",
      "name": "ecs_mesh",
      "provider": "provider[\"registry.terraform.io/hashicorp/aws\"]",
      "instances": [
        {
          "schema_version": 0,
          "attributes": {
            "arn": "arn:aws:appmesh:us-east-1:514072627411:mesh/vb-poc",
            "created_date": "2021-10-14T06:24:13Z",
            "id": "vb-poc",
            "last_updated_date": "2021-10-14T06:24:13Z",
            "mesh_owner": "514072627411",
            "name": "vb-poc",
            "resource_owner": "514072627411",
            "spec": [
              {
                "egress_filter": [
                  {
                    "type": "DROP_ALL"
                  }
                ]
              }
            ],
            "tags": {},
            "tags_all": {}
          },
          "sensitive_attributes": [],
          "private": "bnVsbA=="
        }
      ]
    },
    {
      "mode": "managed",
      "type": "aws_appmesh_virtual_gateway",
      "name": "app_gateway",
      "provider": "provider[\"registry.terraform.io/hashicorp/aws\"]",
      "instances": [
        {
          "schema_version": 0,
          "attributes": {
            "arn": "arn:aws:appmesh:us-east-1:514072627411:mesh/vb-poc/virtualGateway/vb-poc-app_gateway",
            "created_date": "2021-10-14T06:24:14Z",
            "id": "c72791cb-db42-4485-8047-d1c7226df5d4",
            "last_updated_date": "2021-10-14T06:24:14Z",
            "mesh_name": "vb-poc",
            "mesh_owner": "514072627411",
            "name": "vb-poc-app_gateway",
            "resource_owner": "514072627411",
            "spec": [
              {
                "backend_defaults": [],
                "listener": [
                  {
                    "connection_pool": [],
                    "health_check": [
                      {
                        "healthy_threshold": 2,
                        "interval_millis": 5000,
                        "path": "/",
                        "port": 8080,
                        "protocol": "http",
                        "timeout_millis": 2000,
                        "unhealthy_threshold": 2
                      }
                    ],
                    "port_mapping": [
                      {
                        "port": 8080,
                        "protocol": "http"
                      }
                    ],
                    "tls": []
                  }
                ],
                "logging": [
                  {
                    "access_log": [
                      {
                        "file": [
                          {
                            "path": "/dev/stdout"
                          }
                        ]
                      }
                    ]
                  }
                ]
              }
            ],
            "tags": {},
            "tags_all": {}
          },
          "sensitive_attributes": [],
          "private": "bnVsbA==",
          "dependencies": [
            "aws_appmesh_mesh.ecs_mesh"
          ]
        }
      ]
    },
    {
      "mode": "managed",
      "type": "aws_appmesh_virtual_node",
      "name": "backend",
      "provider": "provider[\"registry.terraform.io/hashicorp/aws\"]",
      "instances": [
        {
          "schema_version": 1,
          "attributes": {
            "arn": "arn:aws:appmesh:us-east-1:514072627411:mesh/vb-poc/virtualNode/vb-poc-backend",
            "created_date": "2021-10-14T06:25:17Z",
            "id": "3049d99d-1cb2-4d68-8376-90147031e0eb",
            "last_updated_date": "2021-10-14T06:25:17Z",
            "mesh_name": "vb-poc",
            "mesh_owner": "514072627411",
            "name": "vb-poc-backend",
            "resource_owner": "514072627411",
            "spec": [
              {
                "backend": [],
                "backend_defaults": [],
                "listener": [
                  {
                    "connection_pool": [],
                    "health_check": [],
                    "outlier_detection": [],
                    "port_mapping": [
                      {
                        "port": 3000,
                        "protocol": "http"
                      }
                    ],
                    "timeout": [],
                    "tls": []
                  }
                ],
                "logging": [
                  {
                    "access_log": [
                      {
                        "file": [
                          {
                            "path": "/dev/stdout"
                          }
                        ]
                      }
                    ]
                  }
                ],
                "service_discovery": [
                  {
                    "aws_cloud_map": [
                      {
                        "attributes": {},
                        "namespace_name": "vb.local",
                        "service_name": "backend"
                      }
                    ],
                    "dns": []
                  }
                ]
              }
            ],
            "tags": {},
            "tags_all": {}
          },
          "sensitive_attributes": [],
          "private": "eyJzY2hlbWFfdmVyc2lvbiI6IjEifQ==",
          "dependencies": [
            "aws_service_discovery_service.backend",
            "aws_vpc.ecs_vpc",
            "aws_appmesh_mesh.ecs_mesh",
            "aws_service_discovery_private_dns_namespace.main"
          ]
        }
      ]
    },
    {
      "mode": "managed",
      "type": "aws_appmesh_virtual_node",
      "name": "frontend",
      "provider": "provider[\"registry.terraform.io/hashicorp/aws\"]",
      "instances": [
        {
          "schema_version": 1,
          "attributes": {
            "arn": "arn:aws:appmesh:us-east-1:514072627411:mesh/vb-poc/virtualNode/vb-poc-frontend",
            "created_date": "2021-10-14T06:25:20Z",
            "id": "41fc24cf-d0a1-4af2-8f30-6a53888cb7e4",
            "last_updated_date": "2021-10-14T06:25:20Z",
            "mesh_name": "vb-poc",
            "mesh_owner": "514072627411",
            "name": "vb-poc-frontend",
            "resource_owner": "514072627411",
            "spec": [
              {
                "backend": [
                  {
                    "virtual_service": [
                      {
                        "client_policy": [],
                        "virtual_service_name": "backend.vb.local"
                      }
                    ]
                  }
                ],
                "backend_defaults": [],
                "listener": [
                  {
                    "connection_pool": [],
                    "health_check": [],
                    "outlier_detection": [],
                    "port_mapping": [
                      {
                        "port": 3000,
                        "protocol": "http"
                      }
                    ],
                    "timeout": [],
                    "tls": []
                  }
                ],
                "logging": [
                  {
                    "access_log": [
                      {
                        "file": [
                          {
                            "path": "/dev/stdout"
                          }
                        ]
                      }
                    ]
                  }
                ],
                "service_discovery": [
                  {
                    "aws_cloud_map": [
                      {
                        "attributes": {},
                        "namespace_name": "vb.local",
                        "service_name": "frontend"
                      }
                    ],
                    "dns": []
                  }
                ]
              }
            ],
            "tags": {},
            "tags_all": {}
          },
          "sensitive_attributes": [],
          "private": "eyJzY2hlbWFfdmVyc2lvbiI6IjEifQ==",
          "dependencies": [
            "aws_service_discovery_private_dns_namespace.main",
            "aws_service_discovery_service.backend",
            "aws_service_discovery_service.frontend",
            "aws_vpc.ecs_vpc",
            "aws_appmesh_mesh.ecs_mesh",
            "aws_appmesh_virtual_node.backend",
            "aws_appmesh_virtual_service.backend"
          ]
        }
      ]
    },
    {
      "mode": "managed",
      "type": "aws_appmesh_virtual_service",
      "name": "backend",
      "provider": "provider[\"registry.terraform.io/hashicorp/aws\"]",
      "instances": [
        {
          "schema_version": 0,
          "attributes": {
            "arn": "arn:aws:appmesh:us-east-1:514072627411:mesh/vb-poc/virtualService/backend.vb.local",
            "created_date": "2021-10-14T06:25:19Z",
            "id": "9f5ceb35-71d4-4a56-b54c-5b83af04ee3a",
            "last_updated_date": "2021-10-14T06:25:19Z",
            "mesh_name": "vb-poc",
            "mesh_owner": "514072627411",
            "name": "backend.vb.local",
            "resource_owner": "514072627411",
            "spec": [
              {
                "provider": [
                  {
                    "virtual_node": [
                      {
                        "virtual_node_name": "vb-poc-backend"
                      }
                    ],
                    "virtual_router": []
                  }
                ]
              }
            ],
            "tags": {},
            "tags_all": {}
          },
          "sensitive_attributes": [],
          "private": "bnVsbA==",
          "dependencies": [
            "aws_appmesh_mesh.ecs_mesh",
            "aws_appmesh_virtual_node.backend",
            "aws_service_discovery_private_dns_namespace.main",
            "aws_service_discovery_service.backend",
            "aws_vpc.ecs_vpc"
          ]
        }
      ]
    },
    {
      "mode": "managed",
      "type": "aws_appmesh_virtual_service",
      "name": "frontend",
      "provider": "provider[\"registry.terraform.io/hashicorp/aws\"]",
      "instances": [
        {
          "schema_version": 0,
          "attributes": {
            "arn": "arn:aws:appmesh:us-east-1:514072627411:mesh/vb-poc/virtualService/frontend",
            "created_date": "2021-10-14T06:25:21Z",
            "id": "57b7a075-0c84-4287-96b7-1576b9490c28",
            "last_updated_date": "2021-10-14T06:25:21Z",
            "mesh_name": "vb-poc",
            "mesh_owner": "514072627411",
            "name": "frontend",
            "resource_owner": "514072627411",
            "spec": [
              {
                "provider": [
                  {
                    "virtual_node": [
                      {
                        "virtual_node_name": "vb-poc-frontend"
                      }
                    ],
                    "virtual_router": []
                  }
                ]
              }
            ],
            "tags": {},
            "tags_all": {}
          },
          "sensitive_attributes": [],
          "private": "bnVsbA==",
          "dependencies": [
            "aws_appmesh_virtual_node.frontend",
            "aws_appmesh_virtual_service.backend",
            "aws_service_discovery_private_dns_namespace.main",
            "aws_service_discovery_service.backend",
            "aws_service_discovery_service.frontend",
            "aws_vpc.ecs_vpc",
            "aws_appmesh_mesh.ecs_mesh",
            "aws_appmesh_virtual_node.backend"
          ]
        }
      ]
    },
    {
      "mode": "managed",
      "type": "aws_ecr_repository",
      "name": "backend",
      "provider": "provider[\"registry.terraform.io/hashicorp/aws\"]",
      "instances": [
        {
          "schema_version": 0,
          "attributes": {
            "arn": "arn:aws:ecr:us-east-1:514072627411:repository/backend",
            "encryption_configuration": [
              {
                "encryption_type": "AES256",
                "kms_key": ""
              }
            ],
            "id": "backend",
            "image_scanning_configuration": [
              {
                "scan_on_push": false
              }
            ],
            "image_tag_mutability": "MUTABLE",
            "name": "backend",
            "registry_id": "514072627411",
            "repository_url": "514072627411.dkr.ecr.us-east-1.amazonaws.com/backend",
            "tags": {},
            "tags_all": {},
            "timeouts": null
          },
          "sensitive_attributes": [],
          "private": "eyJlMmJmYjczMC1lY2FhLTExZTYtOGY4OC0zNDM2M2JjN2M0YzAiOnsiZGVsZXRlIjoxMjAwMDAwMDAwMDAwfX0="
        }
      ]
    },
    {
      "mode": "managed",
      "type": "aws_ecr_repository",
      "name": "frontend",
      "provider": "provider[\"registry.terraform.io/hashicorp/aws\"]",
      "instances": [
        {
          "schema_version": 0,
          "attributes": {
            "arn": "arn:aws:ecr:us-east-1:514072627411:repository/frontend",
            "encryption_configuration": [
              {
                "encryption_type": "AES256",
                "kms_key": ""
              }
            ],
            "id": "frontend",
            "image_scanning_configuration": [
              {
                "scan_on_push": false
              }
            ],
            "image_tag_mutability": "MUTABLE",
            "name": "frontend",
            "registry_id": "514072627411",
            "repository_url": "514072627411.dkr.ecr.us-east-1.amazonaws.com/frontend",
            "tags": {},
            "tags_all": {},
            "timeouts": null
          },
          "sensitive_attributes": [],
          "private": "eyJlMmJmYjczMC1lY2FhLTExZTYtOGY4OC0zNDM2M2JjN2M0YzAiOnsiZGVsZXRlIjoxMjAwMDAwMDAwMDAwfX0="
        }
      ]
    },
    {
      "mode": "managed",
      "type": "aws_ecs_cluster",
      "name": "ecs_vpc",
      "provider": "provider[\"registry.terraform.io/hashicorp/aws\"]",
      "instances": [
        {
          "schema_version": 0,
          "attributes": {
            "arn": "arn:aws:ecs:us-east-1:514072627411:cluster/vb-poc",
            "capacity_providers": [],
            "configuration": [],
            "default_capacity_provider_strategy": [],
            "id": "arn:aws:ecs:us-east-1:514072627411:cluster/vb-poc",
            "name": "vb-poc",
            "setting": [
              {
                "name": "containerInsights",
                "value": "disabled"
              }
            ],
            "tags": {},
            "tags_all": {}
          },
          "sensitive_attributes": [],
          "private": "bnVsbA=="
        }
      ]
    },
    {
      "mode": "managed",
      "type": "aws_ecs_service",
      "name": "app_gateway",
      "provider": "provider[\"registry.terraform.io/hashicorp/aws\"]",
      "instances": [
        {
          "schema_version": 0,
          "attributes": {
            "capacity_provider_strategy": [],
            "cluster": "arn:aws:ecs:us-east-1:514072627411:cluster/vb-poc",
            "deployment_circuit_breaker": [
              {
                "enable": false,
                "rollback": false
              }
            ],
            "deployment_controller": [
              {
                "type": "ECS"
              }
            ],
            "deployment_maximum_percent": 200,
            "deployment_minimum_healthy_percent": 100,
            "desired_count": 2,
            "enable_ecs_managed_tags": false,
            "enable_execute_command": false,
            "force_new_deployment": null,
            "health_check_grace_period_seconds": 0,
            "iam_role": "aws-service-role",
            "id": "arn:aws:ecs:us-east-1:514072627411:service/vb-poc/vb-poc-app_gateway",
            "launch_type": "FARGATE",
            "load_balancer": [
              {
                "container_name": "vb-poc-app_gateway",
                "container_port": 8080,
                "elb_name": "",
                "target_group_arn": "arn:aws:elasticloadbalancing:us-east-1:514072627411:targetgroup/vb-poc-app-gateway/aa8d356eb117bbb7"
              }
            ],
            "name": "vb-poc-app_gateway",
            "network_configuration": [
              {
                "assign_public_ip": false,
                "security_groups": [
                  "sg-0a5df74e0723edbfb",
                  "sg-0d861967a641e855d"
                ],
                "subnets": [
                  "subnet-00ebf554e0f7dba95",
                  "subnet-0d48f8cdf6d68a3f3"
                ]
              }
            ],
            "ordered_placement_strategy": [],
            "placement_constraints": [],
            "platform_version": "LATEST",
            "propagate_tags": "NONE",
            "scheduling_strategy": "REPLICA",
            "service_registries": [
              {
                "container_name": "",
                "container_port": 0,
                "port": 0,
                "registry_arn": "arn:aws:servicediscovery:us-east-1:514072627411:service/srv-5gdrxyktki4dqmyq"
              }
            ],
            "tags": {},
            "tags_all": {},
            "task_definition": "arn:aws:ecs:us-east-1:514072627411:task-definition/vb-poc-app_gateway:2",
            "timeouts": null,
            "wait_for_steady_state": false
          },
          "sensitive_attributes": [],
          "private": "eyJlMmJmYjczMC1lY2FhLTExZTYtOGY4OC0zNDM2M2JjN2M0YzAiOnsiZGVsZXRlIjoxMjAwMDAwMDAwMDAwfX0=",
          "dependencies": [
            "aws_alb_target_group.app_gateway",
            "aws_security_group.app_gateway",
            "aws_security_group.lb",
            "aws_service_discovery_service.app_gateway",
            "data.aws_availability_zones.available",
            "aws_alb.ecs_vpc",
            "aws_ecs_task_definition.app_gateway",
            "aws_subnet.private_ecs",
            "aws_vpc.ecs_vpc",
            "aws_alb_listener.app_gateway",
            "aws_security_group.bastion-sg",
            "aws_subnet.public_ecs",
            "aws_ecs_cluster.ecs_vpc",
            "aws_iam_role.ecs_task_execution_role",
            "aws_service_discovery_private_dns_namespace.main",
            "data.aws_iam_policy_document.ecs_task_execution_role"
          ]
        }
      ]
    },
    {
      "mode": "managed",
      "type": "aws_ecs_service",
      "name": "backend",
      "provider": "provider[\"registry.terraform.io/hashicorp/aws\"]",
      "instances": [
        {
          "schema_version": 0,
          "attributes": {
            "capacity_provider_strategy": [],
            "cluster": "arn:aws:ecs:us-east-1:514072627411:cluster/vb-poc",
            "deployment_circuit_breaker": [
              {
                "enable": false,
                "rollback": false
              }
            ],
            "deployment_controller": [
              {
                "type": "ECS"
              }
            ],
            "deployment_maximum_percent": 200,
            "deployment_minimum_healthy_percent": 100,
            "desired_count": 2,
            "enable_ecs_managed_tags": false,
            "enable_execute_command": false,
            "force_new_deployment": null,
            "health_check_grace_period_seconds": 0,
            "iam_role": "aws-service-role",
            "id": "arn:aws:ecs:us-east-1:514072627411:service/vb-poc/vb-poc-backend",
            "launch_type": "FARGATE",
            "load_balancer": [],
            "name": "vb-poc-backend",
            "network_configuration": [
              {
                "assign_public_ip": false,
                "security_groups": [
                  "sg-0893619b8648d3f74"
                ],
                "subnets": [
                  "subnet-00ebf554e0f7dba95",
                  "subnet-0d48f8cdf6d68a3f3"
                ]
              }
            ],
            "ordered_placement_strategy": [],
            "placement_constraints": [],
            "platform_version": "LATEST",
            "propagate_tags": "NONE",
            "scheduling_strategy": "REPLICA",
            "service_registries": [
              {
                "container_name": "",
                "container_port": 0,
                "port": 0,
                "registry_arn": "arn:aws:servicediscovery:us-east-1:514072627411:service/srv-g6oiju6artyuflvj"
              }
            ],
            "tags": {},
            "tags_all": {},
            "task_definition": "arn:aws:ecs:us-east-1:514072627411:task-definition/vb-poc-backend:3",
            "timeouts": null,
            "wait_for_steady_state": false
          },
          "sensitive_attributes": [],
          "private": "eyJlMmJmYjczMC1lY2FhLTExZTYtOGY4OC0zNDM2M2JjN2M0YzAiOnsiZGVsZXRlIjoxMjAwMDAwMDAwMDAwfX0=",
          "dependencies": [
            "aws_ecs_cluster.ecs_vpc",
            "aws_ecs_task_definition.backend",
            "aws_iam_role.ecs_task_execution_role",
            "aws_security_group.ecs_backend_task",
            "aws_service_discovery_service.backend",
            "aws_subnet.private_ecs"
          ]
        }
      ]
    },
    {
      "mode": "managed",
      "type": "aws_ecs_service",
      "name": "frontend",
      "provider": "provider[\"registry.terraform.io/hashicorp/aws\"]",
      "instances": [
        {
          "schema_version": 0,
          "attributes": {
            "capacity_provider_strategy": [],
            "cluster": "arn:aws:ecs:us-east-1:514072627411:cluster/vb-poc",
            "deployment_circuit_breaker": [
              {
                "enable": false,
                "rollback": false
              }
            ],
            "deployment_controller": [
              {
                "type": "ECS"
              }
            ],
            "deployment_maximum_percent": 200,
            "deployment_minimum_healthy_percent": 100,
            "desired_count": 2,
            "enable_ecs_managed_tags": false,
            "enable_execute_command": false,
            "force_new_deployment": null,
            "health_check_grace_period_seconds": 0,
            "iam_role": "aws-service-role",
            "id": "arn:aws:ecs:us-east-1:514072627411:service/vb-poc/vb-poc-frontend",
            "launch_type": "FARGATE",
            "load_balancer": [],
            "name": "vb-poc-frontend",
            "network_configuration": [
              {
                "assign_public_ip": false,
                "security_groups": [
                  "sg-0945c3d139ef7cb0c"
                ],
                "subnets": [
                  "subnet-00ebf554e0f7dba95",
                  "subnet-0d48f8cdf6d68a3f3"
                ]
              }
            ],
            "ordered_placement_strategy": [],
            "placement_constraints": [],
            "platform_version": "LATEST",
            "propagate_tags": "NONE",
            "scheduling_strategy": "REPLICA",
            "service_registries": [
              {
                "container_name": "",
                "container_port": 0,
                "port": 0,
                "registry_arn": "arn:aws:servicediscovery:us-east-1:514072627411:service/srv-qaukpivp72lyo3qh"
              }
            ],
            "tags": {},
            "tags_all": {},
            "task_definition": "arn:aws:ecs:us-east-1:514072627411:task-definition/vb-poc-frontend:2",
            "timeouts": null,
            "wait_for_steady_state": false
          },
          "sensitive_attributes": [],
          "private": "eyJlMmJmYjczMC1lY2FhLTExZTYtOGY4OC0zNDM2M2JjN2M0YzAiOnsiZGVsZXRlIjoxMjAwMDAwMDAwMDAwfX0=",
          "dependencies": [
            "aws_ecs_task_definition.frontend",
            "aws_iam_role.ecs_task_execution_role",
            "aws_security_group.app_gateway",
            "aws_security_group.ecs_frontend_task",
            "aws_service_discovery_service.frontend",
            "aws_vpc.ecs_vpc",
            "data.aws_availability_zones.available",
            "aws_ecs_cluster.ecs_vpc",
            "data.aws_iam_policy_document.ecs_task_execution_role",
            "aws_security_group.lb",
            "aws_service_discovery_private_dns_namespace.main",
            "aws_subnet.private_ecs",
            "aws_security_group.bastion-sg"
          ]
        }
      ]
    },
    {
      "mode": "managed",
      "type": "aws_ecs_task_definition",
      "name": "app_gateway",
      "provider": "provider[\"registry.terraform.io/hashicorp/aws\"]",
      "instances": [
        {
          "schema_version": 1,
          "attributes": {
            "arn": "arn:aws:ecs:us-east-1:514072627411:task-definition/vb-poc-app_gateway:2",
            "container_definitions": "[{\"cpu\":256,\"environment\":[{\"name\":\"APPMESH_VIRTUAL_NODE_NAME\",\"value\":\"mesh/vb-poc/virtualGateway/vb-poc-app_gateway\"},{\"name\":\"ENABLE_ENVOY_XRAY_TRACING\",\"value\":\"1\"}],\"essential\":true,\"healthCheck\":{\"command\":[\"CMD-SHELL\",\"curl -s http://localhost:9901/server_info | grep state | grep -q LIVE\"],\"interval\":5,\"retries\":3,\"startPeriod\":10,\"timeout\":2},\"image\":\"840364872350.dkr.ecr.us-east-1.amazonaws.com/aws-appmesh-envoy:v1.17.2.0-prod\",\"logConfiguration\":{\"logDriver\":\"awslogs\",\"options\":{\"awslogs-group\":\"/ecs/vb\",\"awslogs-region\":\"us-east-1\",\"awslogs-stream-prefix\":\"envoyvb\"}},\"memory\":512,\"mountPoints\":[],\"name\":\"vb-poc-app_gateway\",\"portMappings\":[{\"containerPort\":8080,\"hostPort\":8080,\"protocol\":\"tcp\"},{\"containerPort\":9901,\"hostPort\":9901,\"protocol\":\"tcp\"}],\"ulimits\":[{\"hardLimit\":15000,\"name\":\"nofile\",\"softLimit\":15000}],\"user\":\"1337\",\"volumesFrom\":[]},{\"cpu\":0,\"environment\":[],\"essential\":true,\"image\":\"amazon/aws-xray-daemon\",\"logConfiguration\":{\"logDriver\":\"awslogs\",\"options\":{\"awslogs-group\":\"/ecs/vb\",\"awslogs-region\":\"us-east-1\",\"awslogs-stream-prefix\":\"xrayvb\"}},\"mountPoints\":[],\"name\":\"xray-daemon\",\"portMappings\":[{\"containerPort\":2000,\"hostPort\":2000,\"protocol\":\"udp\"}],\"volumesFrom\":[]}]",
            "cpu": "256",
            "ephemeral_storage": [],
            "execution_role_arn": "arn:aws:iam::514072627411:role/vb-poc-task-execution-role",
            "family": "vb-poc-app_gateway",
            "id": "vb-poc-app_gateway",
            "inference_accelerator": [],
            "ipc_mode": "",
            "memory": "512",
            "network_mode": "awsvpc",
            "pid_mode": "",
            "placement_constraints": [],
            "proxy_configuration": [],
            "requires_compatibilities": [
              "FARGATE"
            ],
            "revision": 2,
            "tags": {},
            "tags_all": {},
            "task_role_arn": "arn:aws:iam::514072627411:role/vb-poc-task-execution-role",
            "volume": []
          },
          "sensitive_attributes": [],
          "private": "eyJzY2hlbWFfdmVyc2lvbiI6IjEifQ==",
          "dependencies": [
            "aws_iam_role.ecs_task_execution_role",
            "data.aws_iam_policy_document.ecs_task_execution_role"
          ]
        }
      ]
    },
    {
      "mode": "managed",
      "type": "aws_ecs_task_definition",
      "name": "backend",
      "provider": "provider[\"registry.terraform.io/hashicorp/aws\"]",
      "instances": [
        {
          "schema_version": 1,
          "attributes": {
            "arn": "arn:aws:ecs:us-east-1:514072627411:task-definition/vb-poc-backend:3",
            "container_definitions": "[{\"cpu\":256,\"environment\":[],\"essential\":true,\"image\":\"514072627411.dkr.ecr.us-east-2.amazonaws.com/backend:0.0.3\",\"logConfiguration\":{\"logDriver\":\"awslogs\",\"options\":{\"awslogs-group\":\"/ecs/vb\",\"awslogs-region\":\"us-east-1\",\"awslogs-stream-prefix\":\"backendvb\"}},\"memory\":512,\"mountPoints\":[],\"name\":\"vb-poc-backend\",\"portMappings\":[{\"containerPort\":3000,\"hostPort\":3000,\"protocol\":\"tcp\"}],\"volumesFrom\":[]},{\"cpu\":0,\"environment\":[{\"name\":\"APPMESH_VIRTUAL_NODE_NAME\",\"value\":\"mesh/vb-poc/virtualNode/vb-poc-backend\"},{\"name\":\"ENABLE_ENVOY_XRAY_TRACING\",\"value\":\"1\"}],\"essential\":true,\"healthCheck\":{\"command\":[\"CMD-SHELL\",\"curl -s http://localhost:9901/server_info | grep state | grep -q LIVE\"],\"interval\":5,\"retries\":3,\"startPeriod\":10,\"timeout\":2},\"image\":\"840364872350.dkr.ecr.us-east-1.amazonaws.com/aws-appmesh-envoy:v1.17.2.0-prod\",\"logConfiguration\":{\"logDriver\":\"awslogs\",\"options\":{\"awslogs-group\":\"/ecs/vb\",\"awslogs-region\":\"us-east-1\",\"awslogs-stream-prefix\":\"envoyvb\"}},\"memoryReservation\":256,\"mountPoints\":[],\"name\":\"vb-poc-backend-proxy\",\"portMappings\":[{\"containerPort\":9901,\"hostPort\":9901,\"protocol\":\"tcp\"}],\"ulimits\":[{\"hardLimit\":15000,\"name\":\"nofile\",\"softLimit\":15000}],\"user\":\"1337\",\"volumesFrom\":[]},{\"cpu\":0,\"environment\":[],\"essential\":true,\"image\":\"amazon/aws-xray-daemon\",\"logConfiguration\":{\"logDriver\":\"awslogs\",\"options\":{\"awslogs-group\":\"/ecs/vb\",\"awslogs-region\":\"us-east-1\",\"awslogs-stream-prefix\":\"xrayvb\"}},\"mountPoints\":[],\"name\":\"xray-daemon\",\"portMappings\":[{\"containerPort\":2000,\"hostPort\":2000,\"protocol\":\"udp\"}],\"volumesFrom\":[]}]",
            "cpu": "256",
            "ephemeral_storage": [],
            "execution_role_arn": "arn:aws:iam::514072627411:role/vb-poc-task-execution-role",
            "family": "vb-poc-backend",
            "id": "vb-poc-backend",
            "inference_accelerator": [],
            "ipc_mode": "",
            "memory": "512",
            "network_mode": "awsvpc",
            "pid_mode": "",
            "placement_constraints": [],
            "proxy_configuration": [
              {
                "container_name": "vb-poc-backend-proxy",
                "properties": {
                  "AppPorts": "3000",
                  "EgressIgnoredIPs": "169.254.170.2,169.254.169.254",
                  "IgnoredUID": "1337",
                  "ProxyEgressPort": "15001",
                  "ProxyIngressPort": "15000"
                },
                "type": "APPMESH"
              }
            ],
            "requires_compatibilities": [
              "FARGATE"
            ],
            "revision": 3,
            "tags": null,
            "tags_all": {},
            "task_role_arn": "arn:aws:iam::514072627411:role/vb-poc-task-execution-role",
            "volume": []
          },
          "sensitive_attributes": [],
          "private": "eyJzY2hlbWFfdmVyc2lvbiI6IjEifQ==",
          "dependencies": [
            "aws_iam_role.ecs_task_execution_role"
          ]
        }
      ]
    },
    {
      "mode": "managed",
      "type": "aws_ecs_task_definition",
      "name": "frontend",
      "provider": "provider[\"registry.terraform.io/hashicorp/aws\"]",
      "instances": [
        {
          "schema_version": 1,
          "attributes": {
            "arn": "arn:aws:ecs:us-east-1:514072627411:task-definition/vb-poc-frontend:2",
            "container_definitions": "[{\"cpu\":256,\"environment\":[{\"name\":\"BACKEND_URL\",\"value\":\"http://backend.vb.local:3000\"}],\"essential\":true,\"image\":\"514072627411.dkr.ecr.us-east-2.amazonaws.com/frontend:0.0.6\",\"logConfiguration\":{\"logDriver\":\"awslogs\",\"options\":{\"awslogs-group\":\"/ecs/vb\",\"awslogs-region\":\"us-east-1\",\"awslogs-stream-prefix\":\"frontendvb\"}},\"memory\":512,\"mountPoints\":[],\"name\":\"vb-poc-frontend\",\"portMappings\":[{\"containerPort\":3000,\"hostPort\":3000,\"protocol\":\"tcp\"}],\"volumesFrom\":[]},{\"cpu\":0,\"environment\":[{\"name\":\"APPMESH_VIRTUAL_NODE_NAME\",\"value\":\"mesh/vb-poc/virtualNode/vb-poc-frontend\"},{\"name\":\"ENABLE_ENVOY_XRAY_TRACING\",\"value\":\"1\"}],\"essential\":true,\"healthCheck\":{\"command\":[\"CMD-SHELL\",\"curl -s http://localhost:9901/server_info | grep state | grep -q LIVE\"],\"interval\":5,\"retries\":3,\"startPeriod\":10,\"timeout\":2},\"image\":\"840364872350.dkr.ecr.us-east-1.amazonaws.com/aws-appmesh-envoy:v1.17.2.0-prod\",\"logConfiguration\":{\"logDriver\":\"awslogs\",\"options\":{\"awslogs-group\":\"/ecs/vb\",\"awslogs-region\":\"us-east-1\",\"awslogs-stream-prefix\":\"envoyvb\"}},\"memoryReservation\":256,\"mountPoints\":[],\"name\":\"vb-poc-frontend-proxy\",\"portMappings\":[{\"containerPort\":9901,\"hostPort\":9901,\"protocol\":\"tcp\"}],\"ulimits\":[{\"hardLimit\":15000,\"name\":\"nofile\",\"softLimit\":15000}],\"user\":\"1337\",\"volumesFrom\":[]},{\"cpu\":0,\"environment\":[],\"essential\":true,\"image\":\"amazon/aws-xray-daemon\",\"logConfiguration\":{\"logDriver\":\"awslogs\",\"options\":{\"awslogs-group\":\"/ecs/vb\",\"awslogs-region\":\"us-east-1\",\"awslogs-stream-prefix\":\"xrayvb\"}},\"mountPoints\":[],\"name\":\"xray-daemon\",\"portMappings\":[{\"containerPort\":2000,\"hostPort\":2000,\"protocol\":\"udp\"}],\"volumesFrom\":[]}]",
            "cpu": "256",
            "ephemeral_storage": [],
            "execution_role_arn": "arn:aws:iam::514072627411:role/vb-poc-task-execution-role",
            "family": "vb-poc-frontend",
            "id": "vb-poc-frontend",
            "inference_accelerator": [],
            "ipc_mode": "",
            "memory": "512",
            "network_mode": "awsvpc",
            "pid_mode": "",
            "placement_constraints": [],
            "proxy_configuration": [
              {
                "container_name": "vb-poc-frontend-proxy",
                "properties": {
                  "AppPorts": "3000",
                  "EgressIgnoredIPs": "169.254.170.2,169.254.169.254",
                  "IgnoredUID": "1337",
                  "ProxyEgressPort": "15001",
                  "ProxyIngressPort": "15000"
                },
                "type": "APPMESH"
              }
            ],
            "requires_compatibilities": [
              "FARGATE"
            ],
            "revision": 2,
            "tags": {},
            "tags_all": {},
            "task_role_arn": "arn:aws:iam::514072627411:role/vb-poc-task-execution-role",
            "volume": []
          },
          "sensitive_attributes": [],
          "private": "eyJzY2hlbWFfdmVyc2lvbiI6IjEifQ==",
          "dependencies": [
            "aws_iam_role.ecs_task_execution_role",
            "data.aws_iam_policy_document.ecs_task_execution_role"
          ]
        }
      ]
    },
    {
      "mode": "managed",
      "type": "aws_eip",
      "name": "gw",
      "provider": "provider[\"registry.terraform.io/hashicorp/aws\"]",
      "instances": [
        {
          "index_key": 0,
          "schema_version": 0,
          "attributes": {
            "address": null,
            "allocation_id": null,
            "associate_with_private_ip": null,
            "association_id": "eipassoc-0936f3e40e20c1ca5",
            "carrier_ip": "",
            "customer_owned_ip": "",
            "customer_owned_ipv4_pool": "",
            "domain": "vpc",
            "id": "eipalloc-0bf9d2c2eade124ef",
            "instance": "",
            "network_border_group": "us-east-1",
            "network_interface": "eni-066fec1300fa826e4",
            "private_dns": "ip-172-17-2-196.ec2.internal",
            "private_ip": "172.17.2.196",
            "public_dns": "ec2-3-233-173-65.compute-1.amazonaws.com",
            "public_ip": "3.233.173.65",
            "public_ipv4_pool": "amazon",
            "tags": {},
            "tags_all": {},
            "timeouts": null,
            "vpc": true
          },
          "sensitive_attributes": [],
          "private": "eyJlMmJmYjczMC1lY2FhLTExZTYtOGY4OC0zNDM2M2JjN2M0YzAiOnsiZGVsZXRlIjoxODAwMDAwMDAwMDAsInJlYWQiOjkwMDAwMDAwMDAwMCwidXBkYXRlIjozMDAwMDAwMDAwMDB9fQ==",
          "dependencies": [
            "aws_internet_gateway.gw",
            "aws_vpc.ecs_vpc"
          ]
        },
        {
          "index_key": 1,
          "schema_version": 0,
          "attributes": {
            "address": null,
            "allocation_id": null,
            "associate_with_private_ip": null,
            "association_id": "eipassoc-0c68e44cd0986e883",
            "carrier_ip": "",
            "customer_owned_ip": "",
            "customer_owned_ipv4_pool": "",
            "domain": "vpc",
            "id": "eipalloc-0ce931fb2523be6d2",
            "instance": "",
            "network_border_group": "us-east-1",
            "network_interface": "eni-01256c4ed6e9ab82a",
            "private_dns": "ip-172-17-3-119.ec2.internal",
            "private_ip": "172.17.3.119",
            "public_dns": "ec2-44-199-146-236.compute-1.amazonaws.com",
            "public_ip": "44.199.146.236",
            "public_ipv4_pool": "amazon",
            "tags": {},
            "tags_all": {},
            "timeouts": null,
            "vpc": true
          },
          "sensitive_attributes": [],
          "private": "eyJlMmJmYjczMC1lY2FhLTExZTYtOGY4OC0zNDM2M2JjN2M0YzAiOnsiZGVsZXRlIjoxODAwMDAwMDAwMDAsInJlYWQiOjkwMDAwMDAwMDAwMCwidXBkYXRlIjozMDAwMDAwMDAwMDB9fQ==",
          "dependencies": [
            "aws_internet_gateway.gw",
            "aws_vpc.ecs_vpc"
          ]
        }
      ]
    },
    {
      "mode": "managed",
      "type": "aws_iam_role",
      "name": "ecs_task_execution_role",
      "provider": "provider[\"registry.terraform.io/hashicorp/aws\"]",
      "instances": [
        {
          "schema_version": 0,
          "attributes": {
            "arn": "arn:aws:iam::514072627411:role/vb-poc-task-execution-role",
            "assume_role_policy": "{\"Version\":\"2012-10-17\",\"Statement\":[{\"Sid\":\"\",\"Effect\":\"Allow\",\"Principal\":{\"Service\":\"ecs-tasks.amazonaws.com\"},\"Action\":\"sts:AssumeRole\"}]}",
            "create_date": "2021-10-14T06:24:13Z",
            "description": "",
            "force_detach_policies": false,
            "id": "vb-poc-task-execution-role",
            "inline_policy": [
              {
                "name": "",
                "policy": ""
              }
            ],
            "managed_policy_arns": [
              "arn:aws:iam::aws:policy/AWSAppMeshEnvoyAccess",
              "arn:aws:iam::aws:policy/AWSXRayDaemonWriteAccess",
              "arn:aws:iam::aws:policy/service-role/AmazonECSTaskExecutionRolePolicy"
            ],
            "max_session_duration": 3600,
            "name": "vb-poc-task-execution-role",
            "name_prefix": "",
            "path": "/",
            "permissions_boundary": null,
            "tags": {},
            "tags_all": {},
            "unique_id": "AROAXPMI5ZDJREACBMWPB"
          },
          "sensitive_attributes": [],
          "private": "bnVsbA==",
          "dependencies": [
            "data.aws_iam_policy_document.ecs_task_execution_role"
          ]
        }
      ]
    },
    {
      "mode": "managed",
      "type": "aws_iam_role_policy_attachment",
      "name": "ecs_appmesh_envoy_access_role",
      "provider": "provider[\"registry.terraform.io/hashicorp/aws\"]",
      "instances": [
        {
          "schema_version": 0,
          "attributes": {
            "id": "vb-poc-task-execution-role-20211014062414841500000001",
            "policy_arn": "arn:aws:iam::aws:policy/AWSAppMeshEnvoyAccess",
            "role": "vb-poc-task-execution-role"
          },
          "sensitive_attributes": [],
          "private": "bnVsbA==",
          "dependencies": [
            "aws_iam_role.ecs_task_execution_role",
            "data.aws_iam_policy_document.ecs_task_execution_role"
          ]
        }
      ]
    },
    {
      "mode": "managed",
      "type": "aws_iam_role_policy_attachment",
      "name": "ecs_task_execution_role",
      "provider": "provider[\"registry.terraform.io/hashicorp/aws\"]",
      "instances": [
        {
          "schema_version": 0,
          "attributes": {
            "id": "vb-poc-task-execution-role-20211014062414861600000002",
            "policy_arn": "arn:aws:iam::aws:policy/service-role/AmazonECSTaskExecutionRolePolicy",
            "role": "vb-poc-task-execution-role"
          },
          "sensitive_attributes": [],
          "private": "bnVsbA==",
          "dependencies": [
            "data.aws_iam_policy_document.ecs_task_execution_role",
            "aws_iam_role.ecs_task_execution_role"
          ]
        }
      ]
    },
    {
      "mode": "managed",
      "type": "aws_iam_role_policy_attachment",
      "name": "ecs_xray_write_role",
      "provider": "provider[\"registry.terraform.io/hashicorp/aws\"]",
      "instances": [
        {
          "schema_version": 0,
          "attributes": {
            "id": "vb-poc-task-execution-role-20211014062414891100000003",
            "policy_arn": "arn:aws:iam::aws:policy/AWSXRayDaemonWriteAccess",
            "role": "vb-poc-task-execution-role"
          },
          "sensitive_attributes": [],
          "private": "bnVsbA==",
          "dependencies": [
            "aws_iam_role.ecs_task_execution_role",
            "data.aws_iam_policy_document.ecs_task_execution_role"
          ]
        }
      ]
    },
    {
      "mode": "managed",
      "type": "aws_instance",
      "name": "bastion",
      "provider": "provider[\"registry.terraform.io/hashicorp/aws\"]",
      "instances": [
        {
          "schema_version": 1,
          "attributes": {
            "ami": "ami-0133407e358cc1af0",
            "arn": "arn:aws:ec2:us-east-1:514072627411:instance/i-02f6b188742744af8",
            "associate_public_ip_address": true,
            "availability_zone": "us-east-1a",
            "capacity_reservation_specification": [
              {
                "capacity_reservation_preference": "open",
                "capacity_reservation_target": []
              }
            ],
            "cpu_core_count": 1,
            "cpu_threads_per_core": 1,
            "credit_specification": [
              {
                "cpu_credits": "standard"
              }
            ],
            "disable_api_termination": false,
            "ebs_block_device": [],
            "ebs_optimized": false,
            "enclave_options": [
              {
                "enabled": false
              }
            ],
            "ephemeral_block_device": [],
            "get_password_data": false,
            "hibernation": false,
            "host_id": null,
            "iam_instance_profile": "",
            "id": "i-02f6b188742744af8",
            "instance_initiated_shutdown_behavior": "stop",
            "instance_state": "running",
            "instance_type": "t2.micro",
            "ipv6_address_count": 0,
            "ipv6_addresses": [],
            "key_name": "vitalii.burak@jmpchase.com",
            "launch_template": [],
            "metadata_options": [
              {
                "http_endpoint": "enabled",
                "http_put_response_hop_limit": 1,
                "http_tokens": "optional"
              }
            ],
            "monitoring": false,
            "network_interface": [],
            "outpost_arn": "",
            "password_data": "",
            "placement_group": "",
            "primary_network_interface_id": "eni-02292f3c652576ecf",
            "private_dns": "ip-172-17-2-241.ec2.internal",
            "private_ip": "172.17.2.241",
            "public_dns": "ec2-54-211-58-72.compute-1.amazonaws.com",
            "public_ip": "54.211.58.72",
            "root_block_device": [
              {
                "delete_on_termination": true,
                "device_name": "/dev/sda1",
                "encrypted": false,
                "iops": 100,
                "kms_key_id": "",
                "tags": {},
                "throughput": 0,
                "volume_id": "vol-0a30fe0b251d31a9a",
                "volume_size": 8,
                "volume_type": "gp2"
              }
            ],
            "secondary_private_ips": [],
            "security_groups": [],
            "source_dest_check": true,
            "subnet_id": "subnet-0233edeaac3b1dcd9",
            "tags": {},
            "tags_all": {},
            "tenancy": "default",
            "timeouts": null,
            "user_data": null,
            "user_data_base64": null,
            "volume_tags": null,
            "vpc_security_group_ids": [
              "sg-0a5df74e0723edbfb"
            ]
          },
          "sensitive_attributes": [],
          "private": "eyJlMmJmYjczMC1lY2FhLTExZTYtOGY4OC0zNDM2M2JjN2M0YzAiOnsiY3JlYXRlIjo2MDAwMDAwMDAwMDAsImRlbGV0ZSI6MTIwMDAwMDAwMDAwMCwidXBkYXRlIjo2MDAwMDAwMDAwMDB9LCJzY2hlbWFfdmVyc2lvbiI6IjEifQ==",
          "dependencies": [
            "aws_vpc.ecs_vpc",
            "data.aws_availability_zones.available",
            "aws_key_pair.bastion_key",
            "aws_security_group.bastion-sg",
            "aws_subnet.public_ecs"
          ]
        }
      ]
    },
    {
      "mode": "managed",
      "type": "aws_internet_gateway",
      "name": "gw",
      "provider": "provider[\"registry.terraform.io/hashicorp/aws\"]",
      "instances": [
        {
          "schema_version": 0,
          "attributes": {
            "arn": "arn:aws:ec2:us-east-1:514072627411:internet-gateway/igw-0967a697925acedb7",
            "id": "igw-0967a697925acedb7",
            "owner_id": "514072627411",
            "tags": {},
            "tags_all": {},
            "vpc_id": "vpc-0eaebb0ac2ce017fe"
          },
          "sensitive_attributes": [],
          "private": "bnVsbA==",
          "dependencies": [
            "aws_vpc.ecs_vpc"
          ]
        }
      ]
    },
    {
      "mode": "managed",
      "type": "aws_key_pair",
      "name": "bastion_key",
      "provider": "provider[\"registry.terraform.io/hashicorp/aws\"]",
      "instances": [
        {
          "schema_version": 1,
          "attributes": {
            "arn": "arn:aws:ec2:us-east-1:514072627411:key-pair/vitalii.burak@jmpchase.com",
            "fingerprint": "ee:ff:3a:ac:da:44:46:57:c3:9b:9a:f3:6b:47:6b:5b",
            "id": "vitalii.burak@jmpchase.com",
            "key_name": "vitalii.burak@jmpchase.com",
            "key_name_prefix": null,
            "key_pair_id": "key-070365814737578b3",
            "public_key": "ssh-rsa AAAAB3NzaC1yc2EAAAADAQABAAACAQDNHqHEhyJVy5vlPacO1QqOdVNXJB/jSYHoSykLeK/8NvfGc7SdPi4WmvbCrBL/12qSvhVi7/8VYgclVM1QfqZ3OBLShTJSAVr5pn67Z1KrG5GALlS0qJadEmqVzjjxy9sy//WS2xAw0yxiwWjRjj0KMlAb3SBqxqeTIJVGd5DVlC091zyRCJq3G4xYGpHOPF7t3mWTJyW0jCeFQqO3fux6cqGjNG9hE3WcHDzxGjG2JofVwTjAZC/rjPRYGHF1Cg0MaJXUyJhbbMKiUooN8xxmDt5qRGKq0CzM3nuxsP3H8bV6St/DwQQTchs8Vz5XWOjHPibOjTWIQsZcfycbtckO/R3fMg7RsEzHm1dVSgqg/tDRNDJG+sFZQcM+BAf19xL5Ea3HIt5NbdQ+okTkv2fZJBRrreJh7iDf8R6Uu6whX7PRGdZ/77/qVSzrYM8Mek/UiEZ1Yn2pJrszIuBOiF7VuqcbhRP4juc7EW3KlOR3+AJXUVWSGUbyP+8Q26LWaxkkucyPGxF8u2nEQ8+tkQBpIqFXpDowCoFVR3+OFwUTnKF4IiJYB2dExwHAyfesy5BFFcyLTOYs/LdpCenqneP5ONDmlksAqLilDse2oOv7hmhjgUeqmoOA+Ukygr7R9DrU23CVxjtjIhUzeoAf3ya0KUt9mxhBd5kXOf/UllEAyQ== vitalii.burak@jmpchase.com",
            "tags": {},
            "tags_all": {}
          },
          "sensitive_attributes": [],
          "private": "eyJzY2hlbWFfdmVyc2lvbiI6IjEifQ=="
        }
      ]
    },
    {
      "mode": "managed",
      "type": "aws_nat_gateway",
      "name": "gw",
      "provider": "provider[\"registry.terraform.io/hashicorp/aws\"]",
      "instances": [
        {
          "index_key": 0,
          "schema_version": 0,
          "attributes": {
            "allocation_id": "eipalloc-0bf9d2c2eade124ef",
            "connectivity_type": "public",
            "id": "nat-015ac2d1696b12e2c",
            "network_interface_id": "eni-066fec1300fa826e4",
            "private_ip": "172.17.2.196",
            "public_ip": "3.233.173.65",
            "subnet_id": "subnet-0233edeaac3b1dcd9",
            "tags": {},
            "tags_all": {}
          },
          "sensitive_attributes": [],
          "private": "bnVsbA==",
          "dependencies": [
            "aws_vpc.ecs_vpc",
            "data.aws_availability_zones.available",
            "aws_eip.gw",
            "aws_internet_gateway.gw",
            "aws_subnet.public_ecs"
          ]
        },
        {
          "index_key": 1,
          "schema_version": 0,
          "attributes": {
            "allocation_id": "eipalloc-0ce931fb2523be6d2",
            "connectivity_type": "public",
            "id": "nat-0b4b4bf369afb70b9",
            "network_interface_id": "eni-01256c4ed6e9ab82a",
            "private_ip": "172.17.3.119",
            "public_ip": "44.199.146.236",
            "subnet_id": "subnet-062cc8341a279925f",
            "tags": {},
            "tags_all": {}
          },
          "sensitive_attributes": [],
          "private": "bnVsbA==",
          "dependencies": [
            "aws_subnet.public_ecs",
            "aws_vpc.ecs_vpc",
            "data.aws_availability_zones.available",
            "aws_eip.gw",
            "aws_internet_gateway.gw"
          ]
        }
      ]
    },
    {
      "mode": "managed",
      "type": "aws_route",
      "name": "internet_access",
      "provider": "provider[\"registry.terraform.io/hashicorp/aws\"]",
      "instances": [
        {
          "schema_version": 0,
          "attributes": {
            "carrier_gateway_id": "",
            "destination_cidr_block": "0.0.0.0/0",
            "destination_ipv6_cidr_block": "",
            "destination_prefix_list_id": "",
            "egress_only_gateway_id": "",
            "gateway_id": "igw-0967a697925acedb7",
            "id": "r-rtb-02cddeb6e404ee7ed1080289494",
            "instance_id": "",
            "instance_owner_id": "",
            "local_gateway_id": "",
            "nat_gateway_id": "",
            "network_interface_id": "",
            "origin": "CreateRoute",
            "route_table_id": "rtb-02cddeb6e404ee7ed",
            "state": "active",
            "timeouts": null,
            "transit_gateway_id": "",
            "vpc_endpoint_id": "",
            "vpc_peering_connection_id": ""
          },
          "sensitive_attributes": [],
          "private": "eyJlMmJmYjczMC1lY2FhLTExZTYtOGY4OC0zNDM2M2JjN2M0YzAiOnsiY3JlYXRlIjoxMjAwMDAwMDAwMDAsImRlbGV0ZSI6MzAwMDAwMDAwMDAwfX0=",
          "dependencies": [
            "aws_internet_gateway.gw",
            "aws_vpc.ecs_vpc"
          ]
        }
      ]
    },
    {
      "mode": "managed",
      "type": "aws_route_table",
      "name": "private_ecs",
      "provider": "provider[\"registry.terraform.io/hashicorp/aws\"]",
      "instances": [
        {
          "index_key": 0,
          "schema_version": 0,
          "attributes": {
            "arn": "arn:aws:ec2:us-east-1:514072627411:route-table/rtb-0b6c7d9eef299ca06",
            "id": "rtb-0b6c7d9eef299ca06",
            "owner_id": "514072627411",
            "propagating_vgws": [],
            "route": [
              {
                "carrier_gateway_id": "",
                "cidr_block": "0.0.0.0/0",
                "destination_prefix_list_id": "",
                "egress_only_gateway_id": "",
                "gateway_id": "",
                "instance_id": "",
                "ipv6_cidr_block": "",
                "local_gateway_id": "",
                "nat_gateway_id": "nat-015ac2d1696b12e2c",
                "network_interface_id": "",
                "transit_gateway_id": "",
                "vpc_endpoint_id": "",
                "vpc_peering_connection_id": ""
              }
            ],
            "tags": {},
            "tags_all": {},
            "vpc_id": "vpc-0eaebb0ac2ce017fe"
          },
          "sensitive_attributes": [],
          "private": "bnVsbA==",
          "dependencies": [
            "aws_internet_gateway.gw",
            "aws_nat_gateway.gw",
            "aws_subnet.public_ecs",
            "aws_vpc.ecs_vpc",
            "data.aws_availability_zones.available",
            "aws_eip.gw"
          ]
        },
        {
          "index_key": 1,
          "schema_version": 0,
          "attributes": {
            "arn": "arn:aws:ec2:us-east-1:514072627411:route-table/rtb-0b9712331c8d307a1",
            "id": "rtb-0b9712331c8d307a1",
            "owner_id": "514072627411",
            "propagating_vgws": [],
            "route": [
              {
                "carrier_gateway_id": "",
                "cidr_block": "0.0.0.0/0",
                "destination_prefix_list_id": "",
                "egress_only_gateway_id": "",
                "gateway_id": "",
                "instance_id": "",
                "ipv6_cidr_block": "",
                "local_gateway_id": "",
                "nat_gateway_id": "nat-0b4b4bf369afb70b9",
                "network_interface_id": "",
                "transit_gateway_id": "",
                "vpc_endpoint_id": "",
                "vpc_peering_connection_id": ""
              }
            ],
            "tags": {},
            "tags_all": {},
            "vpc_id": "vpc-0eaebb0ac2ce017fe"
          },
          "sensitive_attributes": [],
          "private": "bnVsbA==",
          "dependencies": [
            "aws_eip.gw",
            "aws_internet_gateway.gw",
            "aws_nat_gateway.gw",
            "aws_subnet.public_ecs",
            "aws_vpc.ecs_vpc",
            "data.aws_availability_zones.available"
          ]
        }
      ]
    },
    {
      "mode": "managed",
      "type": "aws_route_table_association",
      "name": "private_ecs",
      "provider": "provider[\"registry.terraform.io/hashicorp/aws\"]",
      "instances": [
        {
          "index_key": 0,
          "schema_version": 0,
          "attributes": {
            "gateway_id": "",
            "id": "rtbassoc-09dc062ed27f50c90",
            "route_table_id": "rtb-0b6c7d9eef299ca06",
            "subnet_id": "subnet-0d48f8cdf6d68a3f3"
          },
          "sensitive_attributes": [],
          "private": "bnVsbA==",
          "dependencies": [
            "aws_route_table.private_ecs",
            "aws_subnet.private_ecs",
            "aws_subnet.public_ecs",
            "aws_vpc.ecs_vpc",
            "data.aws_availability_zones.available",
            "aws_eip.gw",
            "aws_internet_gateway.gw",
            "aws_nat_gateway.gw"
          ]
        },
        {
          "index_key": 1,
          "schema_version": 0,
          "attributes": {
            "gateway_id": "",
            "id": "rtbassoc-031f7247a0f53818c",
            "route_table_id": "rtb-0b9712331c8d307a1",
            "subnet_id": "subnet-00ebf554e0f7dba95"
          },
          "sensitive_attributes": [],
          "private": "bnVsbA==",
          "dependencies": [
            "aws_subnet.public_ecs",
            "aws_vpc.ecs_vpc",
            "data.aws_availability_zones.available",
            "aws_eip.gw",
            "aws_internet_gateway.gw",
            "aws_nat_gateway.gw",
            "aws_route_table.private_ecs",
            "aws_subnet.private_ecs"
          ]
        }
      ]
    },
    {
      "mode": "managed",
      "type": "aws_security_group",
      "name": "app_gateway",
      "provider": "provider[\"registry.terraform.io/hashicorp/aws\"]",
      "instances": [
        {
          "schema_version": 1,
          "attributes": {
            "arn": "arn:aws:ec2:us-east-1:514072627411:security-group/sg-0d861967a641e855d",
            "description": "allow inbound access from the ALB only",
            "egress": [
              {
                "cidr_blocks": [
                  "0.0.0.0/0"
                ],
                "description": "",
                "from_port": 0,
                "ipv6_cidr_blocks": [],
                "prefix_list_ids": [],
                "protocol": "-1",
                "security_groups": [],
                "self": false,
                "to_port": 0
              }
            ],
            "id": "sg-0d861967a641e855d",
            "ingress": [
              {
                "cidr_blocks": [],
                "description": "",
                "from_port": 8080,
                "ipv6_cidr_blocks": [],
                "prefix_list_ids": [],
                "protocol": "tcp",
                "security_groups": [
                  "sg-03d1ac0fbe22263b1"
                ],
                "self": false,
                "to_port": 8080
              },
              {
                "cidr_blocks": [],
                "description": "",
                "from_port": 9901,
                "ipv6_cidr_blocks": [],
                "prefix_list_ids": [],
                "protocol": "tcp",
                "security_groups": [
                  "sg-0a5df74e0723edbfb"
                ],
                "self": false,
                "to_port": 9901
              }
            ],
            "name": "vb-poc-app-gateway",
            "name_prefix": "",
            "owner_id": "514072627411",
            "revoke_rules_on_delete": false,
            "tags": {},
            "tags_all": {},
            "timeouts": null,
            "vpc_id": "vpc-0eaebb0ac2ce017fe"
          },
          "sensitive_attributes": [],
          "private": "eyJlMmJmYjczMC1lY2FhLTExZTYtOGY4OC0zNDM2M2JjN2M0YzAiOnsiY3JlYXRlIjo2MDAwMDAwMDAwMDAsImRlbGV0ZSI6OTAwMDAwMDAwMDAwfSwic2NoZW1hX3ZlcnNpb24iOiIxIn0=",
          "dependencies": [
            "aws_security_group.bastion-sg",
            "aws_security_group.lb",
            "aws_vpc.ecs_vpc"
          ]
        }
      ]
    },
    {
      "mode": "managed",
      "type": "aws_security_group",
      "name": "bastion-sg",
      "provider": "provider[\"registry.terraform.io/hashicorp/aws\"]",
      "instances": [
        {
          "schema_version": 1,
          "attributes": {
            "arn": "arn:aws:ec2:us-east-1:514072627411:security-group/sg-0a5df74e0723edbfb",
            "description": "Managed by Terraform",
            "egress": [
              {
                "cidr_blocks": [
                  "0.0.0.0/0"
                ],
                "description": "",
                "from_port": 0,
                "ipv6_cidr_blocks": [],
                "prefix_list_ids": [],
                "protocol": "-1",
                "security_groups": [],
                "self": false,
                "to_port": 0
              }
            ],
            "id": "sg-0a5df74e0723edbfb",
            "ingress": [
              {
                "cidr_blocks": [
                  "69.181.181.129/32"
                ],
                "description": "",
                "from_port": 22,
                "ipv6_cidr_blocks": [],
                "prefix_list_ids": [],
                "protocol": "tcp",
                "security_groups": [],
                "self": false,
                "to_port": 22
              }
            ],
            "name": "bastion-security-group",
            "name_prefix": "",
            "owner_id": "514072627411",
            "revoke_rules_on_delete": false,
            "tags": {},
            "tags_all": {},
            "timeouts": null,
            "vpc_id": "vpc-0eaebb0ac2ce017fe"
          },
          "sensitive_attributes": [],
          "private": "eyJlMmJmYjczMC1lY2FhLTExZTYtOGY4OC0zNDM2M2JjN2M0YzAiOnsiY3JlYXRlIjo2MDAwMDAwMDAwMDAsImRlbGV0ZSI6OTAwMDAwMDAwMDAwfSwic2NoZW1hX3ZlcnNpb24iOiIxIn0=",
          "dependencies": [
            "aws_vpc.ecs_vpc"
          ]
        }
      ]
    },
    {
      "mode": "managed",
      "type": "aws_security_group",
      "name": "ecs_backend_task",
      "provider": "provider[\"registry.terraform.io/hashicorp/aws\"]",
      "instances": [
        {
          "schema_version": 1,
          "attributes": {
            "arn": "arn:aws:ec2:us-east-1:514072627411:security-group/sg-0893619b8648d3f74",
            "description": "Allow from application gateway",
            "egress": [
              {
                "cidr_blocks": [
                  "0.0.0.0/0"
                ],
                "description": "",
                "from_port": 0,
                "ipv6_cidr_blocks": [],
                "prefix_list_ids": [],
                "protocol": "-1",
                "security_groups": [],
                "self": false,
                "to_port": 0
              }
            ],
            "id": "sg-0893619b8648d3f74",
            "ingress": [
              {
                "cidr_blocks": [],
                "description": "",
                "from_port": 3000,
                "ipv6_cidr_blocks": [],
                "prefix_list_ids": [],
                "protocol": "tcp",
                "security_groups": [
                  "sg-0945c3d139ef7cb0c",
                  "sg-0a5df74e0723edbfb",
                  "sg-0d861967a641e855d"
                ],
                "self": false,
                "to_port": 3000
              },
              {
                "cidr_blocks": [],
                "description": "",
                "from_port": 9901,
                "ipv6_cidr_blocks": [],
                "prefix_list_ids": [],
                "protocol": "tcp",
                "security_groups": [
                  "sg-0a5df74e0723edbfb",
                  "sg-0d861967a641e855d"
                ],
                "self": false,
                "to_port": 9901
              }
            ],
            "name": "vb-poc-backend",
            "name_prefix": "",
            "owner_id": "514072627411",
            "revoke_rules_on_delete": false,
            "tags": {},
            "tags_all": {},
            "timeouts": null,
            "vpc_id": "vpc-0eaebb0ac2ce017fe"
          },
          "sensitive_attributes": [],
          "private": "eyJlMmJmYjczMC1lY2FhLTExZTYtOGY4OC0zNDM2M2JjN2M0YzAiOnsiY3JlYXRlIjo2MDAwMDAwMDAwMDAsImRlbGV0ZSI6OTAwMDAwMDAwMDAwfSwic2NoZW1hX3ZlcnNpb24iOiIxIn0=",
          "dependencies": [
            "aws_security_group.lb",
            "aws_vpc.ecs_vpc",
            "aws_security_group.app_gateway",
            "aws_security_group.bastion-sg",
            "aws_security_group.ecs_frontend_task"
          ]
        }
      ]
    },
    {
      "mode": "managed",
      "type": "aws_security_group",
      "name": "ecs_frontend_task",
      "provider": "provider[\"registry.terraform.io/hashicorp/aws\"]",
      "instances": [
        {
          "schema_version": 1,
          "attributes": {
            "arn": "arn:aws:ec2:us-east-1:514072627411:security-group/sg-0945c3d139ef7cb0c",
            "description": "Allow from application gateway",
            "egress": [
              {
                "cidr_blocks": [
                  "0.0.0.0/0"
                ],
                "description": "",
                "from_port": 0,
                "ipv6_cidr_blocks": [],
                "prefix_list_ids": [],
                "protocol": "-1",
                "security_groups": [],
                "self": false,
                "to_port": 0
              }
            ],
            "id": "sg-0945c3d139ef7cb0c",
            "ingress": [
              {
                "cidr_blocks": [],
                "description": "",
                "from_port": 3000,
                "ipv6_cidr_blocks": [],
                "prefix_list_ids": [],
                "protocol": "tcp",
                "security_groups": [
                  "sg-0a5df74e0723edbfb",
                  "sg-0d861967a641e855d"
                ],
                "self": false,
                "to_port": 3000
              },
              {
                "cidr_blocks": [],
                "description": "",
                "from_port": 9901,
                "ipv6_cidr_blocks": [],
                "prefix_list_ids": [],
                "protocol": "tcp",
                "security_groups": [
                  "sg-0a5df74e0723edbfb"
                ],
                "self": false,
                "to_port": 9901
              }
            ],
            "name": "vb-poc-frontend",
            "name_prefix": "",
            "owner_id": "514072627411",
            "revoke_rules_on_delete": false,
            "tags": {},
            "tags_all": {},
            "timeouts": null,
            "vpc_id": "vpc-0eaebb0ac2ce017fe"
          },
          "sensitive_attributes": [],
          "private": "eyJlMmJmYjczMC1lY2FhLTExZTYtOGY4OC0zNDM2M2JjN2M0YzAiOnsiY3JlYXRlIjo2MDAwMDAwMDAwMDAsImRlbGV0ZSI6OTAwMDAwMDAwMDAwfSwic2NoZW1hX3ZlcnNpb24iOiIxIn0=",
          "dependencies": [
            "aws_security_group.app_gateway",
            "aws_security_group.bastion-sg",
            "aws_security_group.lb",
            "aws_vpc.ecs_vpc"
          ]
        }
      ]
    },
    {
      "mode": "managed",
      "type": "aws_security_group",
      "name": "lb",
      "provider": "provider[\"registry.terraform.io/hashicorp/aws\"]",
      "instances": [
        {
          "schema_version": 1,
          "attributes": {
            "arn": "arn:aws:ec2:us-east-1:514072627411:security-group/sg-03d1ac0fbe22263b1",
            "description": "controls access to the ALB",
            "egress": [
              {
                "cidr_blocks": [
                  "0.0.0.0/0"
                ],
                "description": "",
                "from_port": 0,
                "ipv6_cidr_blocks": [],
                "prefix_list_ids": [],
                "protocol": "-1",
                "security_groups": [],
                "self": false,
                "to_port": 0
              }
            ],
            "id": "sg-03d1ac0fbe22263b1",
            "ingress": [
              {
                "cidr_blocks": [
                  "69.181.181.129/32"
                ],
                "description": "",
                "from_port": 80,
                "ipv6_cidr_blocks": [],
                "prefix_list_ids": [],
                "protocol": "tcp",
                "security_groups": [],
                "self": false,
                "to_port": 80
              }
            ],
            "name": "vb-poc-alb",
            "name_prefix": "",
            "owner_id": "514072627411",
            "revoke_rules_on_delete": false,
            "tags": {},
            "tags_all": {},
            "timeouts": null,
            "vpc_id": "vpc-0eaebb0ac2ce017fe"
          },
          "sensitive_attributes": [],
          "private": "eyJlMmJmYjczMC1lY2FhLTExZTYtOGY4OC0zNDM2M2JjN2M0YzAiOnsiY3JlYXRlIjo2MDAwMDAwMDAwMDAsImRlbGV0ZSI6OTAwMDAwMDAwMDAwfSwic2NoZW1hX3ZlcnNpb24iOiIxIn0=",
          "dependencies": [
            "aws_vpc.ecs_vpc"
          ]
        }
      ]
    },
    {
      "mode": "managed",
      "type": "aws_service_discovery_private_dns_namespace",
      "name": "main",
      "provider": "provider[\"registry.terraform.io/hashicorp/aws\"]",
      "instances": [
        {
          "schema_version": 0,
          "attributes": {
            "arn": "arn:aws:servicediscovery:us-east-1:514072627411:namespace/ns-zl4t6dniguea4sxs",
            "description": "all services will be registered under this common namespace",
            "hosted_zone": "Z058793326CI8XDFQC3SG",
            "id": "ns-zl4t6dniguea4sxs",
            "name": "vb.local",
            "tags": {},
            "tags_all": {},
            "vpc": "vpc-0eaebb0ac2ce017fe"
          },
          "sensitive_attributes": [],
          "private": "bnVsbA==",
          "dependencies": [
            "aws_vpc.ecs_vpc"
          ]
        }
      ]
    },
    {
      "mode": "managed",
      "type": "aws_service_discovery_service",
      "name": "app_gateway",
      "provider": "provider[\"registry.terraform.io/hashicorp/aws\"]",
      "instances": [
        {
          "schema_version": 0,
          "attributes": {
            "arn": "arn:aws:servicediscovery:us-east-1:514072627411:service/srv-5gdrxyktki4dqmyq",
            "description": "",
            "dns_config": [
              {
                "dns_records": [
                  {
                    "ttl": 10,
                    "type": "A"
                  }
                ],
                "namespace_id": "ns-zl4t6dniguea4sxs",
                "routing_policy": "MULTIVALUE"
              }
            ],
            "force_destroy": false,
            "health_check_config": [],
            "health_check_custom_config": [
              {
                "failure_threshold": 1
              }
            ],
            "id": "srv-5gdrxyktki4dqmyq",
            "name": "gateway",
            "namespace_id": "ns-zl4t6dniguea4sxs",
            "tags": {},
            "tags_all": {}
          },
          "sensitive_attributes": [],
          "private": "bnVsbA==",
          "dependencies": [
            "aws_service_discovery_private_dns_namespace.main",
            "aws_vpc.ecs_vpc"
          ]
        }
      ]
    },
    {
      "mode": "managed",
      "type": "aws_service_discovery_service",
      "name": "backend",
      "provider": "provider[\"registry.terraform.io/hashicorp/aws\"]",
      "instances": [
        {
          "schema_version": 0,
          "attributes": {
            "arn": "arn:aws:servicediscovery:us-east-1:514072627411:service/srv-g6oiju6artyuflvj",
            "description": "",
            "dns_config": [
              {
                "dns_records": [
                  {
                    "ttl": 10,
                    "type": "A"
                  }
                ],
                "namespace_id": "ns-zl4t6dniguea4sxs",
                "routing_policy": "MULTIVALUE"
              }
            ],
            "force_destroy": false,
            "health_check_config": [],
            "health_check_custom_config": [
              {
                "failure_threshold": 1
              }
            ],
            "id": "srv-g6oiju6artyuflvj",
            "name": "backend",
            "namespace_id": "ns-zl4t6dniguea4sxs",
            "tags": {},
            "tags_all": {}
          },
          "sensitive_attributes": [],
          "private": "bnVsbA==",
          "dependencies": [
            "aws_vpc.ecs_vpc",
            "aws_service_discovery_private_dns_namespace.main"
          ]
        }
      ]
    },
    {
      "mode": "managed",
      "type": "aws_service_discovery_service",
      "name": "frontend",
      "provider": "provider[\"registry.terraform.io/hashicorp/aws\"]",
      "instances": [
        {
          "schema_version": 0,
          "attributes": {
            "arn": "arn:aws:servicediscovery:us-east-1:514072627411:service/srv-qaukpivp72lyo3qh",
            "description": "",
            "dns_config": [
              {
                "dns_records": [
                  {
                    "ttl": 10,
                    "type": "A"
                  }
                ],
                "namespace_id": "ns-zl4t6dniguea4sxs",
                "routing_policy": "MULTIVALUE"
              }
            ],
            "force_destroy": false,
            "health_check_config": [],
            "health_check_custom_config": [
              {
                "failure_threshold": 1
              }
            ],
            "id": "srv-qaukpivp72lyo3qh",
            "name": "frontend",
            "namespace_id": "ns-zl4t6dniguea4sxs",
            "tags": {},
            "tags_all": {}
          },
          "sensitive_attributes": [],
          "private": "bnVsbA==",
          "dependencies": [
            "aws_vpc.ecs_vpc",
            "aws_service_discovery_private_dns_namespace.main"
          ]
        }
      ]
    },
    {
      "mode": "managed",
      "type": "aws_subnet",
      "name": "private_ecs",
      "provider": "provider[\"registry.terraform.io/hashicorp/aws\"]",
      "instances": [
        {
          "index_key": 0,
          "schema_version": 1,
          "attributes": {
            "arn": "arn:aws:ec2:us-east-1:514072627411:subnet/subnet-0d48f8cdf6d68a3f3",
            "assign_ipv6_address_on_creation": false,
            "availability_zone": "us-east-1a",
            "availability_zone_id": "use1-az4",
            "cidr_block": "172.17.0.0/24",
            "customer_owned_ipv4_pool": "",
            "id": "subnet-0d48f8cdf6d68a3f3",
            "ipv6_cidr_block": "",
            "ipv6_cidr_block_association_id": "",
            "map_customer_owned_ip_on_launch": false,
            "map_public_ip_on_launch": false,
            "outpost_arn": "",
            "owner_id": "514072627411",
            "tags": {},
            "tags_all": {},
            "timeouts": null,
            "vpc_id": "vpc-0eaebb0ac2ce017fe"
          },
          "sensitive_attributes": [],
          "private": "eyJlMmJmYjczMC1lY2FhLTExZTYtOGY4OC0zNDM2M2JjN2M0YzAiOnsiY3JlYXRlIjo2MDAwMDAwMDAwMDAsImRlbGV0ZSI6MTIwMDAwMDAwMDAwMH0sInNjaGVtYV92ZXJzaW9uIjoiMSJ9",
          "dependencies": [
            "aws_vpc.ecs_vpc",
            "data.aws_availability_zones.available"
          ]
        },
        {
          "index_key": 1,
          "schema_version": 1,
          "attributes": {
            "arn": "arn:aws:ec2:us-east-1:514072627411:subnet/subnet-00ebf554e0f7dba95",
            "assign_ipv6_address_on_creation": false,
            "availability_zone": "us-east-1b",
            "availability_zone_id": "use1-az6",
            "cidr_block": "172.17.1.0/24",
            "customer_owned_ipv4_pool": "",
            "id": "subnet-00ebf554e0f7dba95",
            "ipv6_cidr_block": "",
            "ipv6_cidr_block_association_id": "",
            "map_customer_owned_ip_on_launch": false,
            "map_public_ip_on_launch": false,
            "outpost_arn": "",
            "owner_id": "514072627411",
            "tags": {},
            "tags_all": {},
            "timeouts": null,
            "vpc_id": "vpc-0eaebb0ac2ce017fe"
          },
          "sensitive_attributes": [],
          "private": "eyJlMmJmYjczMC1lY2FhLTExZTYtOGY4OC0zNDM2M2JjN2M0YzAiOnsiY3JlYXRlIjo2MDAwMDAwMDAwMDAsImRlbGV0ZSI6MTIwMDAwMDAwMDAwMH0sInNjaGVtYV92ZXJzaW9uIjoiMSJ9",
          "dependencies": [
            "aws_vpc.ecs_vpc",
            "data.aws_availability_zones.available"
          ]
        }
      ]
    },
    {
      "mode": "managed",
      "type": "aws_subnet",
      "name": "public_ecs",
      "provider": "provider[\"registry.terraform.io/hashicorp/aws\"]",
      "instances": [
        {
          "index_key": 0,
          "schema_version": 1,
          "attributes": {
            "arn": "arn:aws:ec2:us-east-1:514072627411:subnet/subnet-0233edeaac3b1dcd9",
            "assign_ipv6_address_on_creation": false,
            "availability_zone": "us-east-1a",
            "availability_zone_id": "use1-az4",
            "cidr_block": "172.17.2.0/24",
            "customer_owned_ipv4_pool": "",
            "id": "subnet-0233edeaac3b1dcd9",
            "ipv6_cidr_block": "",
            "ipv6_cidr_block_association_id": "",
            "map_customer_owned_ip_on_launch": false,
            "map_public_ip_on_launch": true,
            "outpost_arn": "",
            "owner_id": "514072627411",
            "tags": {},
            "tags_all": {},
            "timeouts": null,
            "vpc_id": "vpc-0eaebb0ac2ce017fe"
          },
          "sensitive_attributes": [],
          "private": "eyJlMmJmYjczMC1lY2FhLTExZTYtOGY4OC0zNDM2M2JjN2M0YzAiOnsiY3JlYXRlIjo2MDAwMDAwMDAwMDAsImRlbGV0ZSI6MTIwMDAwMDAwMDAwMH0sInNjaGVtYV92ZXJzaW9uIjoiMSJ9",
          "dependencies": [
            "aws_vpc.ecs_vpc",
            "data.aws_availability_zones.available"
          ]
        },
        {
          "index_key": 1,
          "schema_version": 1,
          "attributes": {
            "arn": "arn:aws:ec2:us-east-1:514072627411:subnet/subnet-062cc8341a279925f",
            "assign_ipv6_address_on_creation": false,
            "availability_zone": "us-east-1b",
            "availability_zone_id": "use1-az6",
            "cidr_block": "172.17.3.0/24",
            "customer_owned_ipv4_pool": "",
            "id": "subnet-062cc8341a279925f",
            "ipv6_cidr_block": "",
            "ipv6_cidr_block_association_id": "",
            "map_customer_owned_ip_on_launch": false,
            "map_public_ip_on_launch": true,
            "outpost_arn": "",
            "owner_id": "514072627411",
            "tags": {},
            "tags_all": {},
            "timeouts": null,
            "vpc_id": "vpc-0eaebb0ac2ce017fe"
          },
          "sensitive_attributes": [],
          "private": "eyJlMmJmYjczMC1lY2FhLTExZTYtOGY4OC0zNDM2M2JjN2M0YzAiOnsiY3JlYXRlIjo2MDAwMDAwMDAwMDAsImRlbGV0ZSI6MTIwMDAwMDAwMDAwMH0sInNjaGVtYV92ZXJzaW9uIjoiMSJ9",
          "dependencies": [
            "aws_vpc.ecs_vpc",
            "data.aws_availability_zones.available"
          ]
        }
      ]
    },
    {
      "mode": "managed",
      "type": "aws_vpc",
      "name": "ecs_vpc",
      "provider": "provider[\"registry.terraform.io/hashicorp/aws\"]",
      "instances": [
        {
          "schema_version": 1,
          "attributes": {
            "arn": "arn:aws:ec2:us-east-1:514072627411:vpc/vpc-0eaebb0ac2ce017fe",
            "assign_generated_ipv6_cidr_block": false,
            "cidr_block": "172.17.0.0/16",
            "default_network_acl_id": "acl-0208f27a704622220",
            "default_route_table_id": "rtb-02cddeb6e404ee7ed",
            "default_security_group_id": "sg-0c3d6328d25c1856d",
            "dhcp_options_id": "dopt-54167b2e",
            "enable_classiclink": false,
            "enable_classiclink_dns_support": false,
            "enable_dns_hostnames": true,
            "enable_dns_support": true,
            "id": "vpc-0eaebb0ac2ce017fe",
            "instance_tenancy": "default",
            "ipv6_association_id": "",
            "ipv6_cidr_block": "",
            "main_route_table_id": "rtb-02cddeb6e404ee7ed",
            "owner_id": "514072627411",
            "tags": {},
            "tags_all": {}
          },
          "sensitive_attributes": [],
          "private": "eyJzY2hlbWFfdmVyc2lvbiI6IjEifQ=="
        }
      ]
    }
  ]
}
